// !$*UTF8*$!
{
	archiveVersion = 1;
	classes = {
	};
	objectVersion = 56;
	objects = {

/* Begin PBXBuildFile section */
		71FD626929E848B900C6EC34 /* Info.plist in CopyFiles */ = {isa = PBXBuildFile; fileRef = B7BACF6129E25F4B006B065B /* Info.plist */; };
		71FD626A29E848B900C6EC34 /* add_file_to_project.rb in CopyFiles */ = {isa = PBXBuildFile; fileRef = B7BACF6029E25D03006B065B /* add_file_to_project.rb */; };
		71FD62B229EF75AC00C6EC34 /* plistHelper.swift in Sources */ = {isa = PBXBuildFile; fileRef = 71FD62B129EF75AC00C6EC34 /* plistHelper.swift */; };
		71FD62B329EF76BB00C6EC34 /* GPT-Info.plist in CopyFiles */ = {isa = PBXBuildFile; fileRef = 71FD62B029EF739900C6EC34 /* GPT-Info.plist */; };
		B70B44D429EAD61900C45773 /* Text.swift in Sources */ = {isa = PBXBuildFile; fileRef = B70B44D329EAD61900C45773 /* Text.swift */; };
		B70B44D629EAD85B00C45773 /* Files.swift in Sources */ = {isa = PBXBuildFile; fileRef = B70B44D529EAD85B00C45773 /* Files.swift */; };
		B70B44D829EAD91900C45773 /* GPT.swift in Sources */ = {isa = PBXBuildFile; fileRef = B70B44D729EAD91900C45773 /* GPT.swift */; };
		B70B44DB29EAF9B500C45773 /* Terminal.swift in Sources */ = {isa = PBXBuildFile; fileRef = B70B44DA29EAF9B500C45773 /* Terminal.swift */; };
		B70B44DD29EAFBFE00C45773 /* AsciiText.swift in Sources */ = {isa = PBXBuildFile; fileRef = B70B44DC29EAFBFE00C45773 /* AsciiText.swift */; };
		B70CF17C29F07ACD00993AAF /* Loding.swift in Sources */ = {isa = PBXBuildFile; fileRef = B70CF17B29F07ACD00993AAF /* Loding.swift */; };
		B70CF17E29F07E2400993AAF /* Globals.swift in Sources */ = {isa = PBXBuildFile; fileRef = B70CF17D29F07E2400993AAF /* Globals.swift */; };
		B70CF18029F08C7C00993AAF /* Regex.swift in Sources */ = {isa = PBXBuildFile; fileRef = B70CF17F29F08C7C00993AAF /* Regex.swift */; };
		B70CF18229F0980800993AAF /* SageWare.swift in Sources */ = {isa = PBXBuildFile; fileRef = B70CF18129F0980800993AAF /* SageWare.swift */; };
		B70CF18429F0985E00993AAF /* ApplescriptCommand.swift in Sources */ = {isa = PBXBuildFile; fileRef = B70CF18329F0985E00993AAF /* ApplescriptCommand.swift */; };
		B70FD6B729EBB3290099A0D1 /* SWWrapper.swift in Sources */ = {isa = PBXBuildFile; fileRef = B70FD6B629EBB3290099A0D1 /* SWWrapper.swift */; };
		B70FD6BA29EBB44D0099A0D1 /* AudioKit in Frameworks */ = {isa = PBXBuildFile; productRef = B70FD6B929EBB44D0099A0D1 /* AudioKit */; };
		B713384E29ED80F000020CC9 /* app_screenshot.applescript in Sources */ = {isa = PBXBuildFile; fileRef = B713384D29ED80F000020CC9 /* app_screenshot.applescript */; };
		B713384F29ED810200020CC9 /* app_screenshot.applescript in CopyFiles */ = {isa = PBXBuildFile; fileRef = B713384D29ED80F000020CC9 /* app_screenshot.applescript */; };
		B7139CE029E147910049ADE1 /* main.swift in Sources */ = {isa = PBXBuildFile; fileRef = B7139CDF29E147910049ADE1 /* main.swift */; };
		B719B22929ECB8AF003358C2 /* AEyes.swift in Sources */ = {isa = PBXBuildFile; fileRef = B719B22829ECB8AF003358C2 /* AEyes.swift */; };
		B719B22C29ECBA24003358C2 /* SwiftyTesseract in Frameworks */ = {isa = PBXBuildFile; productRef = B719B22B29ECBA24003358C2 /* SwiftyTesseract */; };
		B719B22E29ECC4B4003358C2 /* tessdata_fast-main in CopyFiles */ = {isa = PBXBuildFile; fileRef = B719B22D29ECBCC1003358C2 /* tessdata_fast-main */; };
		B74486DE29E79D7D002D1D5A /* Prompt.swift in Sources */ = {isa = PBXBuildFile; fileRef = B74486DD29E79D7C002D1D5A /* Prompt.swift */; };
		B74E620D29EFB61C0065DF88 /* StringSLug.swift in Sources */ = {isa = PBXBuildFile; fileRef = B74E620C29EFB61C0065DF88 /* StringSLug.swift */; };
		B74E620F29F03EB90065DF88 /* Config.swift in Sources */ = {isa = PBXBuildFile; fileRef = B74E620E29F03EB90065DF88 /* Config.swift */; };
		B75AFC4229EA7EF3003BA454 /* SpinnerThread.swift in Sources */ = {isa = PBXBuildFile; fileRef = B75AFC4129EA7EF3003BA454 /* SpinnerThread.swift */; };
		B75AFC4429EA8140003BA454 /* Input.swift in Sources */ = {isa = PBXBuildFile; fileRef = B75AFC4329EA8140003BA454 /* Input.swift */; };
		B768CE9629EB163800B8A9E4 /* AsciiAnimator.swift in Sources */ = {isa = PBXBuildFile; fileRef = B768CE9529EB157700B8A9E4 /* AsciiAnimator.swift */; };
		B768CE9829EB3EB300B8A9E4 /* AudioProcessor.swift in Sources */ = {isa = PBXBuildFile; fileRef = B768CE9729EB3EAF00B8A9E4 /* AudioProcessor.swift */; };
		B768CE9D29EB3F8500B8A9E4 /* AudioUnit.framework in Frameworks */ = {isa = PBXBuildFile; fileRef = B768CE9A29EB3F8500B8A9E4 /* AudioUnit.framework */; };
		B768CE9E29EB3F8500B8A9E4 /* AudioToolbox.framework in Frameworks */ = {isa = PBXBuildFile; fileRef = B768CE9B29EB3F8500B8A9E4 /* AudioToolbox.framework */; };
		B768CE9F29EB3F8500B8A9E4 /* AudioVideoBridging.framework in Frameworks */ = {isa = PBXBuildFile; fileRef = B768CE9C29EB3F8500B8A9E4 /* AudioVideoBridging.framework */; };
		B76BF95E29E4AF5400F6420E /* Utilities.swift in Sources */ = {isa = PBXBuildFile; fileRef = B76BF95D29E4AF5400F6420E /* Utilities.swift */; };
		B7717D2729EFA56D005141AB /* AssisAI.swift in Sources */ = {isa = PBXBuildFile; fileRef = B7717D2529EFA56D005141AB /* AssisAI.swift */; };
		B7717D2929EFA625005141AB /* Googler.swift in Sources */ = {isa = PBXBuildFile; fileRef = B7717D2829EFA624005141AB /* Googler.swift */; };
		B775BF7929EB7A81007FA7AE /* Command.swift in Sources */ = {isa = PBXBuildFile; fileRef = B775BF7829EB78B0007FA7AE /* Command.swift */; };
		B78AC0F329EE1A9400BC7227 /* PromptLibrary.swift in Sources */ = {isa = PBXBuildFile; fileRef = B78AC0F229EE1A9400BC7227 /* PromptLibrary.swift */; };
		B791552D29EDBB0300DE34FC /* Speak.swift in Sources */ = {isa = PBXBuildFile; fileRef = B791552C29EDBB0300DE34FC /* Speak.swift */; };
		B7B40F8629E4AC5300D2DDFC /* XcodeCommand.swift in Sources */ = {isa = PBXBuildFile; fileRef = B7B40F8529E4AC5300D2DDFC /* XcodeCommand.swift */; };
		B7CB60B229F184F3006BFF8D /* WrapSoup.swift in Sources */ = {isa = PBXBuildFile; fileRef = B7CB60B129F184F3006BFF8D /* WrapSoup.swift */; };
		B7CB60B429F1884F006BFF8D /* Linker.swift in Sources */ = {isa = PBXBuildFile; fileRef = B7CB60B329F1884F006BFF8D /* Linker.swift */; };
		B7D2FD3229F18202003EBCA9 /* SwiftSoup in Frameworks */ = {isa = PBXBuildFile; productRef = B7D2FD3129F18202003EBCA9 /* SwiftSoup */; };
		B7D6517529EC847E00ED8BAE /* ggml.c in Sources */ = {isa = PBXBuildFile; fileRef = B7D6517029EC847E00ED8BAE /* ggml.c */; };
		B7D6517929EC85F200ED8BAE /* whisper.MYFILE.cpp in Sources */ = {isa = PBXBuildFile; fileRef = B7D6517829EC85F200ED8BAE /* whisper.MYFILE.cpp */; };
		B7D6518129EC88EF00ED8BAE /* ggml-base.en.bin in CopyFiles */ = {isa = PBXBuildFile; fileRef = B7D6517C29EC88D200ED8BAE /* ggml-base.en.bin */; };
		B7D6518429EC88EF00ED8BAE /* ggml-medium.en.bin in CopyFiles */ = {isa = PBXBuildFile; fileRef = B7D6517D29EC88D200ED8BAE /* ggml-medium.en.bin */; };
		B7D6518529EC88EF00ED8BAE /* ggml-small.en.bin in CopyFiles */ = {isa = PBXBuildFile; fileRef = B7D6517F29EC88D200ED8BAE /* ggml-small.en.bin */; };
		B7E15E6E29E6F8920056A325 /* Xcodegen.swift in Sources */ = {isa = PBXBuildFile; fileRef = B7E15E6D29E6F8920056A325 /* Xcodegen.swift */; };
		B7E576C429EBE6B300CB6A10 /* LibWhisper.swift in Sources */ = {isa = PBXBuildFile; fileRef = B7E576C329EBE6B300CB6A10 /* LibWhisper.swift */; };
/* End PBXBuildFile section */

/* Begin PBXCopyFilesBuildPhase section */
		B7139CDA29E147910049ADE1 /* CopyFiles */ = {
			isa = PBXCopyFilesBuildPhase;
			buildActionMask = 12;
			dstPath = "";
			dstSubfolderSpec = 16;
			files = (
				71FD62B329EF76BB00C6EC34 /* GPT-Info.plist in CopyFiles */,
				B713384F29ED810200020CC9 /* app_screenshot.applescript in CopyFiles */,
				B719B22E29ECC4B4003358C2 /* tessdata_fast-main in CopyFiles */,
				B7D6518129EC88EF00ED8BAE /* ggml-base.en.bin in CopyFiles */,
				B7D6518429EC88EF00ED8BAE /* ggml-medium.en.bin in CopyFiles */,
				B7D6518529EC88EF00ED8BAE /* ggml-small.en.bin in CopyFiles */,
				71FD626929E848B900C6EC34 /* Info.plist in CopyFiles */,
				71FD626A29E848B900C6EC34 /* add_file_to_project.rb in CopyFiles */,
			);
			runOnlyForDeploymentPostprocessing = 0;
		};
/* End PBXCopyFilesBuildPhase section */

/* Begin PBXFileReference section */
		71FD62B029EF739900C6EC34 /* GPT-Info.plist */ = {isa = PBXFileReference; lastKnownFileType = text.plist.xml; path = "GPT-Info.plist"; sourceTree = "<group>"; };
		71FD62B129EF75AC00C6EC34 /* plistHelper.swift */ = {isa = PBXFileReference; lastKnownFileType = sourcecode.swift; path = plistHelper.swift; sourceTree = "<group>"; };
		B70153F229E996D900B6152E /* Swifty-GPT-App.swiftpm */ = {isa = PBXFileReference; lastKnownFileType = wrapper; path = "Swifty-GPT-App.swiftpm"; sourceTree = "<group>"; };
		B70B44D329EAD61900C45773 /* Text.swift */ = {isa = PBXFileReference; lastKnownFileType = sourcecode.swift; path = Text.swift; sourceTree = "<group>"; };
		B70B44D529EAD85B00C45773 /* Files.swift */ = {isa = PBXFileReference; lastKnownFileType = sourcecode.swift; path = Files.swift; sourceTree = "<group>"; };
		B70B44D729EAD91900C45773 /* GPT.swift */ = {isa = PBXFileReference; lastKnownFileType = sourcecode.swift; path = GPT.swift; sourceTree = "<group>"; };
		B70B44D929EAF0E400C45773 /* physicsSceneOutput.txt */ = {isa = PBXFileReference; lastKnownFileType = text; path = physicsSceneOutput.txt; sourceTree = "<group>"; };
		B70B44DA29EAF9B500C45773 /* Terminal.swift */ = {isa = PBXFileReference; lastKnownFileType = sourcecode.swift; path = Terminal.swift; sourceTree = "<group>"; };
		B70B44DC29EAFBFE00C45773 /* AsciiText.swift */ = {isa = PBXFileReference; lastKnownFileType = sourcecode.swift; path = AsciiText.swift; sourceTree = "<group>"; };
		B70CF17B29F07ACD00993AAF /* Loding.swift */ = {isa = PBXFileReference; lastKnownFileType = sourcecode.swift; path = Loding.swift; sourceTree = "<group>"; };
		B70CF17D29F07E2400993AAF /* Globals.swift */ = {isa = PBXFileReference; lastKnownFileType = sourcecode.swift; path = Globals.swift; sourceTree = "<group>"; };
		B70CF17F29F08C7C00993AAF /* Regex.swift */ = {isa = PBXFileReference; lastKnownFileType = sourcecode.swift; path = Regex.swift; sourceTree = "<group>"; };
		B70CF18129F0980800993AAF /* SageWare.swift */ = {isa = PBXFileReference; lastKnownFileType = sourcecode.swift; path = SageWare.swift; sourceTree = "<group>"; };
		B70CF18329F0985E00993AAF /* ApplescriptCommand.swift */ = {isa = PBXFileReference; lastKnownFileType = sourcecode.swift; path = ApplescriptCommand.swift; sourceTree = "<group>"; };
		B70FD6B629EBB3290099A0D1 /* SWWrapper.swift */ = {isa = PBXFileReference; lastKnownFileType = sourcecode.swift; path = SWWrapper.swift; sourceTree = "<group>"; };
		B713384D29ED80F000020CC9 /* app_screenshot.applescript */ = {isa = PBXFileReference; fileEncoding = 4; lastKnownFileType = sourcecode.applescript; path = app_screenshot.applescript; sourceTree = "<group>"; };
		B7139CDC29E147910049ADE1 /* Swifty-GPT */ = {isa = PBXFileReference; explicitFileType = "compiled.mach-o.executable"; includeInIndex = 0; path = "Swifty-GPT"; sourceTree = BUILT_PRODUCTS_DIR; };
		B7139CDF29E147910049ADE1 /* main.swift */ = {isa = PBXFileReference; lastKnownFileType = sourcecode.swift; path = main.swift; sourceTree = "<group>"; };
		B7139CE729E1EDBA0049ADE1 /* Swifty-GPT.entitlements */ = {isa = PBXFileReference; lastKnownFileType = text.plist.entitlements; path = "Swifty-GPT.entitlements"; sourceTree = "<group>"; };
		B719B22829ECB8AF003358C2 /* AEyes.swift */ = {isa = PBXFileReference; lastKnownFileType = sourcecode.swift; path = AEyes.swift; sourceTree = "<group>"; };
		B719B22D29ECBCC1003358C2 /* tessdata_fast-main */ = {isa = PBXFileReference; lastKnownFileType = folder; name = "tessdata_fast-main"; path = "Model/tessdata_fast-main"; sourceTree = "<group>"; };
		B72CDF7129E72E3E0041D704 /* dots_boxes_prompt.txt */ = {isa = PBXFileReference; lastKnownFileType = text; path = dots_boxes_prompt.txt; sourceTree = "<group>"; };
		B740F56529E7B891007ADED8 /* CommonErrors.txt */ = {isa = PBXFileReference; lastKnownFileType = text; path = CommonErrors.txt; sourceTree = "<group>"; };
		B74486DD29E79D7C002D1D5A /* Prompt.swift */ = {isa = PBXFileReference; lastKnownFileType = sourcecode.swift; path = Prompt.swift; sourceTree = "<group>"; };
		B74E620C29EFB61C0065DF88 /* StringSLug.swift */ = {isa = PBXFileReference; lastKnownFileType = sourcecode.swift; path = StringSLug.swift; sourceTree = "<group>"; };
		B74E620E29F03EB90065DF88 /* Config.swift */ = {isa = PBXFileReference; lastKnownFileType = sourcecode.swift; path = Config.swift; sourceTree = "<group>"; };
		B75AFC4029EA7207003BA454 /* lsystem_output */ = {isa = PBXFileReference; lastKnownFileType = text; path = lsystem_output; sourceTree = "<group>"; };
		B75AFC4129EA7EF3003BA454 /* SpinnerThread.swift */ = {isa = PBXFileReference; lastKnownFileType = sourcecode.swift; path = SpinnerThread.swift; sourceTree = "<group>"; };
		B75AFC4329EA8140003BA454 /* Input.swift */ = {isa = PBXFileReference; lastKnownFileType = sourcecode.swift; path = Input.swift; sourceTree = "<group>"; };
		B768CE9529EB157700B8A9E4 /* AsciiAnimator.swift */ = {isa = PBXFileReference; lastKnownFileType = sourcecode.swift; path = AsciiAnimator.swift; sourceTree = "<group>"; };
		B768CE9729EB3EAF00B8A9E4 /* AudioProcessor.swift */ = {isa = PBXFileReference; lastKnownFileType = sourcecode.swift; path = AudioProcessor.swift; sourceTree = "<group>"; };
		B768CE9A29EB3F8500B8A9E4 /* AudioUnit.framework */ = {isa = PBXFileReference; lastKnownFileType = wrapper.framework; name = AudioUnit.framework; path = System/Library/Frameworks/AudioUnit.framework; sourceTree = SDKROOT; };
		B768CE9B29EB3F8500B8A9E4 /* AudioToolbox.framework */ = {isa = PBXFileReference; lastKnownFileType = wrapper.framework; name = AudioToolbox.framework; path = System/Library/Frameworks/AudioToolbox.framework; sourceTree = SDKROOT; };
		B768CE9C29EB3F8500B8A9E4 /* AudioVideoBridging.framework */ = {isa = PBXFileReference; lastKnownFileType = wrapper.framework; name = AudioVideoBridging.framework; path = System/Library/Frameworks/AudioVideoBridging.framework; sourceTree = SDKROOT; };
		B76BF95C29E4AD2800F6420E /* example_output.txt */ = {isa = PBXFileReference; lastKnownFileType = text; path = example_output.txt; sourceTree = "<group>"; };
		B76BF95D29E4AF5400F6420E /* Utilities.swift */ = {isa = PBXFileReference; lastKnownFileType = sourcecode.swift; path = Utilities.swift; sourceTree = "<group>"; };
		B7717D2529EFA56D005141AB /* AssisAI.swift */ = {isa = PBXFileReference; fileEncoding = 4; lastKnownFileType = sourcecode.swift; path = AssisAI.swift; sourceTree = "<group>"; };
		B7717D2829EFA624005141AB /* Googler.swift */ = {isa = PBXFileReference; fileEncoding = 4; lastKnownFileType = sourcecode.swift; path = Googler.swift; sourceTree = "<group>"; };
		B775BF7829EB78B0007FA7AE /* Command.swift */ = {isa = PBXFileReference; lastKnownFileType = sourcecode.swift; path = Command.swift; sourceTree = "<group>"; };
		B78AC0F229EE1A9400BC7227 /* PromptLibrary.swift */ = {isa = PBXFileReference; lastKnownFileType = sourcecode.swift; path = PromptLibrary.swift; sourceTree = "<group>"; };
		B791552C29EDBB0300DE34FC /* Speak.swift */ = {isa = PBXFileReference; fileEncoding = 4; lastKnownFileType = sourcecode.swift; path = Speak.swift; sourceTree = "<group>"; };
		B7A4404929E7438A00E7C065 /* example_mandlebrot_output.txt */ = {isa = PBXFileReference; fileEncoding = 4; lastKnownFileType = text; path = example_mandlebrot_output.txt; sourceTree = "<group>"; };
		B7A4404B29E749CB00E7C065 /* createAppWithLibary_output.txt */ = {isa = PBXFileReference; lastKnownFileType = text; path = createAppWithLibary_output.txt; sourceTree = "<group>"; };
		B7B40F8529E4AC5300D2DDFC /* XcodeCommand.swift */ = {isa = PBXFileReference; lastKnownFileType = sourcecode.swift; path = XcodeCommand.swift; sourceTree = "<group>"; };
		B7BACF6029E25D03006B065B /* add_file_to_project.rb */ = {isa = PBXFileReference; lastKnownFileType = text.script.ruby; path = add_file_to_project.rb; sourceTree = "<group>"; };
		B7BACF6129E25F4B006B065B /* Info.plist */ = {isa = PBXFileReference; lastKnownFileType = text.plist.xml; path = Info.plist; sourceTree = "<group>"; };
		B7CB60B129F184F3006BFF8D /* WrapSoup.swift */ = {isa = PBXFileReference; lastKnownFileType = sourcecode.swift; path = WrapSoup.swift; sourceTree = "<group>"; };
		B7CB60B329F1884F006BFF8D /* Linker.swift */ = {isa = PBXFileReference; lastKnownFileType = sourcecode.swift; path = Linker.swift; sourceTree = "<group>"; };
		B7D6517029EC847E00ED8BAE /* ggml.c */ = {isa = PBXFileReference; lastKnownFileType = sourcecode.c.c; path = ggml.c; sourceTree = "<group>"; };
		B7D6517129EC847E00ED8BAE /* ggml.h */ = {isa = PBXFileReference; lastKnownFileType = sourcecode.c.h; path = ggml.h; sourceTree = "<group>"; };
		B7D6517329EC847E00ED8BAE /* whisper.h */ = {isa = PBXFileReference; lastKnownFileType = sourcecode.c.h; path = whisper.h; sourceTree = "<group>"; };
		B7D6517829EC85F200ED8BAE /* whisper.MYFILE.cpp */ = {isa = PBXFileReference; fileEncoding = 4; lastKnownFileType = sourcecode.cpp.cpp; path = whisper.MYFILE.cpp; sourceTree = "<group>"; };
		B7D6517C29EC88D200ED8BAE /* ggml-base.en.bin */ = {isa = PBXFileReference; lastKnownFileType = archive.macbinary; name = "ggml-base.en.bin"; path = "Model/ggml-base.en.bin"; sourceTree = "<group>"; };
		B7D6517D29EC88D200ED8BAE /* ggml-medium.en.bin */ = {isa = PBXFileReference; lastKnownFileType = archive.macbinary; name = "ggml-medium.en.bin"; path = "Model/ggml-medium.en.bin"; sourceTree = "<group>"; };
		B7D6517E29EC88D200ED8BAE /* ggml-large.bin */ = {isa = PBXFileReference; lastKnownFileType = archive.macbinary; name = "ggml-large.bin"; path = "Model/ggml-large.bin"; sourceTree = "<group>"; };
		B7D6517F29EC88D200ED8BAE /* ggml-small.en.bin */ = {isa = PBXFileReference; lastKnownFileType = archive.macbinary; name = "ggml-small.en.bin"; path = "Model/ggml-small.en.bin"; sourceTree = "<group>"; };
		B7D6518029EC88D200ED8BAE /* ggml-large-v1.bin */ = {isa = PBXFileReference; lastKnownFileType = archive.macbinary; name = "ggml-large-v1.bin"; path = "Model/ggml-large-v1.bin"; sourceTree = "<group>"; };
		B7E15E6D29E6F8920056A325 /* Xcodegen.swift */ = {isa = PBXFileReference; lastKnownFileType = sourcecode.swift; path = Xcodegen.swift; sourceTree = "<group>"; };
		B7E576C329EBE6B300CB6A10 /* LibWhisper.swift */ = {isa = PBXFileReference; fileEncoding = 4; lastKnownFileType = sourcecode.swift; path = LibWhisper.swift; sourceTree = "<group>"; };
		B7E576C629EBE74200CB6A10 /* Swifty-GPT-Bridging-Header.h */ = {isa = PBXFileReference; lastKnownFileType = sourcecode.c.h; path = "Swifty-GPT-Bridging-Header.h"; sourceTree = "<group>"; };
/* End PBXFileReference section */

/* Begin PBXFrameworksBuildPhase section */
		B7139CD929E147910049ADE1 /* Frameworks */ = {
			isa = PBXFrameworksBuildPhase;
			buildActionMask = 2147483647;
			files = (
				B768CE9D29EB3F8500B8A9E4 /* AudioUnit.framework in Frameworks */,
				B768CE9F29EB3F8500B8A9E4 /* AudioVideoBridging.framework in Frameworks */,
				B719B22C29ECBA24003358C2 /* SwiftyTesseract in Frameworks */,
				B70FD6BA29EBB44D0099A0D1 /* AudioKit in Frameworks */,
				B768CE9E29EB3F8500B8A9E4 /* AudioToolbox.framework in Frameworks */,
				B7D2FD3229F18202003EBCA9 /* SwiftSoup in Frameworks */,
			);
			runOnlyForDeploymentPostprocessing = 0;
		};
/* End PBXFrameworksBuildPhase section */

/* Begin PBXGroup section */
		B7139CD329E147910049ADE1 = {
			isa = PBXGroup;
			children = (
				B70153F229E996D900B6152E /* Swifty-GPT-App.swiftpm */,
				B7139CDE29E147910049ADE1 /* Swifty-GPT */,
				B7139CDD29E147910049ADE1 /* Products */,
				B768CE9929EB3F8500B8A9E4 /* Frameworks */,
			);
			sourceTree = "<group>";
		};
		B7139CDD29E147910049ADE1 /* Products */ = {
			isa = PBXGroup;
			children = (
				B7139CDC29E147910049ADE1 /* Swifty-GPT */,
			);
			name = Products;
			sourceTree = "<group>";
		};
		B7139CDE29E147910049ADE1 /* Swifty-GPT */ = {
			isa = PBXGroup;
			children = (
				B7BACF6029E25D03006B065B /* add_file_to_project.rb */,
				B719B22829ECB8AF003358C2 /* AEyes.swift */,
				B713384D29ED80F000020CC9 /* app_screenshot.applescript */,
				B70CF18329F0985E00993AAF /* ApplescriptCommand.swift */,
				B768CE9529EB157700B8A9E4 /* AsciiAnimator.swift */,
				B70B44DC29EAFBFE00C45773 /* AsciiText.swift */,
				B7717D2529EFA56D005141AB /* AssisAI.swift */,
				B768CE9729EB3EAF00B8A9E4 /* AudioProcessor.swift */,
				B775BF7829EB78B0007FA7AE /* Command.swift */,
				B74E620E29F03EB90065DF88 /* Config.swift */,
				B7A4404A29E7499000E7C065 /* exampleOutput */,
				B70B44D529EAD85B00C45773 /* Files.swift */,
				B7D6517029EC847E00ED8BAE /* ggml.c */,
				B7D6517129EC847E00ED8BAE /* ggml.h */,
				B70CF17D29F07E2400993AAF /* Globals.swift */,
				B7717D2829EFA624005141AB /* Googler.swift */,
				71FD62B029EF739900C6EC34 /* GPT-Info.plist */,
				B70B44D729EAD91900C45773 /* GPT.swift */,
				B7BACF6129E25F4B006B065B /* Info.plist */,
				B75AFC4329EA8140003BA454 /* Input.swift */,
				B7E576C329EBE6B300CB6A10 /* LibWhisper.swift */,
				B70CF17B29F07ACD00993AAF /* Loding.swift */,
				B7139CDF29E147910049ADE1 /* main.swift */,
				B7D6517B29EC88C000ED8BAE /* MOdel */,
				71FD62B129EF75AC00C6EC34 /* plistHelper.swift */,
				B74486DD29E79D7C002D1D5A /* Prompt.swift */,
				B78AC0F229EE1A9400BC7227 /* PromptLibrary.swift */,
				B70CF17F29F08C7C00993AAF /* Regex.swift */,
				B70CF18129F0980800993AAF /* SageWare.swift */,
				B791552C29EDBB0300DE34FC /* Speak.swift */,
				B75AFC4129EA7EF3003BA454 /* SpinnerThread.swift */,
				B74E620C29EFB61C0065DF88 /* StringSLug.swift */,
				B7E576C629EBE74200CB6A10 /* Swifty-GPT-Bridging-Header.h */,
				B7139CE729E1EDBA0049ADE1 /* Swifty-GPT.entitlements */,
				B70FD6B629EBB3290099A0D1 /* SWWrapper.swift */,
				B70B44DA29EAF9B500C45773 /* Terminal.swift */,
				B70B44D329EAD61900C45773 /* Text.swift */,
				B76BF95D29E4AF5400F6420E /* Utilities.swift */,
				B7D6517329EC847E00ED8BAE /* whisper.h */,
				B7D6517829EC85F200ED8BAE /* whisper.MYFILE.cpp */,
				B7B40F8529E4AC5300D2DDFC /* XcodeCommand.swift */,
				B7E15E6D29E6F8920056A325 /* Xcodegen.swift */,
				B7CB60B129F184F3006BFF8D /* WrapSoup.swift */,
				B7CB60B329F1884F006BFF8D /* Linker.swift */,
			);
			path = "Swifty-GPT";
			sourceTree = "<group>";
		};
		B768CE9929EB3F8500B8A9E4 /* Frameworks */ = {
			isa = PBXGroup;
			children = (
				B768CE9B29EB3F8500B8A9E4 /* AudioToolbox.framework */,
				B768CE9A29EB3F8500B8A9E4 /* AudioUnit.framework */,
				B768CE9C29EB3F8500B8A9E4 /* AudioVideoBridging.framework */,
			);
			name = Frameworks;
			sourceTree = "<group>";
		};
		B7A4404A29E7499000E7C065 /* exampleOutput */ = {
			isa = PBXGroup;
			children = (
				B72CDF7129E72E3E0041D704 /* dots_boxes_prompt.txt */,
				B740F56529E7B891007ADED8 /* CommonErrors.txt */,
				B70B44D929EAF0E400C45773 /* physicsSceneOutput.txt */,
				B7A4404B29E749CB00E7C065 /* createAppWithLibary_output.txt */,
				B7A4404929E7438A00E7C065 /* example_mandlebrot_output.txt */,
				B76BF95C29E4AD2800F6420E /* example_output.txt */,
				B75AFC4029EA7207003BA454 /* lsystem_output */,
			);
			path = exampleOutput;
			sourceTree = "<group>";
		};
		B7D6517B29EC88C000ED8BAE /* MOdel */ = {
			isa = PBXGroup;
			children = (
				B719B22D29ECBCC1003358C2 /* tessdata_fast-main */,
				B7D6517C29EC88D200ED8BAE /* ggml-base.en.bin */,
				B7D6518029EC88D200ED8BAE /* ggml-large-v1.bin */,
				B7D6517E29EC88D200ED8BAE /* ggml-large.bin */,
				B7D6517D29EC88D200ED8BAE /* ggml-medium.en.bin */,
				B7D6517F29EC88D200ED8BAE /* ggml-small.en.bin */,
			);
			name = MOdel;
			sourceTree = "<group>";
		};
/* End PBXGroup section */

/* Begin PBXNativeTarget section */
		B7139CDB29E147910049ADE1 /* Swifty-GPT */ = {
			isa = PBXNativeTarget;
			buildConfigurationList = B7139CE329E147910049ADE1 /* Build configuration list for PBXNativeTarget "Swifty-GPT" */;
			buildPhases = (
				B7139CD829E147910049ADE1 /* Sources */,
				B7139CD929E147910049ADE1 /* Frameworks */,
				B7139CDA29E147910049ADE1 /* CopyFiles */,
			);
			buildRules = (
			);
			dependencies = (
			);
			name = "Swifty-GPT";
			packageProductDependencies = (
				B70FD6B929EBB44D0099A0D1 /* AudioKit */,
				B719B22B29ECBA24003358C2 /* SwiftyTesseract */,
				B7D2FD3129F18202003EBCA9 /* SwiftSoup */,
			);
			productName = "Swifty-GPT";
			productReference = B7139CDC29E147910049ADE1 /* Swifty-GPT */;
			productType = "com.apple.product-type.tool";
		};
/* End PBXNativeTarget section */

/* Begin PBXProject section */
		B7139CD429E147910049ADE1 /* Project object */ = {
			isa = PBXProject;
			attributes = {
				BuildIndependentTargetsInParallel = 1;
				LastSwiftUpdateCheck = 1430;
				LastUpgradeCheck = 1430;
				TargetAttributes = {
					B7139CDB29E147910049ADE1 = {
						CreatedOnToolsVersion = 14.3;
						LastSwiftMigration = 1430;
					};
				};
			};
			buildConfigurationList = B7139CD729E147910049ADE1 /* Build configuration list for PBXProject "Swifty-GPT" */;
			compatibilityVersion = "Xcode 14.0";
			developmentRegion = en;
			hasScannedForEncodings = 0;
			knownRegions = (
				en,
				Base,
			);
			mainGroup = B7139CD329E147910049ADE1;
			packageReferences = (
				B70FD6B829EBB44D0099A0D1 /* XCRemoteSwiftPackageReference "AudioKit" */,
				B719B22A29ECBA24003358C2 /* XCRemoteSwiftPackageReference "SwiftyTesseract" */,
				B7D2FD3029F18202003EBCA9 /* XCRemoteSwiftPackageReference "SwiftSoup" */,
			);
			productRefGroup = B7139CDD29E147910049ADE1 /* Products */;
			projectDirPath = "";
			projectRoot = "";
			targets = (
				B7139CDB29E147910049ADE1 /* Swifty-GPT */,
			);
		};
/* End PBXProject section */

/* Begin PBXSourcesBuildPhase section */
		B7139CD829E147910049ADE1 /* Sources */ = {
			isa = PBXSourcesBuildPhase;
			buildActionMask = 2147483647;
			files = (
				B70FD6B729EBB3290099A0D1 /* SWWrapper.swift in Sources */,
				B70B44DD29EAFBFE00C45773 /* AsciiText.swift in Sources */,
				B75AFC4229EA7EF3003BA454 /* SpinnerThread.swift in Sources */,
				B713384E29ED80F000020CC9 /* app_screenshot.applescript in Sources */,
				B70B44D429EAD61900C45773 /* Text.swift in Sources */,
				B70CF18429F0985E00993AAF /* ApplescriptCommand.swift in Sources */,
				B7E576C429EBE6B300CB6A10 /* LibWhisper.swift in Sources */,
				B74E620D29EFB61C0065DF88 /* StringSLug.swift in Sources */,
				B76BF95E29E4AF5400F6420E /* Utilities.swift in Sources */,
				B70CF17E29F07E2400993AAF /* Globals.swift in Sources */,
				71FD62B229EF75AC00C6EC34 /* plistHelper.swift in Sources */,
				B7717D2729EFA56D005141AB /* AssisAI.swift in Sources */,
				B7D6517929EC85F200ED8BAE /* whisper.MYFILE.cpp in Sources */,
				B7139CE029E147910049ADE1 /* main.swift in Sources */,
				B791552D29EDBB0300DE34FC /* Speak.swift in Sources */,
				B7E15E6E29E6F8920056A325 /* Xcodegen.swift in Sources */,
				B7717D2929EFA625005141AB /* Googler.swift in Sources */,
				B7CB60B429F1884F006BFF8D /* Linker.swift in Sources */,
				B775BF7929EB7A81007FA7AE /* Command.swift in Sources */,
				B7D6517529EC847E00ED8BAE /* ggml.c in Sources */,
				B74E620F29F03EB90065DF88 /* Config.swift in Sources */,
				B7B40F8629E4AC5300D2DDFC /* XcodeCommand.swift in Sources */,
				B768CE9829EB3EB300B8A9E4 /* AudioProcessor.swift in Sources */,
				B719B22929ECB8AF003358C2 /* AEyes.swift in Sources */,
				B78AC0F329EE1A9400BC7227 /* PromptLibrary.swift in Sources */,
				B70B44D629EAD85B00C45773 /* Files.swift in Sources */,
				B70CF18229F0980800993AAF /* SageWare.swift in Sources */,
				B75AFC4429EA8140003BA454 /* Input.swift in Sources */,
				B70CF18029F08C7C00993AAF /* Regex.swift in Sources */,
				B70B44DB29EAF9B500C45773 /* Terminal.swift in Sources */,
				B70B44D829EAD91900C45773 /* GPT.swift in Sources */,
				B7CB60B229F184F3006BFF8D /* WrapSoup.swift in Sources */,
				B768CE9629EB163800B8A9E4 /* AsciiAnimator.swift in Sources */,
				B74486DE29E79D7D002D1D5A /* Prompt.swift in Sources */,
				B70CF17C29F07ACD00993AAF /* Loding.swift in Sources */,
			);
			runOnlyForDeploymentPostprocessing = 0;
		};
/* End PBXSourcesBuildPhase section */

/* Begin XCBuildConfiguration section */
		B7139CE129E147910049ADE1 /* Debug */ = {
			isa = XCBuildConfiguration;
			buildSettings = {
				ALWAYS_SEARCH_USER_PATHS = NO;
				CLANG_ANALYZER_NONNULL = YES;
				CLANG_ANALYZER_NUMBER_OBJECT_CONVERSION = YES_AGGRESSIVE;
				CLANG_CXX_LANGUAGE_STANDARD = "gnu++20";
				CLANG_ENABLE_MODULES = YES;
				CLANG_ENABLE_OBJC_ARC = YES;
				CLANG_ENABLE_OBJC_WEAK = YES;
				CLANG_WARN_BLOCK_CAPTURE_AUTORELEASING = YES;
				CLANG_WARN_BOOL_CONVERSION = YES;
				CLANG_WARN_COMMA = YES;
				CLANG_WARN_CONSTANT_CONVERSION = YES;
				CLANG_WARN_DEPRECATED_OBJC_IMPLEMENTATIONS = YES;
				CLANG_WARN_DIRECT_OBJC_ISA_USAGE = YES_ERROR;
				CLANG_WARN_DOCUMENTATION_COMMENTS = YES;
				CLANG_WARN_EMPTY_BODY = YES;
				CLANG_WARN_ENUM_CONVERSION = YES;
				CLANG_WARN_INFINITE_RECURSION = YES;
				CLANG_WARN_INT_CONVERSION = YES;
				CLANG_WARN_NON_LITERAL_NULL_CONVERSION = YES;
				CLANG_WARN_OBJC_IMPLICIT_RETAIN_SELF = YES;
				CLANG_WARN_OBJC_LITERAL_CONVERSION = YES;
				CLANG_WARN_OBJC_ROOT_CLASS = YES_ERROR;
				CLANG_WARN_QUOTED_INCLUDE_IN_FRAMEWORK_HEADER = YES;
				CLANG_WARN_RANGE_LOOP_ANALYSIS = YES;
				CLANG_WARN_STRICT_PROTOTYPES = YES;
				CLANG_WARN_SUSPICIOUS_MOVE = YES;
				CLANG_WARN_UNGUARDED_AVAILABILITY = YES_AGGRESSIVE;
				CLANG_WARN_UNREACHABLE_CODE = YES;
				CLANG_WARN__DUPLICATE_METHOD_MATCH = YES;
				COPY_PHASE_STRIP = NO;
				DEBUG_INFORMATION_FORMAT = dwarf;
				ENABLE_STRICT_OBJC_MSGSEND = YES;
				ENABLE_TESTABILITY = YES;
				GCC_C_LANGUAGE_STANDARD = gnu11;
				GCC_DYNAMIC_NO_PIC = NO;
				GCC_NO_COMMON_BLOCKS = YES;
				GCC_OPTIMIZATION_LEVEL = 0;
				GCC_PREPROCESSOR_DEFINITIONS = (
					"DEBUG=1",
					"$(inherited)",
				);
				GCC_WARN_64_TO_32_BIT_CONVERSION = YES;
				GCC_WARN_ABOUT_RETURN_TYPE = YES_ERROR;
				GCC_WARN_UNDECLARED_SELECTOR = YES;
				GCC_WARN_UNINITIALIZED_AUTOS = YES_AGGRESSIVE;
				GCC_WARN_UNUSED_FUNCTION = YES;
				GCC_WARN_UNUSED_VARIABLE = YES;
				INFOPLIST_FILE = "Swifty-GPT/Info.plist";
				INFOPLIST_KEY_NSMicrophoneUsageDescription = "Uses your microphone to capture your voice commands";
				MACOSX_DEPLOYMENT_TARGET = 13.2;
				MTL_ENABLE_DEBUG_INFO = INCLUDE_SOURCE;
				MTL_FAST_MATH = YES;
				ONLY_ACTIVE_ARCH = YES;
				SDKROOT = macosx;
				SWIFT_ACTIVE_COMPILATION_CONDITIONS = DEBUG;
				SWIFT_OPTIMIZATION_LEVEL = "-Onone";
			};
			name = Debug;
		};
		B7139CE229E147910049ADE1 /* Release */ = {
			isa = XCBuildConfiguration;
			buildSettings = {
				ALWAYS_SEARCH_USER_PATHS = NO;
				CLANG_ANALYZER_NONNULL = YES;
				CLANG_ANALYZER_NUMBER_OBJECT_CONVERSION = YES_AGGRESSIVE;
				CLANG_CXX_LANGUAGE_STANDARD = "gnu++20";
				CLANG_ENABLE_MODULES = YES;
				CLANG_ENABLE_OBJC_ARC = YES;
				CLANG_ENABLE_OBJC_WEAK = YES;
				CLANG_WARN_BLOCK_CAPTURE_AUTORELEASING = YES;
				CLANG_WARN_BOOL_CONVERSION = YES;
				CLANG_WARN_COMMA = YES;
				CLANG_WARN_CONSTANT_CONVERSION = YES;
				CLANG_WARN_DEPRECATED_OBJC_IMPLEMENTATIONS = YES;
				CLANG_WARN_DIRECT_OBJC_ISA_USAGE = YES_ERROR;
				CLANG_WARN_DOCUMENTATION_COMMENTS = YES;
				CLANG_WARN_EMPTY_BODY = YES;
				CLANG_WARN_ENUM_CONVERSION = YES;
				CLANG_WARN_INFINITE_RECURSION = YES;
				CLANG_WARN_INT_CONVERSION = YES;
				CLANG_WARN_NON_LITERAL_NULL_CONVERSION = YES;
				CLANG_WARN_OBJC_IMPLICIT_RETAIN_SELF = YES;
				CLANG_WARN_OBJC_LITERAL_CONVERSION = YES;
				CLANG_WARN_OBJC_ROOT_CLASS = YES_ERROR;
				CLANG_WARN_QUOTED_INCLUDE_IN_FRAMEWORK_HEADER = YES;
				CLANG_WARN_RANGE_LOOP_ANALYSIS = YES;
				CLANG_WARN_STRICT_PROTOTYPES = YES;
				CLANG_WARN_SUSPICIOUS_MOVE = YES;
				CLANG_WARN_UNGUARDED_AVAILABILITY = YES_AGGRESSIVE;
				CLANG_WARN_UNREACHABLE_CODE = YES;
				CLANG_WARN__DUPLICATE_METHOD_MATCH = YES;
				COPY_PHASE_STRIP = NO;
				DEBUG_INFORMATION_FORMAT = "dwarf-with-dsym";
				ENABLE_NS_ASSERTIONS = NO;
				ENABLE_STRICT_OBJC_MSGSEND = YES;
				GCC_C_LANGUAGE_STANDARD = gnu11;
				GCC_NO_COMMON_BLOCKS = YES;
				GCC_WARN_64_TO_32_BIT_CONVERSION = YES;
				GCC_WARN_ABOUT_RETURN_TYPE = YES_ERROR;
				GCC_WARN_UNDECLARED_SELECTOR = YES;
				GCC_WARN_UNINITIALIZED_AUTOS = YES_AGGRESSIVE;
				GCC_WARN_UNUSED_FUNCTION = YES;
				GCC_WARN_UNUSED_VARIABLE = YES;
				INFOPLIST_FILE = "Swifty-GPT/Info.plist";
				INFOPLIST_KEY_NSMicrophoneUsageDescription = "Uses your microphone to capture your voice commands";
				MACOSX_DEPLOYMENT_TARGET = 13.2;
				MTL_ENABLE_DEBUG_INFO = NO;
				MTL_FAST_MATH = YES;
				SDKROOT = macosx;
				SWIFT_COMPILATION_MODE = wholemodule;
				SWIFT_OPTIMIZATION_LEVEL = "-O";
			};
			name = Release;
		};
		B7139CE429E147910049ADE1 /* Debug */ = {
			isa = XCBuildConfiguration;
			buildSettings = {
				CLANG_ENABLE_MODULES = YES;
				CODE_SIGN_ENTITLEMENTS = "Swifty-GPT/Swifty-GPTDebug.entitlements";
				CODE_SIGN_IDENTITY = "-";
				"CODE_SIGN_IDENTITY[sdk=macosx*]" = "Apple Development";
				CODE_SIGN_STYLE = Automatic;
				CURRENT_PROJECT_VERSION = 1;
				DEVELOPMENT_TEAM = 72WEN2C47N;
				ENABLE_APP_SANDBOX = NO;
				ENABLE_HARDENED_RUNTIME = YES;
				ENABLE_USER_SCRIPT_SANDBOXING = YES;
				ENABLE_USER_SELECTED_FILES = readwrite;
				INFOPLIST_FILE = "$(SRCROOT)/Swifty-GPT/Info.plist";
				INFOPLIST_KEY_NSAppleEventsUsageDescription = "Uses apple events to control your computer";
				INFOPLIST_KEY_NSSpeechRecognitionUsageDescription = "Uses Speech recognition so you can talk to the robots";
				MARKETING_VERSION = 1.0;
				PRODUCT_BUNDLE_IDENTIFIER = com.chrisswiftygpt.app;
				PRODUCT_NAME = "$(TARGET_NAME)";
				SWIFT_OBJC_BRIDGING_HEADER = "Swifty-GPT/Swifty-GPT-Bridging-Header.h";
				SWIFT_OPTIMIZATION_LEVEL = "-Onone";
				SWIFT_VERSION = 5.0;
			};
			name = Debug;
		};
		B7139CE529E147910049ADE1 /* Release */ = {
			isa = XCBuildConfiguration;
			buildSettings = {
				CLANG_ENABLE_MODULES = YES;
				CODE_SIGN_ENTITLEMENTS = "Swifty-GPT/Swifty-GPT.entitlements";
				CODE_SIGN_IDENTITY = "-";
				"CODE_SIGN_IDENTITY[sdk=macosx*]" = "Apple Development";
				CODE_SIGN_STYLE = Automatic;
				CURRENT_PROJECT_VERSION = 1;
				DEVELOPMENT_TEAM = 72WEN2C47N;
				ENABLE_APP_SANDBOX = NO;
				ENABLE_HARDENED_RUNTIME = YES;
				ENABLE_USER_SCRIPT_SANDBOXING = YES;
				ENABLE_USER_SELECTED_FILES = readwrite;
				INFOPLIST_FILE = "$(SRCROOT)/Swifty-GPT/Info.plist";
				INFOPLIST_KEY_NSAppleEventsUsageDescription = "Uses apple events to control your computer";
				INFOPLIST_KEY_NSSpeechRecognitionUsageDescription = "Uses Speech recognition so you can talk to the robots";
				MARKETING_VERSION = 1.0;
				PRODUCT_BUNDLE_IDENTIFIER = com.chrisswiftygpt.app;
				PRODUCT_NAME = "$(TARGET_NAME)";
				SWIFT_OBJC_BRIDGING_HEADER = "Swifty-GPT/Swifty-GPT-Bridging-Header.h";
				SWIFT_VERSION = 5.0;
			};
			name = Release;
		};
/* End XCBuildConfiguration section */

/* Begin XCConfigurationList section */
		B7139CD729E147910049ADE1 /* Build configuration list for PBXProject "Swifty-GPT" */ = {
			isa = XCConfigurationList;
			buildConfigurations = (
				B7139CE129E147910049ADE1 /* Debug */,
				B7139CE229E147910049ADE1 /* Release */,
			);
			defaultConfigurationIsVisible = 0;
			defaultConfigurationName = Release;
		};
		B7139CE329E147910049ADE1 /* Build configuration list for PBXNativeTarget "Swifty-GPT" */ = {
			isa = XCConfigurationList;
			buildConfigurations = (
				B7139CE429E147910049ADE1 /* Debug */,
				B7139CE529E147910049ADE1 /* Release */,
			);
			defaultConfigurationIsVisible = 0;
			defaultConfigurationName = Release;
		};
/* End XCConfigurationList section */

/* Begin XCRemoteSwiftPackageReference section */
		B70FD6B829EBB44D0099A0D1 /* XCRemoteSwiftPackageReference "AudioKit" */ = {
			isa = XCRemoteSwiftPackageReference;
			repositoryURL = "https://github.com/AudioKit/AudioKit.git";
			requirement = {
				branch = main;
				kind = branch;
			};
		};
		B719B22A29ECBA24003358C2 /* XCRemoteSwiftPackageReference "SwiftyTesseract" */ = {
			isa = XCRemoteSwiftPackageReference;
			repositoryURL = "https://github.com/SwiftyTesseract/SwiftyTesseract.git";
			requirement = {
				branch = develop;
				kind = branch;
			};
		};
		B7D2FD3029F18202003EBCA9 /* XCRemoteSwiftPackageReference "SwiftSoup" */ = {
			isa = XCRemoteSwiftPackageReference;
			repositoryURL = "https://github.com/scinfu/SwiftSoup.git";
			requirement = {
				branch = master;
				kind = branch;
			};
		};
/* End XCRemoteSwiftPackageReference section */

/* Begin XCSwiftPackageProductDependency section */
		B70FD6B929EBB44D0099A0D1 /* AudioKit */ = {
			isa = XCSwiftPackageProductDependency;
			package = B70FD6B829EBB44D0099A0D1 /* XCRemoteSwiftPackageReference "AudioKit" */;
			productName = AudioKit;
		};
		B719B22B29ECBA24003358C2 /* SwiftyTesseract */ = {
			isa = XCSwiftPackageProductDependency;
			package = B719B22A29ECBA24003358C2 /* XCRemoteSwiftPackageReference "SwiftyTesseract" */;
			productName = SwiftyTesseract;
		};
		B7D2FD3129F18202003EBCA9 /* SwiftSoup */ = {
			isa = XCSwiftPackageProductDependency;
			package = B7D2FD3029F18202003EBCA9 /* XCRemoteSwiftPackageReference "SwiftSoup" */;
			productName = SwiftSoup;
		};
/* End XCSwiftPackageProductDependency section */
	};
	rootObject = B7139CD429E147910049ADE1 /* Project object */;
}
