{
  "pins" : [
    {
      "identity" : "swiftsoup",
      "kind" : "remoteSourceControl",
      "location" : "https://github.com/scinfu/SwiftSoup.git",
      "state" : {
        "branch" : "master",
        "revision" : "8b6cf29eead8841a1fa7822481cb3af4ddaadba6"
      }
    }
  ],
  "version" : 2
}
