// !$*UTF8*$!
{
	archiveVersion = 1;
	classes = {
	};
	objectVersion = 56;
	objects = {

/* Begin PBXBuildFile section */
		B73580B229F3B34B00291393 /* MacSageAppApp.swift in Sources */ = {isa = PBXBuildFile; fileRef = B73580B129F3B34B00291393 /* MacSageAppApp.swift */; };
		B73580B429F3B34B00291393 /* ContentView.swift in Sources */ = {isa = PBXBuildFile; fileRef = B73580B329F3B34B00291393 /* ContentView.swift */; };
		B73580B629F3B34C00291393 /* Assets.xcassets in Resources */ = {isa = PBXBuildFile; fileRef = B73580B529F3B34C00291393 /* Assets.xcassets */; };
		B73580C129F3B3EA00291393 /* Info.plist in Resources */ = {isa = PBXBuildFile; fileRef = B73580C029F3B3EA00291393 /* Info.plist */; };
		B73580C929F3B4CB00291393 /* main.swift in Sources */ = {isa = PBXBuildFile; fileRef = B73580C829F3B4CB00291393 /* main.swift */; };
		B73580D129F3B77E00291393 /* GeneratedPath.swift in Sources */ = {isa = PBXBuildFile; fileRef = B73580D029F3B77E00291393 /* GeneratedPath.swift */; };
/* End PBXBuildFile section */

/* Begin PBXContainerItemProxy section */
		B73580CD29F3B57900291393 /* PBXContainerItemProxy */ = {
			isa = PBXContainerItemProxy;
			containerPortal = B73580A629F3B34B00291393 /* Project object */;
			proxyType = 1;
			remoteGlobalIDString = B73580C529F3B4CB00291393;
			remoteInfo = SwiftSageStatusBar;
		};
/* End PBXContainerItemProxy section */

/* Begin PBXCopyFilesBuildPhase section */
		B73580C429F3B4CB00291393 /* CopyFiles */ = {
			isa = PBXCopyFilesBuildPhase;
			buildActionMask = 2147483647;
			dstPath = /usr/share/man/man1/;
			dstSubfolderSpec = 0;
			files = (
			);
			runOnlyForDeploymentPostprocessing = 1;
		};
/* End PBXCopyFilesBuildPhase section */

/* Begin PBXFileReference section */
		B73580AE29F3B34B00291393 /* MacSageApp.app */ = {isa = PBXFileReference; explicitFileType = wrapper.application; includeInIndex = 0; path = MacSageApp.app; sourceTree = BUILT_PRODUCTS_DIR; };
		B73580B129F3B34B00291393 /* MacSageAppApp.swift */ = {isa = PBXFileReference; lastKnownFileType = sourcecode.swift; path = MacSageAppApp.swift; sourceTree = "<group>"; };
		B73580B329F3B34B00291393 /* ContentView.swift */ = {isa = PBXFileReference; lastKnownFileType = sourcecode.swift; path = ContentView.swift; sourceTree = "<group>"; };
		B73580B529F3B34C00291393 /* Assets.xcassets */ = {isa = PBXFileReference; lastKnownFileType = folder.assetcatalog; path = Assets.xcassets; sourceTree = "<group>"; };
		B73580BA29F3B34C00291393 /* MacSageApp.entitlements */ = {isa = PBXFileReference; lastKnownFileType = text.plist.entitlements; path = MacSageApp.entitlements; sourceTree = "<group>"; };
		B73580C029F3B3EA00291393 /* Info.plist */ = {isa = PBXFileReference; lastKnownFileType = text.plist; path = Info.plist; sourceTree = SOURCE_ROOT; };
		B73580C629F3B4CB00291393 /* SwiftSageStatusBar */ = {isa = PBXFileReference; explicitFileType = "compiled.mach-o.executable"; includeInIndex = 0; path = SwiftSageStatusBar; sourceTree = BUILT_PRODUCTS_DIR; };
		B73580C829F3B4CB00291393 /* main.swift */ = {isa = PBXFileReference; lastKnownFileType = sourcecode.swift; path = main.swift; sourceTree = "<group>"; };
		B73580D029F3B77E00291393 /* GeneratedPath.swift */ = {isa = PBXFileReference; fileEncoding = 4; lastKnownFileType = sourcecode.swift; path = GeneratedPath.swift; sourceTree = SOURCE_ROOT; };
/* End PBXFileReference section */

/* Begin PBXFrameworksBuildPhase section */
		B73580AB29F3B34B00291393 /* Frameworks */ = {
			isa = PBXFrameworksBuildPhase;
			buildActionMask = 2147483647;
			files = (
			);
			runOnlyForDeploymentPostprocessing = 0;
		};
		B73580C329F3B4CB00291393 /* Frameworks */ = {
			isa = PBXFrameworksBuildPhase;
			buildActionMask = 2147483647;
			files = (
			);
			runOnlyForDeploymentPostprocessing = 0;
		};
/* End PBXFrameworksBuildPhase section */

/* Begin PBXGroup section */
		B73580A529F3B34B00291393 = {
			isa = PBXGroup;
			children = (
				B73580B029F3B34B00291393 /* MacSageApp */,
				B73580C729F3B4CB00291393 /* SwiftSageStatusBar */,
				B73580AF29F3B34B00291393 /* Products */,
			);
			sourceTree = "<group>";
		};
		B73580AF29F3B34B00291393 /* Products */ = {
			isa = PBXGroup;
			children = (
				B73580AE29F3B34B00291393 /* MacSageApp.app */,
				B73580C629F3B4CB00291393 /* SwiftSageStatusBar */,
			);
			name = Products;
			sourceTree = "<group>";
		};
		B73580B029F3B34B00291393 /* MacSageApp */ = {
			isa = PBXGroup;
			children = (
				B73580D029F3B77E00291393 /* GeneratedPath.swift */,
				B73580C029F3B3EA00291393 /* Info.plist */,
				B73580B129F3B34B00291393 /* MacSageAppApp.swift */,
				B73580B329F3B34B00291393 /* ContentView.swift */,
				B73580B529F3B34C00291393 /* Assets.xcassets */,
				B73580BA29F3B34C00291393 /* MacSageApp.entitlements */,
			);
			path = MacSageApp;
			sourceTree = "<group>";
		};
		B73580C729F3B4CB00291393 /* SwiftSageStatusBar */ = {
			isa = PBXGroup;
			children = (
				B73580C829F3B4CB00291393 /* main.swift */,
			);
			path = SwiftSageStatusBar;
			sourceTree = "<group>";
		};
/* End PBXGroup section */

/* Begin PBXNativeTarget section */
		B73580AD29F3B34B00291393 /* MacSageApp */ = {
			isa = PBXNativeTarget;
			buildConfigurationList = B73580BD29F3B34C00291393 /* Build configuration list for PBXNativeTarget "MacSageApp" */;
			buildPhases = (
				B73580AA29F3B34B00291393 /* Sources */,
				B73580AB29F3B34B00291393 /* Frameworks */,
				B73580AC29F3B34B00291393 /* Resources */,
				B73580CF29F3B6EC00291393 /* ShellScript */,
			);
			buildRules = (
			);
			dependencies = (
				B73580CE29F3B57900291393 /* PBXTargetDependency */,
			);
			name = MacSageApp;
			productName = MacSageApp;
			productReference = B73580AE29F3B34B00291393 /* MacSageApp.app */;
			productType = "com.apple.product-type.application";
		};
		B73580C529F3B4CB00291393 /* SwiftSageStatusBar */ = {
			isa = PBXNativeTarget;
			buildConfigurationList = B73580CA29F3B4CB00291393 /* Build configuration list for PBXNativeTarget "SwiftSageStatusBar" */;
			buildPhases = (
				B73580C229F3B4CB00291393 /* Sources */,
				B73580C329F3B4CB00291393 /* Frameworks */,
				B73580C429F3B4CB00291393 /* CopyFiles */,
			);
			buildRules = (
			);
			dependencies = (
			);
			name = SwiftSageStatusBar;
			productName = SwiftSageStatusBar;
			productReference = B73580C629F3B4CB00291393 /* SwiftSageStatusBar */;
			productType = "com.apple.product-type.tool";
		};
/* End PBXNativeTarget section */

/* Begin PBXProject section */
		B73580A629F3B34B00291393 /* Project object */ = {
			isa = PBXProject;
			attributes = {
				BuildIndependentTargetsInParallel = 1;
				LastSwiftUpdateCheck = 1430;
				LastUpgradeCheck = 1430;
				TargetAttributes = {
					B73580AD29F3B34B00291393 = {
						CreatedOnToolsVersion = 14.3;
					};
					B73580C529F3B4CB00291393 = {
						CreatedOnToolsVersion = 14.3;
					};
				};
			};
			buildConfigurationList = B73580A929F3B34B00291393 /* Build configuration list for PBXProject "MacSageApp" */;
			compatibilityVersion = "Xcode 14.0";
			developmentRegion = en;
			hasScannedForEncodings = 0;
			knownRegions = (
				en,
				Base,
			);
			mainGroup = B73580A529F3B34B00291393;
			productRefGroup = B73580AF29F3B34B00291393 /* Products */;
			projectDirPath = "";
			projectRoot = "";
			targets = (
				B73580AD29F3B34B00291393 /* MacSageApp */,
				B73580C529F3B4CB00291393 /* SwiftSageStatusBar */,
			);
		};
/* End PBXProject section */

/* Begin PBXResourcesBuildPhase section */
		B73580AC29F3B34B00291393 /* Resources */ = {
			isa = PBXResourcesBuildPhase;
			buildActionMask = 2147483647;
			files = (
				B73580C129F3B3EA00291393 /* Info.plist in Resources */,
				B73580B629F3B34C00291393 /* Assets.xcassets in Resources */,
			);
			runOnlyForDeploymentPostprocessing = 0;
		};
/* End PBXResourcesBuildPhase section */

/* Begin PBXShellScriptBuildPhase section */
		B73580CF29F3B6EC00291393 /* ShellScript */ = {
			isa = PBXShellScriptBuildPhase;
			buildActionMask = 2147483647;
			files = (
			);
			inputFileListPaths = (
			);
			inputPaths = (
			);
			outputFileListPaths = (
			);
			outputPaths = (
			);
			runOnlyForDeploymentPostprocessing = 0;
			shellPath = /bin/sh;
			shellScript = "# Type a script or drag a script file from your workspace to insert its path.\ngenerated_path_file=\"${SRCROOT}/GeneratedPath.swift\"\necho \"import Foundation\" > \"$generated_path_file\"\necho \"let commandLineToolExecutablePath = \\\"${BUILT_PRODUCTS_DIR}/${CONFIGURATION}/myCommandLineTool\\\"\" >> \"$generated_path_file\"\n";
		};
/* End PBXShellScriptBuildPhase section */

/* Begin PBXSourcesBuildPhase section */
		B73580AA29F3B34B00291393 /* Sources */ = {
			isa = PBXSourcesBuildPhase;
			buildActionMask = 2147483647;
			files = (
				B73580B429F3B34B00291393 /* ContentView.swift in Sources */,
				B73580B229F3B34B00291393 /* MacSageAppApp.swift in Sources */,
				B73580D129F3B77E00291393 /* GeneratedPath.swift in Sources */,
			);
			runOnlyForDeploymentPostprocessing = 0;
		};
		B73580C229F3B4CB00291393 /* Sources */ = {
			isa = PBXSourcesBuildPhase;
			buildActionMask = 2147483647;
			files = (
				B73580C929F3B4CB00291393 /* main.swift in Sources */,
			);
			runOnlyForDeploymentPostprocessing = 0;
		};
/* End PBXSourcesBuildPhase section */

/* Begin PBXTargetDependency section */
		B73580CE29F3B57900291393 /* PBXTargetDependency */ = {
			isa = PBXTargetDependency;
			target = B73580C529F3B4CB00291393 /* SwiftSageStatusBar */;
			targetProxy = B73580CD29F3B57900291393 /* PBXContainerItemProxy */;
		};
/* End PBXTargetDependency section */

/* Begin XCBuildConfiguration section */
		B73580BB29F3B34C00291393 /* Debug */ = {
			isa = XCBuildConfiguration;
			buildSettings = {
				ALWAYS_SEARCH_USER_PATHS = NO;
				CLANG_ANALYZER_NONNULL = YES;
				CLANG_ANALYZER_NUMBER_OBJECT_CONVERSION = YES_AGGRESSIVE;
				CLANG_CXX_LANGUAGE_STANDARD = "gnu++20";
				CLANG_ENABLE_MODULES = YES;
				CLANG_ENABLE_OBJC_ARC = YES;
				CLANG_ENABLE_OBJC_WEAK = YES;
				CLANG_WARN_BLOCK_CAPTURE_AUTORELEASING = YES;
				CLANG_WARN_BOOL_CONVERSION = YES;
				CLANG_WARN_COMMA = YES;
				CLANG_WARN_CONSTANT_CONVERSION = YES;
				CLANG_WARN_DEPRECATED_OBJC_IMPLEMENTATIONS = YES;
				CLANG_WARN_DIRECT_OBJC_ISA_USAGE = YES_ERROR;
				CLANG_WARN_DOCUMENTATION_COMMENTS = YES;
				CLANG_WARN_EMPTY_BODY = YES;
				CLANG_WARN_ENUM_CONVERSION = YES;
				CLANG_WARN_INFINITE_RECURSION = YES;
				CLANG_WARN_INT_CONVERSION = YES;
				CLANG_WARN_NON_LITERAL_NULL_CONVERSION = YES;
				CLANG_WARN_OBJC_IMPLICIT_RETAIN_SELF = YES;
				CLANG_WARN_OBJC_LITERAL_CONVERSION = YES;
				CLANG_WARN_OBJC_ROOT_CLASS = YES_ERROR;
				CLANG_WARN_QUOTED_INCLUDE_IN_FRAMEWORK_HEADER = YES;
				CLANG_WARN_RANGE_LOOP_ANALYSIS = YES;
				CLANG_WARN_STRICT_PROTOTYPES = YES;
				CLANG_WARN_SUSPICIOUS_MOVE = YES;
				CLANG_WARN_UNGUARDED_AVAILABILITY = YES_AGGRESSIVE;
				CLANG_WARN_UNREACHABLE_CODE = YES;
				CLANG_WARN__DUPLICATE_METHOD_MATCH = YES;
				COPY_PHASE_STRIP = NO;
				DEBUG_INFORMATION_FORMAT = dwarf;
				ENABLE_STRICT_OBJC_MSGSEND = YES;
				ENABLE_TESTABILITY = YES;
				GCC_C_LANGUAGE_STANDARD = gnu11;
				GCC_DYNAMIC_NO_PIC = NO;
				GCC_NO_COMMON_BLOCKS = YES;
				GCC_OPTIMIZATION_LEVEL = 0;
				GCC_PREPROCESSOR_DEFINITIONS = (
					"DEBUG=1",
					"$(inherited)",
				);
				GCC_WARN_64_TO_32_BIT_CONVERSION = YES;
				GCC_WARN_ABOUT_RETURN_TYPE = YES_ERROR;
				GCC_WARN_UNDECLARED_SELECTOR = YES;
				GCC_WARN_UNINITIALIZED_AUTOS = YES_AGGRESSIVE;
				GCC_WARN_UNUSED_FUNCTION = YES;
				GCC_WARN_UNUSED_VARIABLE = YES;
				MACOSX_DEPLOYMENT_TARGET = 13.3;
				MTL_ENABLE_DEBUG_INFO = INCLUDE_SOURCE;
				MTL_FAST_MATH = YES;
				ONLY_ACTIVE_ARCH = YES;
				SDKROOT = macosx;
				SWIFT_ACTIVE_COMPILATION_CONDITIONS = DEBUG;
				SWIFT_OPTIMIZATION_LEVEL = "-Onone";
			};
			name = Debug;
		};
		B73580BC29F3B34C00291393 /* Release */ = {
			isa = XCBuildConfiguration;
			buildSettings = {
				ALWAYS_SEARCH_USER_PATHS = NO;
				CLANG_ANALYZER_NONNULL = YES;
				CLANG_ANALYZER_NUMBER_OBJECT_CONVERSION = YES_AGGRESSIVE;
				CLANG_CXX_LANGUAGE_STANDARD = "gnu++20";
				CLANG_ENABLE_MODULES = YES;
				CLANG_ENABLE_OBJC_ARC = YES;
				CLANG_ENABLE_OBJC_WEAK = YES;
				CLANG_WARN_BLOCK_CAPTURE_AUTORELEASING = YES;
				CLANG_WARN_BOOL_CONVERSION = YES;
				CLANG_WARN_COMMA = YES;
				CLANG_WARN_CONSTANT_CONVERSION = YES;
				CLANG_WARN_DEPRECATED_OBJC_IMPLEMENTATIONS = YES;
				CLANG_WARN_DIRECT_OBJC_ISA_USAGE = YES_ERROR;
				CLANG_WARN_DOCUMENTATION_COMMENTS = YES;
				CLANG_WARN_EMPTY_BODY = YES;
				CLANG_WARN_ENUM_CONVERSION = YES;
				CLANG_WARN_INFINITE_RECURSION = YES;
				CLANG_WARN_INT_CONVERSION = YES;
				CLANG_WARN_NON_LITERAL_NULL_CONVERSION = YES;
				CLANG_WARN_OBJC_IMPLICIT_RETAIN_SELF = YES;
				CLANG_WARN_OBJC_LITERAL_CONVERSION = YES;
				CLANG_WARN_OBJC_ROOT_CLASS = YES_ERROR;
				CLANG_WARN_QUOTED_INCLUDE_IN_FRAMEWORK_HEADER = YES;
				CLANG_WARN_RANGE_LOOP_ANALYSIS = YES;
				CLANG_WARN_STRICT_PROTOTYPES = YES;
				CLANG_WARN_SUSPICIOUS_MOVE = YES;
				CLANG_WARN_UNGUARDED_AVAILABILITY = YES_AGGRESSIVE;
				CLANG_WARN_UNREACHABLE_CODE = YES;
				CLANG_WARN__DUPLICATE_METHOD_MATCH = YES;
				COPY_PHASE_STRIP = NO;
				DEBUG_INFORMATION_FORMAT = "dwarf-with-dsym";
				ENABLE_NS_ASSERTIONS = NO;
				ENABLE_STRICT_OBJC_MSGSEND = YES;
				GCC_C_LANGUAGE_STANDARD = gnu11;
				GCC_NO_COMMON_BLOCKS = YES;
				GCC_WARN_64_TO_32_BIT_CONVERSION = YES;
				GCC_WARN_ABOUT_RETURN_TYPE = YES_ERROR;
				GCC_WARN_UNDECLARED_SELECTOR = YES;
				GCC_WARN_UNINITIALIZED_AUTOS = YES_AGGRESSIVE;
				GCC_WARN_UNUSED_FUNCTION = YES;
				GCC_WARN_UNUSED_VARIABLE = YES;
				MACOSX_DEPLOYMENT_TARGET = 13.3;
				MTL_ENABLE_DEBUG_INFO = NO;
				MTL_FAST_MATH = YES;
				SDKROOT = macosx;
				SWIFT_COMPILATION_MODE = wholemodule;
				SWIFT_OPTIMIZATION_LEVEL = "-O";
			};
			name = Release;
		};
		B73580BE29F3B34C00291393 /* Debug */ = {
			isa = XCBuildConfiguration;
			buildSettings = {
				ASSETCATALOG_COMPILER_APPICON_NAME = AppIcon;
				ASSETCATALOG_COMPILER_GLOBAL_ACCENT_COLOR_NAME = AccentColor;
				CODE_SIGN_ENTITLEMENTS = MacSageApp/MacSageApp.entitlements;
				CODE_SIGN_STYLE = Automatic;
				COMBINE_HIDPI_IMAGES = YES;
				CURRENT_PROJECT_VERSION = 1;
				DEVELOPMENT_ASSET_PATHS = "";
				DEVELOPMENT_TEAM = 72WEN2C47N;
				ENABLE_HARDENED_RUNTIME = YES;
				ENABLE_PREVIEWS = YES;
				GENERATE_INFOPLIST_FILE = YES;
				INFOPLIST_KEY_CFBundleDisplayName = SwiftSage;
				INFOPLIST_KEY_LSApplicationCategoryType = "public.app-category.developer-tools";
				INFOPLIST_KEY_NSHumanReadableCopyright = "";
				LD_RUNPATH_SEARCH_PATHS = (
					"$(inherited)",
					"@executable_path/../Frameworks",
				);
				MARKETING_VERSION = 1.0;
				PRODUCT_BUNDLE_IDENTIFIER = chrisswiftygpt.MacSageApp;
				PRODUCT_NAME = "$(TARGET_NAME)";
				SWIFT_EMIT_LOC_STRINGS = YES;
				SWIFT_VERSION = 5.0;
			};
			name = Debug;
		};
		B73580BF29F3B34C00291393 /* Release */ = {
			isa = XCBuildConfiguration;
			buildSettings = {
				ASSETCATALOG_COMPILER_APPICON_NAME = AppIcon;
				ASSETCATALOG_COMPILER_GLOBAL_ACCENT_COLOR_NAME = AccentColor;
				CODE_SIGN_ENTITLEMENTS = MacSageApp/MacSageApp.entitlements;
				CODE_SIGN_STYLE = Automatic;
				COMBINE_HIDPI_IMAGES = YES;
				CURRENT_PROJECT_VERSION = 1;
				DEVELOPMENT_ASSET_PATHS = "";
				DEVELOPMENT_TEAM = 72WEN2C47N;
				ENABLE_HARDENED_RUNTIME = YES;
				ENABLE_PREVIEWS = YES;
				GENERATE_INFOPLIST_FILE = YES;
				INFOPLIST_KEY_CFBundleDisplayName = SwiftSage;
				INFOPLIST_KEY_LSApplicationCategoryType = "public.app-category.developer-tools";
				INFOPLIST_KEY_NSHumanReadableCopyright = "";
				LD_RUNPATH_SEARCH_PATHS = (
					"$(inherited)",
					"@executable_path/../Frameworks",
				);
				MARKETING_VERSION = 1.0;
				PRODUCT_BUNDLE_IDENTIFIER = chrisswiftygpt.MacSageApp;
				PRODUCT_NAME = "$(TARGET_NAME)";
				SWIFT_EMIT_LOC_STRINGS = YES;
				SWIFT_VERSION = 5.0;
			};
			name = Release;
		};
		B73580CB29F3B4CB00291393 /* Debug */ = {
			isa = XCBuildConfiguration;
			buildSettings = {
				CODE_SIGN_STYLE = Automatic;
				DEVELOPMENT_TEAM = 72WEN2C47N;
				ENABLE_HARDENED_RUNTIME = YES;
				PRODUCT_NAME = "$(TARGET_NAME)";
				SWIFT_VERSION = 5.0;
			};
			name = Debug;
		};
		B73580CC29F3B4CB00291393 /* Release */ = {
			isa = XCBuildConfiguration;
			buildSettings = {
				CODE_SIGN_STYLE = Automatic;
				DEVELOPMENT_TEAM = 72WEN2C47N;
				ENABLE_HARDENED_RUNTIME = YES;
				PRODUCT_NAME = "$(TARGET_NAME)";
				SWIFT_VERSION = 5.0;
			};
			name = Release;
		};
/* End XCBuildConfiguration section */

/* Begin XCConfigurationList section */
		B73580A929F3B34B00291393 /* Build configuration list for PBXProject "MacSageApp" */ = {
			isa = XCConfigurationList;
			buildConfigurations = (
				B73580BB29F3B34C00291393 /* Debug */,
				B73580BC29F3B34C00291393 /* Release */,
			);
			defaultConfigurationIsVisible = 0;
			defaultConfigurationName = Release;
		};
		B73580BD29F3B34C00291393 /* Build configuration list for PBXNativeTarget "MacSageApp" */ = {
			isa = XCConfigurationList;
			buildConfigurations = (
				B73580BE29F3B34C00291393 /* Debug */,
				B73580BF29F3B34C00291393 /* Release */,
			);
			defaultConfigurationIsVisible = 0;
			defaultConfigurationName = Release;
		};
		B73580CA29F3B4CB00291393 /* Build configuration list for PBXNativeTarget "SwiftSageStatusBar" */ = {
			isa = XCConfigurationList;
			buildConfigurations = (
				B73580CB29F3B4CB00291393 /* Debug */,
				B73580CC29F3B4CB00291393 /* Release */,
			);
			defaultConfigurationIsVisible = 0;
			defaultConfigurationName = Release;
		};
/* End XCConfigurationList section */
	};
	rootObject = B73580A629F3B34B00291393 /* Project object */;
}
