// !$*UTF8*$!
{
	archiveVersion = 1;
	classes = {
	};
	objectVersion = 56;
	objects = {

/* Begin PBXBuildFile section */
		71FD626929E848B900C6EC34 /* Info.plist in CopyFiles */ = {isa = PBXBuildFile; fileRef = B7BACF6129E25F4B006B065B /* Info.plist */; };
		71FD626A29E848B900C6EC34 /* add_file_to_project.rb in CopyFiles */ = {isa = PBXBuildFile; fileRef = B7BACF6029E25D03006B065B /* add_file_to_project.rb */; };
		71FD62B229EF75AC00C6EC34 /* plistHelper.swift in Sources */ = {isa = PBXBuildFile; fileRef = 71FD62B129EF75AC00C6EC34 /* plistHelper.swift */; };
		71FD62B329EF76BB00C6EC34 /* GPT-Info.plist in CopyFiles */ = {isa = PBXBuildFile; fileRef = 71FD62B029EF739900C6EC34 /* GPT-Info.plist */; };
		B70B44D429EAD61900C45773 /* Text.swift in Sources */ = {isa = PBXBuildFile; fileRef = B70B44D329EAD61900C45773 /* Text.swift */; };
		B70B44D629EAD85B00C45773 /* Files.swift in Sources */ = {isa = PBXBuildFile; fileRef = B70B44D529EAD85B00C45773 /* Files.swift */; };
		B70B44D829EAD91900C45773 /* GPT.swift in Sources */ = {isa = PBXBuildFile; fileRef = B70B44D729EAD91900C45773 /* GPT.swift */; };
		B70B44DB29EAF9B500C45773 /* Terminal.swift in Sources */ = {isa = PBXBuildFile; fileRef = B70B44DA29EAF9B500C45773 /* Terminal.swift */; };
		B70B44DD29EAFBFE00C45773 /* AsciiText.swift in Sources */ = {isa = PBXBuildFile; fileRef = B70B44DC29EAFBFE00C45773 /* AsciiText.swift */; };
		B70CF17C29F07ACD00993AAF /* Loding.swift in Sources */ = {isa = PBXBuildFile; fileRef = B70CF17B29F07ACD00993AAF /* Loding.swift */; };
		B70CF18029F08C7C00993AAF /* Regex.swift in Sources */ = {isa = PBXBuildFile; fileRef = B70CF17F29F08C7C00993AAF /* Regex.swift */; };
		B70CF18229F0980800993AAF /* SageWare.swift in Sources */ = {isa = PBXBuildFile; fileRef = B70CF18129F0980800993AAF /* SageWare.swift */; };
		B70CF18429F0985E00993AAF /* ApplescriptCommand.swift in Sources */ = {isa = PBXBuildFile; fileRef = B70CF18329F0985E00993AAF /* ApplescriptCommand.swift */; };
		B70FD6B729EBB3290099A0D1 /* SWWrapper.swift in Sources */ = {isa = PBXBuildFile; fileRef = B70FD6B629EBB3290099A0D1 /* SWWrapper.swift */; };
		B70FD6BA29EBB44D0099A0D1 /* AudioKit in Frameworks */ = {isa = PBXBuildFile; productRef = B70FD6B929EBB44D0099A0D1 /* AudioKit */; };
		B713384E29ED80F000020CC9 /* app_screenshot.applescript in Sources */ = {isa = PBXBuildFile; fileRef = B713384D29ED80F000020CC9 /* app_screenshot.applescript */; };
		B713384F29ED810200020CC9 /* app_screenshot.applescript in CopyFiles */ = {isa = PBXBuildFile; fileRef = B713384D29ED80F000020CC9 /* app_screenshot.applescript */; };
		B7139CE029E147910049ADE1 /* main.swift in Sources */ = {isa = PBXBuildFile; fileRef = B7139CDF29E147910049ADE1 /* main.swift */; };
		B719B22929ECB8AF003358C2 /* AEyes.swift in Sources */ = {isa = PBXBuildFile; fileRef = B719B22829ECB8AF003358C2 /* AEyes.swift */; };
		B719B22C29ECBA24003358C2 /* SwiftyTesseract in Frameworks */ = {isa = PBXBuildFile; productRef = B719B22B29ECBA24003358C2 /* SwiftyTesseract */; };
		B71BE6C82A1DB4E500DAEC34 /* PixelScan.swift in Sources */ = {isa = PBXBuildFile; fileRef = B71BE6C72A1DB4E500DAEC34 /* PixelScan.swift */; };
		B71C62F02A0063A4004296E4 /* Reset.swift in Sources */ = {isa = PBXBuildFile; fileRef = B71C62EF2A0063A4004296E4 /* Reset.swift */; };
		B71C62F22A00A47F004296E4 /* Multiprinter.swift in Sources */ = {isa = PBXBuildFile; fileRef = B71C62F12A00A47F004296E4 /* Multiprinter.swift */; };
		B71EB8752A20F8D000D87C6F /* LogicWebsocketClient.swift in Sources */ = {isa = PBXBuildFile; fileRef = B71EB8742A20F8D000D87C6F /* LogicWebsocketClient.swift */; };
		B71EB8772A213F5400D87C6F /* WorkspaceCommands.swift in Sources */ = {isa = PBXBuildFile; fileRef = B71EB8762A213F5400D87C6F /* WorkspaceCommands.swift */; };
		B71EB87A2A21510D00D87C6F /* ZIPFoundation in Frameworks */ = {isa = PBXBuildFile; productRef = B71EB8792A21510D00D87C6F /* ZIPFoundation */; };
		B729B14029F99DA800BA6752 /* Therapy.swift in Sources */ = {isa = PBXBuildFile; fileRef = B729B13F29F99DA800BA6752 /* Therapy.swift */; };
		B737F40529F8153B00E57577 /* Spotify.swift in Sources */ = {isa = PBXBuildFile; fileRef = B737F40429F8153B00E57577 /* Spotify.swift */; };
		B737F41529F8955100E57577 /* ScreenCaptureKit.framework in Frameworks */ = {isa = PBXBuildFile; fileRef = B737F41429F8955100E57577 /* ScreenCaptureKit.framework */; };
		B737F41B29F8961200E57577 /* ScreenCaptureKitWrapper.swift in Sources */ = {isa = PBXBuildFile; fileRef = B737F41A29F8961200E57577 /* ScreenCaptureKitWrapper.swift */; };
		B737F41D29F897DE00E57577 /* Eggland.swift in Sources */ = {isa = PBXBuildFile; fileRef = B737F41C29F897DE00E57577 /* Eggland.swift */; };
		B74486DE29E79D7D002D1D5A /* Prompt.swift in Sources */ = {isa = PBXBuildFile; fileRef = B74486DD29E79D7C002D1D5A /* Prompt.swift */; };
		B74746A829F40FCD00075010 /* CommandTable.swift in Sources */ = {isa = PBXBuildFile; fileRef = B74746A729F40FCD00075010 /* CommandTable.swift */; };
		B748C2F929F5F329000F5F14 /* LocalPeerConsole.swift in Sources */ = {isa = PBXBuildFile; fileRef = B748C2F829F5F329000F5F14 /* LocalPeerConsole.swift */; };
		B74A169429F1FA54006A0605 /* SourceKittenFramework in Frameworks */ = {isa = PBXBuildFile; productRef = B74A169329F1FA54006A0605 /* SourceKittenFramework */; };
		B74A169629F1FA63006A0605 /* SrcCat.swift in Sources */ = {isa = PBXBuildFile; fileRef = B74A169529F1FA63006A0605 /* SrcCat.swift */; };
		B74E620D29EFB61C0065DF88 /* StringSLug.swift in Sources */ = {isa = PBXBuildFile; fileRef = B74E620C29EFB61C0065DF88 /* StringSLug.swift */; };
		B74E620F29F03EB90065DF88 /* Config.swift in Sources */ = {isa = PBXBuildFile; fileRef = B74E620E29F03EB90065DF88 /* Config.swift */; };
		B7538D2029F41FA000243E9B /* AVVoice.swift in Sources */ = {isa = PBXBuildFile; fileRef = B7538D1F29F41FA000243E9B /* AVVoice.swift */; };
		B75709C42A8DE58F003E5894 /* XcodeProj in Frameworks */ = {isa = PBXBuildFile; productRef = B75709C32A8DE58F003E5894 /* XcodeProj */; };
		B75AFC4229EA7EF3003BA454 /* SpinnerThread.swift in Sources */ = {isa = PBXBuildFile; fileRef = B75AFC4129EA7EF3003BA454 /* SpinnerThread.swift */; };
		B75AFC4429EA8140003BA454 /* Input.swift in Sources */ = {isa = PBXBuildFile; fileRef = B75AFC4329EA8140003BA454 /* Input.swift */; };
		B762E69F29FAB8AE00AC5150 /* DebatePrompts.swift in Sources */ = {isa = PBXBuildFile; fileRef = B762E69E29FAB8AE00AC5150 /* DebatePrompts.swift */; };
		B768CE9629EB163800B8A9E4 /* AsciiAnimator.swift in Sources */ = {isa = PBXBuildFile; fileRef = B768CE9529EB157700B8A9E4 /* AsciiAnimator.swift */; };
		B768CE9829EB3EB300B8A9E4 /* AudioProcessor.swift in Sources */ = {isa = PBXBuildFile; fileRef = B768CE9729EB3EAF00B8A9E4 /* AudioProcessor.swift */; };
		B768CE9D29EB3F8500B8A9E4 /* AudioUnit.framework in Frameworks */ = {isa = PBXBuildFile; fileRef = B768CE9A29EB3F8500B8A9E4 /* AudioUnit.framework */; };
		B768CE9E29EB3F8500B8A9E4 /* AudioToolbox.framework in Frameworks */ = {isa = PBXBuildFile; fileRef = B768CE9B29EB3F8500B8A9E4 /* AudioToolbox.framework */; };
		B768CE9F29EB3F8500B8A9E4 /* AudioVideoBridging.framework in Frameworks */ = {isa = PBXBuildFile; fileRef = B768CE9C29EB3F8500B8A9E4 /* AudioVideoBridging.framework */; };
		B76BF95E29E4AF5400F6420E /* SwiftyGPTUtilities.swift in Sources */ = {isa = PBXBuildFile; fileRef = B76BF95D29E4AF5400F6420E /* SwiftyGPTUtilities.swift */; };
		B7717D2729EFA56D005141AB /* AssisAI.swift in Sources */ = {isa = PBXBuildFile; fileRef = B7717D2529EFA56D005141AB /* AssisAI.swift */; };
		B7717D2929EFA625005141AB /* Googler.swift in Sources */ = {isa = PBXBuildFile; fileRef = B7717D2829EFA624005141AB /* Googler.swift */; };
		B774605A29FBE2FA00E7C46B /* Stocks.swift in Sources */ = {isa = PBXBuildFile; fileRef = B774605929FBE2FA00E7C46B /* Stocks.swift */; };
		B774605C29FBF12F00E7C46B /* StarTrekSimuilator.swift in Sources */ = {isa = PBXBuildFile; fileRef = B774605B29FBF12F00E7C46B /* StarTrekSimuilator.swift */; };
		B775BF7929EB7A81007FA7AE /* Command.swift in Sources */ = {isa = PBXBuildFile; fileRef = B775BF7829EB78B0007FA7AE /* Command.swift */; };
		B78AC0F329EE1A9400BC7227 /* PromptLibrary.swift in Sources */ = {isa = PBXBuildFile; fileRef = B78AC0F229EE1A9400BC7227 /* PromptLibrary.swift */; };
		B78C6C2729F3129300AA568A /* PNG in Frameworks */ = {isa = PBXBuildFile; productRef = B78C6C2629F3129300AA568A /* PNG */; };
		B78F3AB22A9462ED0044B4A6 /* XcodeCommand+XcodeBuild.swift in Sources */ = {isa = PBXBuildFile; fileRef = B78F3AB12A9462ED0044B4A6 /* XcodeCommand+XcodeBuild.swift */; };
		B78F3AB42A9463C30044B4A6 /* XcodeCommand+Xcrun.swift in Sources */ = {isa = PBXBuildFile; fileRef = B78F3AB32A9463C30044B4A6 /* XcodeCommand+Xcrun.swift */; };
		B791552D29EDBB0300DE34FC /* Speak.swift in Sources */ = {isa = PBXBuildFile; fileRef = B791552C29EDBB0300DE34FC /* Speak.swift */; };
		B7B40F8629E4AC5300D2DDFC /* XcodeCommand.swift in Sources */ = {isa = PBXBuildFile; fileRef = B7B40F8529E4AC5300D2DDFC /* XcodeCommand.swift */; };
		B7BE95402A8ED0BA0065A58B /* XcodeProjHandler.swift in Sources */ = {isa = PBXBuildFile; fileRef = B7BE953F2A8ED0BA0065A58B /* XcodeProjHandler.swift */; };
		B7BE95422A8ED0DB0065A58B /* Project.swift in Sources */ = {isa = PBXBuildFile; fileRef = B7BE95412A8ED0DB0065A58B /* Project.swift */; };
		B7CA77A229F6A84500A9DBE6 /* Starscream in Frameworks */ = {isa = PBXBuildFile; productRef = B7CA77A129F6A84500A9DBE6 /* Starscream */; };
		B7CB60B229F184F3006BFF8D /* WrapSoup.swift in Sources */ = {isa = PBXBuildFile; fileRef = B7CB60B129F184F3006BFF8D /* WrapSoup.swift */; };
		B7CB60B429F1884F006BFF8D /* Linker.swift in Sources */ = {isa = PBXBuildFile; fileRef = B7CB60B329F1884F006BFF8D /* Linker.swift */; };
		B7D1609829F2B48C00244188 /* Trivia.swift in Sources */ = {isa = PBXBuildFile; fileRef = B7D1609729F2B48C00244188 /* Trivia.swift */; };
		B7D1609B29F2B4D700244188 /* objective-c-quiz.md in CopyFiles */ = {isa = PBXBuildFile; fileRef = B7D1609A29F2B4CC00244188 /* objective-c-quiz.md */; };
		B7D1609C29F2B4D700244188 /* swift-quiz.md in CopyFiles */ = {isa = PBXBuildFile; fileRef = B7D1609929F2B4CC00244188 /* swift-quiz.md */; };
		B7D160A229F30D1800244188 /* IMG_5563.PNG in CopyFiles */ = {isa = PBXBuildFile; fileRef = B7D160A029F30D0A00244188 /* IMG_5563.PNG */; };
		B7D160A329F30D1800244188 /* IMG_5564.png in CopyFiles */ = {isa = PBXBuildFile; fileRef = B7D160A129F30D0A00244188 /* IMG_5564.png */; };
		B7D160A429F30D1800244188 /* IMG_5565.png in CopyFiles */ = {isa = PBXBuildFile; fileRef = B7D1609E29F30D0A00244188 /* IMG_5565.png */; };
		B7D160A529F30D1800244188 /* IMG_5566.png in CopyFiles */ = {isa = PBXBuildFile; fileRef = B7D1609F29F30D0A00244188 /* IMG_5566.png */; };
		B7D160A729F30D4900244188 /* Movies.swift in Sources */ = {isa = PBXBuildFile; fileRef = B7D160A629F30D4900244188 /* Movies.swift */; };
		B7D2FD3229F18202003EBCA9 /* SwiftSoup in Frameworks */ = {isa = PBXBuildFile; productRef = B7D2FD3129F18202003EBCA9 /* SwiftSoup */; };
		B7D6517529EC847E00ED8BAE /* ggml.c in Sources */ = {isa = PBXBuildFile; fileRef = B7D6517029EC847E00ED8BAE /* ggml.c */; };
		B7D6517929EC85F200ED8BAE /* whisper.MYFILE.cpp in Sources */ = {isa = PBXBuildFile; fileRef = B7D6517829EC85F200ED8BAE /* whisper.MYFILE.cpp */; };
		B7E13A3E2A50B57D00C2B7C0 /* OpenAI.swift in Sources */ = {isa = PBXBuildFile; fileRef = B7E13A112A50B57D00C2B7C0 /* OpenAI.swift */; };
		B7E13A3F2A50B57D00C2B7C0 /* ModerationsQuery.swift in Sources */ = {isa = PBXBuildFile; fileRef = B7E13A152A50B57D00C2B7C0 /* ModerationsQuery.swift */; };
		B7E13A402A50B57D00C2B7C0 /* ChatQuery.swift in Sources */ = {isa = PBXBuildFile; fileRef = B7E13A162A50B57D00C2B7C0 /* ChatQuery.swift */; };
		B7E13A412A50B57D00C2B7C0 /* AudioTranscriptionResult.swift in Sources */ = {isa = PBXBuildFile; fileRef = B7E13A172A50B57D00C2B7C0 /* AudioTranscriptionResult.swift */; };
		B7E13A422A50B57D00C2B7C0 /* ChatStreamResult.swift in Sources */ = {isa = PBXBuildFile; fileRef = B7E13A182A50B57D00C2B7C0 /* ChatStreamResult.swift */; };
		B7E13A432A50B57D00C2B7C0 /* EditsQuery.swift in Sources */ = {isa = PBXBuildFile; fileRef = B7E13A192A50B57D00C2B7C0 /* EditsQuery.swift */; };
		B7E13A442A50B57D00C2B7C0 /* CompletionsResult.swift in Sources */ = {isa = PBXBuildFile; fileRef = B7E13A1A2A50B57D00C2B7C0 /* CompletionsResult.swift */; };
		B7E13A452A50B57D00C2B7C0 /* AudioTranscriptionQuery.swift in Sources */ = {isa = PBXBuildFile; fileRef = B7E13A1B2A50B57D00C2B7C0 /* AudioTranscriptionQuery.swift */; };
		B7E13A462A50B57D00C2B7C0 /* EditsResult.swift in Sources */ = {isa = PBXBuildFile; fileRef = B7E13A1C2A50B57D00C2B7C0 /* EditsResult.swift */; };
		B7E13A472A50B57D00C2B7C0 /* ModelsResult.swift in Sources */ = {isa = PBXBuildFile; fileRef = B7E13A1E2A50B57D00C2B7C0 /* ModelsResult.swift */; };
		B7E13A482A50B57D00C2B7C0 /* ModelQuery.swift in Sources */ = {isa = PBXBuildFile; fileRef = B7E13A1F2A50B57D00C2B7C0 /* ModelQuery.swift */; };
		B7E13A492A50B57D00C2B7C0 /* Models.swift in Sources */ = {isa = PBXBuildFile; fileRef = B7E13A202A50B57D00C2B7C0 /* Models.swift */; };
		B7E13A4A2A50B57D00C2B7C0 /* ModelResult.swift in Sources */ = {isa = PBXBuildFile; fileRef = B7E13A212A50B57D00C2B7C0 /* ModelResult.swift */; };
		B7E13A4B2A50B57D00C2B7C0 /* CompletionsQuery.swift in Sources */ = {isa = PBXBuildFile; fileRef = B7E13A222A50B57D00C2B7C0 /* CompletionsQuery.swift */; };
		B7E13A4C2A50B57D00C2B7C0 /* EmbeddingsResult.swift in Sources */ = {isa = PBXBuildFile; fileRef = B7E13A232A50B57D00C2B7C0 /* EmbeddingsResult.swift */; };
		B7E13A4D2A50B57D00C2B7C0 /* AudioTranslationResult.swift in Sources */ = {isa = PBXBuildFile; fileRef = B7E13A242A50B57D00C2B7C0 /* AudioTranslationResult.swift */; };
		B7E13A4E2A50B57D00C2B7C0 /* StreamableQuery.swift in Sources */ = {isa = PBXBuildFile; fileRef = B7E13A252A50B57D00C2B7C0 /* StreamableQuery.swift */; };
		B7E13A4F2A50B57D00C2B7C0 /* ChatResult.swift in Sources */ = {isa = PBXBuildFile; fileRef = B7E13A262A50B57D00C2B7C0 /* ChatResult.swift */; };
		B7E13A502A50B57D00C2B7C0 /* ImagesQuery.swift in Sources */ = {isa = PBXBuildFile; fileRef = B7E13A272A50B57D00C2B7C0 /* ImagesQuery.swift */; };
		B7E13A512A50B57D00C2B7C0 /* ImagesResult.swift in Sources */ = {isa = PBXBuildFile; fileRef = B7E13A282A50B57D00C2B7C0 /* ImagesResult.swift */; };
		B7E13A522A50B57D00C2B7C0 /* EmbeddingsQuery.swift in Sources */ = {isa = PBXBuildFile; fileRef = B7E13A292A50B57D00C2B7C0 /* EmbeddingsQuery.swift */; };
		B7E13A532A50B57D00C2B7C0 /* AudioTranslationQuery.swift in Sources */ = {isa = PBXBuildFile; fileRef = B7E13A2A2A50B57D00C2B7C0 /* AudioTranslationQuery.swift */; };
		B7E13A542A50B57D00C2B7C0 /* ModerationsResult.swift in Sources */ = {isa = PBXBuildFile; fileRef = B7E13A2B2A50B57D00C2B7C0 /* ModerationsResult.swift */; };
		B7E13A552A50B57D00C2B7C0 /* Utilities.swift in Sources */ = {isa = PBXBuildFile; fileRef = B7E13A2D2A50B57D00C2B7C0 /* Utilities.swift */; };
		B7E13A562A50B57D00C2B7C0 /* APIError.swift in Sources */ = {isa = PBXBuildFile; fileRef = B7E13A2F2A50B57D00C2B7C0 /* APIError.swift */; };
		B7E13A572A50B57D00C2B7C0 /* OpenAIProtocol.swift in Sources */ = {isa = PBXBuildFile; fileRef = B7E13A312A50B57D00C2B7C0 /* OpenAIProtocol.swift */; };
		B7E13A582A50B57D00C2B7C0 /* OpenAIProtocol+Async.swift in Sources */ = {isa = PBXBuildFile; fileRef = B7E13A322A50B57D00C2B7C0 /* OpenAIProtocol+Async.swift */; };
		B7E13A592A50B57D00C2B7C0 /* OpenAIProtocol+Combine.swift in Sources */ = {isa = PBXBuildFile; fileRef = B7E13A332A50B57D00C2B7C0 /* OpenAIProtocol+Combine.swift */; };
		B7E13A5A2A50B57D00C2B7C0 /* MultipartFormDataRequest.swift in Sources */ = {isa = PBXBuildFile; fileRef = B7E13A352A50B57D00C2B7C0 /* MultipartFormDataRequest.swift */; };
		B7E13A5B2A50B57D00C2B7C0 /* MultipartFormDataBodyBuilder.swift in Sources */ = {isa = PBXBuildFile; fileRef = B7E13A362A50B57D00C2B7C0 /* MultipartFormDataBodyBuilder.swift */; };
		B7E13A5C2A50B57D00C2B7C0 /* StreamingSession.swift in Sources */ = {isa = PBXBuildFile; fileRef = B7E13A372A50B57D00C2B7C0 /* StreamingSession.swift */; };
		B7E13A5D2A50B57D00C2B7C0 /* MultipartFormDataEntry.swift in Sources */ = {isa = PBXBuildFile; fileRef = B7E13A382A50B57D00C2B7C0 /* MultipartFormDataEntry.swift */; };
		B7E13A5E2A50B57D00C2B7C0 /* URLSessionProtocol.swift in Sources */ = {isa = PBXBuildFile; fileRef = B7E13A392A50B57D00C2B7C0 /* URLSessionProtocol.swift */; };
		B7E13A5F2A50B57D00C2B7C0 /* MultipartFormDataBodyEncodable.swift in Sources */ = {isa = PBXBuildFile; fileRef = B7E13A3A2A50B57D00C2B7C0 /* MultipartFormDataBodyEncodable.swift */; };
		B7E13A602A50B57D00C2B7C0 /* URLRequestBuildable.swift in Sources */ = {isa = PBXBuildFile; fileRef = B7E13A3B2A50B57D00C2B7C0 /* URLRequestBuildable.swift */; };
		B7E13A612A50B57D00C2B7C0 /* JSONRequest.swift in Sources */ = {isa = PBXBuildFile; fileRef = B7E13A3C2A50B57D00C2B7C0 /* JSONRequest.swift */; };
		B7E13A622A50B57D00C2B7C0 /* URLSessionDataTaskProtocol.swift in Sources */ = {isa = PBXBuildFile; fileRef = B7E13A3D2A50B57D00C2B7C0 /* URLSessionDataTaskProtocol.swift */; };
		B7E15E6E29E6F8920056A325 /* Xcodegen.swift in Sources */ = {isa = PBXBuildFile; fileRef = B7E15E6D29E6F8920056A325 /* Xcodegen.swift */; };
		B7E576C429EBE6B300CB6A10 /* LibWhisper.swift in Sources */ = {isa = PBXBuildFile; fileRef = B7E576C329EBE6B300CB6A10 /* LibWhisper.swift */; };
		B7EE1FC229F4E351007A7B6B /* Debate.swift in Sources */ = {isa = PBXBuildFile; fileRef = B7EE1FC129F4E351007A7B6B /* Debate.swift */; };
		B7EF2A2D2A0C5A6E0048CFFC /* ImageAssetCommands.swift in Sources */ = {isa = PBXBuildFile; fileRef = B7EF2A2C2A0C5A6E0048CFFC /* ImageAssetCommands.swift */; };
		B7F50A6729F3BCBD00A8485C /* SwiftSageStatusBarXFace.swift in Sources */ = {isa = PBXBuildFile; fileRef = B7F50A6629F3BCBD00A8485C /* SwiftSageStatusBarXFace.swift */; };
		B7F50A6D29F3C22E00A8485C /* SwiftSageStatusBar in CopyFiles */ = {isa = PBXBuildFile; fileRef = B7F50A6B29F3C21200A8485C /* SwiftSageStatusBar */; };
		B7F50A6E29F3C22E00A8485C /* SwiftSageStatusBar.swiftmodule in CopyFiles */ = {isa = PBXBuildFile; fileRef = B7F50A6C29F3C21200A8485C /* SwiftSageStatusBar.swiftmodule */; };
		B7FB0BD029FC17F200421573 /* Reminders.swift in Sources */ = {isa = PBXBuildFile; fileRef = B7FB0BCF29FC17F200421573 /* Reminders.swift */; };
/* End PBXBuildFile section */

/* Begin PBXCopyFilesBuildPhase section */
		B7139CDA29E147910049ADE1 /* CopyFiles */ = {
			isa = PBXCopyFilesBuildPhase;
			buildActionMask = 12;
			dstPath = "";
			dstSubfolderSpec = 16;
			files = (
				B7F50A6D29F3C22E00A8485C /* SwiftSageStatusBar in CopyFiles */,
				B7F50A6E29F3C22E00A8485C /* SwiftSageStatusBar.swiftmodule in CopyFiles */,
				B7D160A229F30D1800244188 /* IMG_5563.PNG in CopyFiles */,
				B7D160A329F30D1800244188 /* IMG_5564.png in CopyFiles */,
				B7D160A429F30D1800244188 /* IMG_5565.png in CopyFiles */,
				B7D160A529F30D1800244188 /* IMG_5566.png in CopyFiles */,
				B7D1609B29F2B4D700244188 /* objective-c-quiz.md in CopyFiles */,
				B7D1609C29F2B4D700244188 /* swift-quiz.md in CopyFiles */,
				71FD62B329EF76BB00C6EC34 /* GPT-Info.plist in CopyFiles */,
				B713384F29ED810200020CC9 /* app_screenshot.applescript in CopyFiles */,
				71FD626929E848B900C6EC34 /* Info.plist in CopyFiles */,
				71FD626A29E848B900C6EC34 /* add_file_to_project.rb in CopyFiles */,
			);
			runOnlyForDeploymentPostprocessing = 0;
		};
/* End PBXCopyFilesBuildPhase section */

/* Begin PBXFileReference section */
		71FD62B029EF739900C6EC34 /* GPT-Info.plist */ = {isa = PBXFileReference; lastKnownFileType = text.plist.xml; path = "GPT-Info.plist"; sourceTree = "<group>"; };
		71FD62B129EF75AC00C6EC34 /* plistHelper.swift */ = {isa = PBXFileReference; lastKnownFileType = sourcecode.swift; path = plistHelper.swift; sourceTree = "<group>"; };
		B70B44D329EAD61900C45773 /* Text.swift */ = {isa = PBXFileReference; lastKnownFileType = sourcecode.swift; path = Text.swift; sourceTree = "<group>"; };
		B70B44D529EAD85B00C45773 /* Files.swift */ = {isa = PBXFileReference; lastKnownFileType = sourcecode.swift; path = Files.swift; sourceTree = "<group>"; };
		B70B44D729EAD91900C45773 /* GPT.swift */ = {isa = PBXFileReference; lastKnownFileType = sourcecode.swift; path = GPT.swift; sourceTree = "<group>"; };
		B70B44D929EAF0E400C45773 /* physicsSceneOutput.txt */ = {isa = PBXFileReference; lastKnownFileType = text; path = physicsSceneOutput.txt; sourceTree = "<group>"; };
		B70B44DA29EAF9B500C45773 /* Terminal.swift */ = {isa = PBXFileReference; lastKnownFileType = sourcecode.swift; path = Terminal.swift; sourceTree = "<group>"; };
		B70B44DC29EAFBFE00C45773 /* AsciiText.swift */ = {isa = PBXFileReference; lastKnownFileType = sourcecode.swift; path = AsciiText.swift; sourceTree = "<group>"; };
		B70CF17B29F07ACD00993AAF /* Loding.swift */ = {isa = PBXFileReference; lastKnownFileType = sourcecode.swift; path = Loding.swift; sourceTree = "<group>"; };
		B70CF17F29F08C7C00993AAF /* Regex.swift */ = {isa = PBXFileReference; lastKnownFileType = sourcecode.swift; path = Regex.swift; sourceTree = "<group>"; };
		B70CF18129F0980800993AAF /* SageWare.swift */ = {isa = PBXFileReference; lastKnownFileType = sourcecode.swift; path = SageWare.swift; sourceTree = "<group>"; };
		B70CF18329F0985E00993AAF /* ApplescriptCommand.swift */ = {isa = PBXFileReference; lastKnownFileType = sourcecode.swift; path = ApplescriptCommand.swift; sourceTree = "<group>"; };
		B70FD6B629EBB3290099A0D1 /* SWWrapper.swift */ = {isa = PBXFileReference; lastKnownFileType = sourcecode.swift; path = SWWrapper.swift; sourceTree = "<group>"; };
		B713384D29ED80F000020CC9 /* app_screenshot.applescript */ = {isa = PBXFileReference; fileEncoding = 4; lastKnownFileType = sourcecode.applescript; path = app_screenshot.applescript; sourceTree = "<group>"; };
		B7139CDC29E147910049ADE1 /* LogicSageCommandLine */ = {isa = PBXFileReference; explicitFileType = "compiled.mach-o.executable"; includeInIndex = 0; path = LogicSageCommandLine; sourceTree = BUILT_PRODUCTS_DIR; };
		B7139CDF29E147910049ADE1 /* main.swift */ = {isa = PBXFileReference; lastKnownFileType = sourcecode.swift; path = main.swift; sourceTree = "<group>"; };
		B7139CE729E1EDBA0049ADE1 /* Swifty-GPT.entitlements */ = {isa = PBXFileReference; lastKnownFileType = text.plist.entitlements; path = "Swifty-GPT.entitlements"; sourceTree = "<group>"; };
		B719B22829ECB8AF003358C2 /* AEyes.swift */ = {isa = PBXFileReference; lastKnownFileType = sourcecode.swift; path = AEyes.swift; sourceTree = "<group>"; };
		B71BE6C72A1DB4E500DAEC34 /* PixelScan.swift */ = {isa = PBXFileReference; lastKnownFileType = sourcecode.swift; path = PixelScan.swift; sourceTree = "<group>"; };
		B71C62EF2A0063A4004296E4 /* Reset.swift */ = {isa = PBXFileReference; lastKnownFileType = sourcecode.swift; path = Reset.swift; sourceTree = "<group>"; };
		B71C62F12A00A47F004296E4 /* Multiprinter.swift */ = {isa = PBXFileReference; lastKnownFileType = sourcecode.swift; path = Multiprinter.swift; sourceTree = "<group>"; };
		B71EB8742A20F8D000D87C6F /* LogicWebsocketClient.swift */ = {isa = PBXFileReference; lastKnownFileType = sourcecode.swift; path = LogicWebsocketClient.swift; sourceTree = "<group>"; };
		B71EB8762A213F5400D87C6F /* WorkspaceCommands.swift */ = {isa = PBXFileReference; fileEncoding = 4; lastKnownFileType = sourcecode.swift; path = WorkspaceCommands.swift; sourceTree = "<group>"; };
		B729B13F29F99DA800BA6752 /* Therapy.swift */ = {isa = PBXFileReference; lastKnownFileType = sourcecode.swift; path = Therapy.swift; sourceTree = "<group>"; };
		B72CDF7129E72E3E0041D704 /* dots_boxes_prompt.txt */ = {isa = PBXFileReference; lastKnownFileType = text; path = dots_boxes_prompt.txt; sourceTree = "<group>"; };
		B737F40429F8153B00E57577 /* Spotify.swift */ = {isa = PBXFileReference; lastKnownFileType = sourcecode.swift; path = Spotify.swift; sourceTree = "<group>"; };
		B737F41429F8955100E57577 /* ScreenCaptureKit.framework */ = {isa = PBXFileReference; lastKnownFileType = wrapper.framework; name = ScreenCaptureKit.framework; path = System/Library/Frameworks/ScreenCaptureKit.framework; sourceTree = SDKROOT; };
		B737F41A29F8961200E57577 /* ScreenCaptureKitWrapper.swift */ = {isa = PBXFileReference; lastKnownFileType = sourcecode.swift; path = ScreenCaptureKitWrapper.swift; sourceTree = "<group>"; };
		B737F41C29F897DE00E57577 /* Eggland.swift */ = {isa = PBXFileReference; lastKnownFileType = sourcecode.swift; path = Eggland.swift; sourceTree = "<group>"; };
		B740F56529E7B891007ADED8 /* CommonErrors.txt */ = {isa = PBXFileReference; lastKnownFileType = text; path = CommonErrors.txt; sourceTree = "<group>"; };
		B74486DD29E79D7C002D1D5A /* Prompt.swift */ = {isa = PBXFileReference; lastKnownFileType = sourcecode.swift; path = Prompt.swift; sourceTree = "<group>"; };
		B74746A729F40FCD00075010 /* CommandTable.swift */ = {isa = PBXFileReference; lastKnownFileType = sourcecode.swift; path = CommandTable.swift; sourceTree = "<group>"; };
		B748C2F029F5EA62000F5F14 /* MultipeerConnectivity.framework */ = {isa = PBXFileReference; lastKnownFileType = wrapper.framework; name = MultipeerConnectivity.framework; path = System/Library/Frameworks/MultipeerConnectivity.framework; sourceTree = SDKROOT; };
		B748C2F829F5F329000F5F14 /* LocalPeerConsole.swift */ = {isa = PBXFileReference; lastKnownFileType = sourcecode.swift; path = LocalPeerConsole.swift; sourceTree = "<group>"; };
		B74A169529F1FA63006A0605 /* SrcCat.swift */ = {isa = PBXFileReference; lastKnownFileType = sourcecode.swift; path = SrcCat.swift; sourceTree = "<group>"; };
		B74E620C29EFB61C0065DF88 /* StringSLug.swift */ = {isa = PBXFileReference; lastKnownFileType = sourcecode.swift; path = StringSLug.swift; sourceTree = "<group>"; };
		B74E620E29F03EB90065DF88 /* Config.swift */ = {isa = PBXFileReference; lastKnownFileType = sourcecode.swift; path = Config.swift; sourceTree = "<group>"; };
		B7538D1F29F41FA000243E9B /* AVVoice.swift */ = {isa = PBXFileReference; lastKnownFileType = sourcecode.swift; path = AVVoice.swift; sourceTree = "<group>"; };
		B75AFC4029EA7207003BA454 /* lsystem_output */ = {isa = PBXFileReference; lastKnownFileType = text; path = lsystem_output; sourceTree = "<group>"; };
		B75AFC4129EA7EF3003BA454 /* SpinnerThread.swift */ = {isa = PBXFileReference; lastKnownFileType = sourcecode.swift; path = SpinnerThread.swift; sourceTree = "<group>"; };
		B75AFC4329EA8140003BA454 /* Input.swift */ = {isa = PBXFileReference; lastKnownFileType = sourcecode.swift; path = Input.swift; sourceTree = "<group>"; };
		B75FC59929F5D51000A75EAF /* libcerevoice_eng.a */ = {isa = PBXFileReference; lastKnownFileType = archive.ar; name = libcerevoice_eng.a; path = "Swifty-GPT/cerevoice_sdk_6.1.0/cerevoice_eng/libfat/libcerevoice_eng.a"; sourceTree = "<group>"; };
		B75FC59B29F5D52000A75EAF /* libcerevoice_aud.a */ = {isa = PBXFileReference; lastKnownFileType = archive.ar; name = libcerevoice_aud.a; path = "Swifty-GPT/cerevoice_sdk_6.1.0/cerevoice_aud/libfat/libcerevoice_aud.a"; sourceTree = "<group>"; };
		B75FC59D29F5D58000A75EAF /* libcerevoice_eng.dylib */ = {isa = PBXFileReference; lastKnownFileType = "compiled.mach-o.bundle"; name = libcerevoice_eng.dylib; path = "Swifty-GPT/cerevoice_sdk_6.1.0/cerevoice_eng/javalibfat/libcerevoice_eng.dylib"; sourceTree = "<group>"; };
		B762E69E29FAB8AE00AC5150 /* DebatePrompts.swift */ = {isa = PBXFileReference; lastKnownFileType = sourcecode.swift; path = DebatePrompts.swift; sourceTree = "<group>"; };
		B768CE9529EB157700B8A9E4 /* AsciiAnimator.swift */ = {isa = PBXFileReference; lastKnownFileType = sourcecode.swift; path = AsciiAnimator.swift; sourceTree = "<group>"; };
		B768CE9729EB3EAF00B8A9E4 /* AudioProcessor.swift */ = {isa = PBXFileReference; lastKnownFileType = sourcecode.swift; path = AudioProcessor.swift; sourceTree = "<group>"; };
		B768CE9A29EB3F8500B8A9E4 /* AudioUnit.framework */ = {isa = PBXFileReference; lastKnownFileType = wrapper.framework; name = AudioUnit.framework; path = System/Library/Frameworks/AudioUnit.framework; sourceTree = SDKROOT; };
		B768CE9B29EB3F8500B8A9E4 /* AudioToolbox.framework */ = {isa = PBXFileReference; lastKnownFileType = wrapper.framework; name = AudioToolbox.framework; path = System/Library/Frameworks/AudioToolbox.framework; sourceTree = SDKROOT; };
		B768CE9C29EB3F8500B8A9E4 /* AudioVideoBridging.framework */ = {isa = PBXFileReference; lastKnownFileType = wrapper.framework; name = AudioVideoBridging.framework; path = System/Library/Frameworks/AudioVideoBridging.framework; sourceTree = SDKROOT; };
		B76BF95C29E4AD2800F6420E /* example_output.txt */ = {isa = PBXFileReference; lastKnownFileType = text; path = example_output.txt; sourceTree = "<group>"; };
		B76BF95D29E4AF5400F6420E /* SwiftyGPTUtilities.swift */ = {isa = PBXFileReference; lastKnownFileType = sourcecode.swift; path = SwiftyGPTUtilities.swift; sourceTree = "<group>"; };
		B7717D2529EFA56D005141AB /* AssisAI.swift */ = {isa = PBXFileReference; fileEncoding = 4; lastKnownFileType = sourcecode.swift; path = AssisAI.swift; sourceTree = "<group>"; };
		B7717D2829EFA624005141AB /* Googler.swift */ = {isa = PBXFileReference; fileEncoding = 4; lastKnownFileType = sourcecode.swift; path = Googler.swift; sourceTree = "<group>"; };
		B774605929FBE2FA00E7C46B /* Stocks.swift */ = {isa = PBXFileReference; lastKnownFileType = sourcecode.swift; path = Stocks.swift; sourceTree = "<group>"; };
		B774605B29FBF12F00E7C46B /* StarTrekSimuilator.swift */ = {isa = PBXFileReference; lastKnownFileType = sourcecode.swift; path = StarTrekSimuilator.swift; sourceTree = "<group>"; };
		B775BF7829EB78B0007FA7AE /* Command.swift */ = {isa = PBXFileReference; lastKnownFileType = sourcecode.swift; path = Command.swift; sourceTree = "<group>"; };
		B78AC0F229EE1A9400BC7227 /* PromptLibrary.swift */ = {isa = PBXFileReference; lastKnownFileType = sourcecode.swift; path = PromptLibrary.swift; sourceTree = "<group>"; };
		B78F3AB12A9462ED0044B4A6 /* XcodeCommand+XcodeBuild.swift */ = {isa = PBXFileReference; lastKnownFileType = sourcecode.swift; path = "XcodeCommand+XcodeBuild.swift"; sourceTree = "<group>"; };
		B78F3AB32A9463C30044B4A6 /* XcodeCommand+Xcrun.swift */ = {isa = PBXFileReference; lastKnownFileType = sourcecode.swift; path = "XcodeCommand+Xcrun.swift"; sourceTree = "<group>"; };
		B791552C29EDBB0300DE34FC /* Speak.swift */ = {isa = PBXFileReference; fileEncoding = 4; lastKnownFileType = sourcecode.swift; path = Speak.swift; sourceTree = "<group>"; };
		B7A4404929E7438A00E7C065 /* example_mandlebrot_output.txt */ = {isa = PBXFileReference; fileEncoding = 4; lastKnownFileType = text; path = example_mandlebrot_output.txt; sourceTree = "<group>"; };
		B7A4404B29E749CB00E7C065 /* createAppWithLibary_output.txt */ = {isa = PBXFileReference; lastKnownFileType = text; path = createAppWithLibary_output.txt; sourceTree = "<group>"; };
		B7B40F8529E4AC5300D2DDFC /* XcodeCommand.swift */ = {isa = PBXFileReference; lastKnownFileType = sourcecode.swift; path = XcodeCommand.swift; sourceTree = "<group>"; };
		B7BACF6029E25D03006B065B /* add_file_to_project.rb */ = {isa = PBXFileReference; lastKnownFileType = text.script.ruby; path = add_file_to_project.rb; sourceTree = "<group>"; };
		B7BACF6129E25F4B006B065B /* Info.plist */ = {isa = PBXFileReference; lastKnownFileType = text.plist.xml; path = Info.plist; sourceTree = "<group>"; };
		B7BE953F2A8ED0BA0065A58B /* XcodeProjHandler.swift */ = {isa = PBXFileReference; lastKnownFileType = sourcecode.swift; path = XcodeProjHandler.swift; sourceTree = "<group>"; };
		B7BE95412A8ED0DB0065A58B /* Project.swift */ = {isa = PBXFileReference; lastKnownFileType = sourcecode.swift; path = Project.swift; sourceTree = "<group>"; };
		B7C446312A2A34E400B03FF5 /* configure.swift */ = {isa = PBXFileReference; lastKnownFileType = sourcecode.swift; name = configure.swift; path = SwiftSageServer/Sources/App/configure.swift; sourceTree = "<group>"; };
		B7CB60B129F184F3006BFF8D /* WrapSoup.swift */ = {isa = PBXFileReference; lastKnownFileType = sourcecode.swift; path = WrapSoup.swift; sourceTree = "<group>"; };
		B7CB60B329F1884F006BFF8D /* Linker.swift */ = {isa = PBXFileReference; lastKnownFileType = sourcecode.swift; path = Linker.swift; sourceTree = "<group>"; };
		B7D1609129F2497200244188 /* Gitstar */ = {isa = PBXFileReference; lastKnownFileType = text; path = Gitstar; sourceTree = "<group>"; };
		B7D1609729F2B48C00244188 /* Trivia.swift */ = {isa = PBXFileReference; lastKnownFileType = sourcecode.swift; path = Trivia.swift; sourceTree = "<group>"; };
		B7D1609929F2B4CC00244188 /* swift-quiz.md */ = {isa = PBXFileReference; fileEncoding = 4; lastKnownFileType = net.daringfireball.markdown; path = "swift-quiz.md"; sourceTree = "<group>"; };
		B7D1609A29F2B4CC00244188 /* objective-c-quiz.md */ = {isa = PBXFileReference; fileEncoding = 4; lastKnownFileType = net.daringfireball.markdown; path = "objective-c-quiz.md"; sourceTree = "<group>"; };
		B7D1609E29F30D0A00244188 /* IMG_5565.png */ = {isa = PBXFileReference; lastKnownFileType = image.png; name = IMG_5565.png; path = assets/IMG_5565.png; sourceTree = "<group>"; };
		B7D1609F29F30D0A00244188 /* IMG_5566.png */ = {isa = PBXFileReference; lastKnownFileType = image.png; name = IMG_5566.png; path = assets/IMG_5566.png; sourceTree = "<group>"; };
		B7D160A029F30D0A00244188 /* IMG_5563.PNG */ = {isa = PBXFileReference; lastKnownFileType = image.png; name = IMG_5563.PNG; path = assets/IMG_5563.PNG; sourceTree = "<group>"; };
		B7D160A129F30D0A00244188 /* IMG_5564.png */ = {isa = PBXFileReference; lastKnownFileType = image.png; name = IMG_5564.png; path = assets/IMG_5564.png; sourceTree = "<group>"; };
		B7D160A629F30D4900244188 /* Movies.swift */ = {isa = PBXFileReference; lastKnownFileType = sourcecode.swift; path = Movies.swift; sourceTree = "<group>"; };
		B7D6517029EC847E00ED8BAE /* ggml.c */ = {isa = PBXFileReference; lastKnownFileType = sourcecode.c.c; path = ggml.c; sourceTree = "<group>"; };
		B7D6517129EC847E00ED8BAE /* ggml.h */ = {isa = PBXFileReference; lastKnownFileType = sourcecode.c.h; path = ggml.h; sourceTree = "<group>"; };
		B7D6517329EC847E00ED8BAE /* whisper.h */ = {isa = PBXFileReference; lastKnownFileType = sourcecode.c.h; path = whisper.h; sourceTree = "<group>"; };
		B7D6517829EC85F200ED8BAE /* whisper.MYFILE.cpp */ = {isa = PBXFileReference; fileEncoding = 4; lastKnownFileType = sourcecode.cpp.cpp; path = whisper.MYFILE.cpp; sourceTree = "<group>"; };
		B7E13A112A50B57D00C2B7C0 /* OpenAI.swift */ = {isa = PBXFileReference; fileEncoding = 4; lastKnownFileType = sourcecode.swift; path = OpenAI.swift; sourceTree = "<group>"; };
		B7E13A122A50B57D00C2B7C0 /* LICENSE */ = {isa = PBXFileReference; fileEncoding = 4; lastKnownFileType = text; path = LICENSE; sourceTree = "<group>"; };
		B7E13A152A50B57D00C2B7C0 /* ModerationsQuery.swift */ = {isa = PBXFileReference; fileEncoding = 4; lastKnownFileType = sourcecode.swift; path = ModerationsQuery.swift; sourceTree = "<group>"; };
		B7E13A162A50B57D00C2B7C0 /* ChatQuery.swift */ = {isa = PBXFileReference; fileEncoding = 4; lastKnownFileType = sourcecode.swift; path = ChatQuery.swift; sourceTree = "<group>"; };
		B7E13A172A50B57D00C2B7C0 /* AudioTranscriptionResult.swift */ = {isa = PBXFileReference; fileEncoding = 4; lastKnownFileType = sourcecode.swift; path = AudioTranscriptionResult.swift; sourceTree = "<group>"; };
		B7E13A182A50B57D00C2B7C0 /* ChatStreamResult.swift */ = {isa = PBXFileReference; fileEncoding = 4; lastKnownFileType = sourcecode.swift; path = ChatStreamResult.swift; sourceTree = "<group>"; };
		B7E13A192A50B57D00C2B7C0 /* EditsQuery.swift */ = {isa = PBXFileReference; fileEncoding = 4; lastKnownFileType = sourcecode.swift; path = EditsQuery.swift; sourceTree = "<group>"; };
		B7E13A1A2A50B57D00C2B7C0 /* CompletionsResult.swift */ = {isa = PBXFileReference; fileEncoding = 4; lastKnownFileType = sourcecode.swift; path = CompletionsResult.swift; sourceTree = "<group>"; };
		B7E13A1B2A50B57D00C2B7C0 /* AudioTranscriptionQuery.swift */ = {isa = PBXFileReference; fileEncoding = 4; lastKnownFileType = sourcecode.swift; path = AudioTranscriptionQuery.swift; sourceTree = "<group>"; };
		B7E13A1C2A50B57D00C2B7C0 /* EditsResult.swift */ = {isa = PBXFileReference; fileEncoding = 4; lastKnownFileType = sourcecode.swift; path = EditsResult.swift; sourceTree = "<group>"; };
		B7E13A1E2A50B57D00C2B7C0 /* ModelsResult.swift */ = {isa = PBXFileReference; fileEncoding = 4; lastKnownFileType = sourcecode.swift; path = ModelsResult.swift; sourceTree = "<group>"; };
		B7E13A1F2A50B57D00C2B7C0 /* ModelQuery.swift */ = {isa = PBXFileReference; fileEncoding = 4; lastKnownFileType = sourcecode.swift; path = ModelQuery.swift; sourceTree = "<group>"; };
		B7E13A202A50B57D00C2B7C0 /* Models.swift */ = {isa = PBXFileReference; fileEncoding = 4; lastKnownFileType = sourcecode.swift; path = Models.swift; sourceTree = "<group>"; };
		B7E13A212A50B57D00C2B7C0 /* ModelResult.swift */ = {isa = PBXFileReference; fileEncoding = 4; lastKnownFileType = sourcecode.swift; path = ModelResult.swift; sourceTree = "<group>"; };
		B7E13A222A50B57D00C2B7C0 /* CompletionsQuery.swift */ = {isa = PBXFileReference; fileEncoding = 4; lastKnownFileType = sourcecode.swift; path = CompletionsQuery.swift; sourceTree = "<group>"; };
		B7E13A232A50B57D00C2B7C0 /* EmbeddingsResult.swift */ = {isa = PBXFileReference; fileEncoding = 4; lastKnownFileType = sourcecode.swift; path = EmbeddingsResult.swift; sourceTree = "<group>"; };
		B7E13A242A50B57D00C2B7C0 /* AudioTranslationResult.swift */ = {isa = PBXFileReference; fileEncoding = 4; lastKnownFileType = sourcecode.swift; path = AudioTranslationResult.swift; sourceTree = "<group>"; };
		B7E13A252A50B57D00C2B7C0 /* StreamableQuery.swift */ = {isa = PBXFileReference; fileEncoding = 4; lastKnownFileType = sourcecode.swift; path = StreamableQuery.swift; sourceTree = "<group>"; };
		B7E13A262A50B57D00C2B7C0 /* ChatResult.swift */ = {isa = PBXFileReference; fileEncoding = 4; lastKnownFileType = sourcecode.swift; path = ChatResult.swift; sourceTree = "<group>"; };
		B7E13A272A50B57D00C2B7C0 /* ImagesQuery.swift */ = {isa = PBXFileReference; fileEncoding = 4; lastKnownFileType = sourcecode.swift; path = ImagesQuery.swift; sourceTree = "<group>"; };
		B7E13A282A50B57D00C2B7C0 /* ImagesResult.swift */ = {isa = PBXFileReference; fileEncoding = 4; lastKnownFileType = sourcecode.swift; path = ImagesResult.swift; sourceTree = "<group>"; };
		B7E13A292A50B57D00C2B7C0 /* EmbeddingsQuery.swift */ = {isa = PBXFileReference; fileEncoding = 4; lastKnownFileType = sourcecode.swift; path = EmbeddingsQuery.swift; sourceTree = "<group>"; };
		B7E13A2A2A50B57D00C2B7C0 /* AudioTranslationQuery.swift */ = {isa = PBXFileReference; fileEncoding = 4; lastKnownFileType = sourcecode.swift; path = AudioTranslationQuery.swift; sourceTree = "<group>"; };
		B7E13A2B2A50B57D00C2B7C0 /* ModerationsResult.swift */ = {isa = PBXFileReference; fileEncoding = 4; lastKnownFileType = sourcecode.swift; path = ModerationsResult.swift; sourceTree = "<group>"; };
		B7E13A2D2A50B57D00C2B7C0 /* Utilities.swift */ = {isa = PBXFileReference; fileEncoding = 4; lastKnownFileType = sourcecode.swift; path = Utilities.swift; sourceTree = "<group>"; };
		B7E13A2F2A50B57D00C2B7C0 /* APIError.swift */ = {isa = PBXFileReference; fileEncoding = 4; lastKnownFileType = sourcecode.swift; path = APIError.swift; sourceTree = "<group>"; };
		B7E13A312A50B57D00C2B7C0 /* OpenAIProtocol.swift */ = {isa = PBXFileReference; fileEncoding = 4; lastKnownFileType = sourcecode.swift; path = OpenAIProtocol.swift; sourceTree = "<group>"; };
		B7E13A322A50B57D00C2B7C0 /* OpenAIProtocol+Async.swift */ = {isa = PBXFileReference; fileEncoding = 4; lastKnownFileType = sourcecode.swift; path = "OpenAIProtocol+Async.swift"; sourceTree = "<group>"; };
		B7E13A332A50B57D00C2B7C0 /* OpenAIProtocol+Combine.swift */ = {isa = PBXFileReference; fileEncoding = 4; lastKnownFileType = sourcecode.swift; path = "OpenAIProtocol+Combine.swift"; sourceTree = "<group>"; };
		B7E13A352A50B57D00C2B7C0 /* MultipartFormDataRequest.swift */ = {isa = PBXFileReference; fileEncoding = 4; lastKnownFileType = sourcecode.swift; path = MultipartFormDataRequest.swift; sourceTree = "<group>"; };
		B7E13A362A50B57D00C2B7C0 /* MultipartFormDataBodyBuilder.swift */ = {isa = PBXFileReference; fileEncoding = 4; lastKnownFileType = sourcecode.swift; path = MultipartFormDataBodyBuilder.swift; sourceTree = "<group>"; };
		B7E13A372A50B57D00C2B7C0 /* StreamingSession.swift */ = {isa = PBXFileReference; fileEncoding = 4; lastKnownFileType = sourcecode.swift; path = StreamingSession.swift; sourceTree = "<group>"; };
		B7E13A382A50B57D00C2B7C0 /* MultipartFormDataEntry.swift */ = {isa = PBXFileReference; fileEncoding = 4; lastKnownFileType = sourcecode.swift; path = MultipartFormDataEntry.swift; sourceTree = "<group>"; };
		B7E13A392A50B57D00C2B7C0 /* URLSessionProtocol.swift */ = {isa = PBXFileReference; fileEncoding = 4; lastKnownFileType = sourcecode.swift; path = URLSessionProtocol.swift; sourceTree = "<group>"; };
		B7E13A3A2A50B57D00C2B7C0 /* MultipartFormDataBodyEncodable.swift */ = {isa = PBXFileReference; fileEncoding = 4; lastKnownFileType = sourcecode.swift; path = MultipartFormDataBodyEncodable.swift; sourceTree = "<group>"; };
		B7E13A3B2A50B57D00C2B7C0 /* URLRequestBuildable.swift */ = {isa = PBXFileReference; fileEncoding = 4; lastKnownFileType = sourcecode.swift; path = URLRequestBuildable.swift; sourceTree = "<group>"; };
		B7E13A3C2A50B57D00C2B7C0 /* JSONRequest.swift */ = {isa = PBXFileReference; fileEncoding = 4; lastKnownFileType = sourcecode.swift; path = JSONRequest.swift; sourceTree = "<group>"; };
		B7E13A3D2A50B57D00C2B7C0 /* URLSessionDataTaskProtocol.swift */ = {isa = PBXFileReference; fileEncoding = 4; lastKnownFileType = sourcecode.swift; path = URLSessionDataTaskProtocol.swift; sourceTree = "<group>"; };
		B7E15E6D29E6F8920056A325 /* Xcodegen.swift */ = {isa = PBXFileReference; lastKnownFileType = sourcecode.swift; path = Xcodegen.swift; sourceTree = "<group>"; };
		B7E576C329EBE6B300CB6A10 /* LibWhisper.swift */ = {isa = PBXFileReference; fileEncoding = 4; lastKnownFileType = sourcecode.swift; path = LibWhisper.swift; sourceTree = "<group>"; };
		B7E576C629EBE74200CB6A10 /* Swifty-GPT-Bridging-Header.h */ = {isa = PBXFileReference; lastKnownFileType = sourcecode.c.h; path = "Swifty-GPT-Bridging-Header.h"; sourceTree = "<group>"; };
		B7EE1FC129F4E351007A7B6B /* Debate.swift */ = {isa = PBXFileReference; lastKnownFileType = sourcecode.swift; path = Debate.swift; sourceTree = "<group>"; };
		B7EF2A2C2A0C5A6E0048CFFC /* ImageAssetCommands.swift */ = {isa = PBXFileReference; lastKnownFileType = sourcecode.swift; path = ImageAssetCommands.swift; sourceTree = "<group>"; };
		B7F50A6629F3BCBD00A8485C /* SwiftSageStatusBarXFace.swift */ = {isa = PBXFileReference; lastKnownFileType = sourcecode.swift; path = SwiftSageStatusBarXFace.swift; sourceTree = "<group>"; };
		B7F50A6B29F3C21200A8485C /* SwiftSageStatusBar */ = {isa = PBXFileReference; lastKnownFileType = "compiled.mach-o.executable"; path = SwiftSageStatusBar; sourceTree = "<group>"; };
		B7F50A6C29F3C21200A8485C /* SwiftSageStatusBar.swiftmodule */ = {isa = PBXFileReference; lastKnownFileType = folder; path = SwiftSageStatusBar.swiftmodule; sourceTree = "<group>"; };
		B7FB0BCF29FC17F200421573 /* Reminders.swift */ = {isa = PBXFileReference; lastKnownFileType = sourcecode.swift; path = Reminders.swift; sourceTree = "<group>"; };
/* End PBXFileReference section */

/* Begin PBXFrameworksBuildPhase section */
		B7139CD929E147910049ADE1 /* Frameworks */ = {
			isa = PBXFrameworksBuildPhase;
			buildActionMask = 2147483647;
			files = (
				B737F41529F8955100E57577 /* ScreenCaptureKit.framework in Frameworks */,
				B71EB87A2A21510D00D87C6F /* ZIPFoundation in Frameworks */,
				B78C6C2729F3129300AA568A /* PNG in Frameworks */,
				B768CE9D29EB3F8500B8A9E4 /* AudioUnit.framework in Frameworks */,
				B768CE9F29EB3F8500B8A9E4 /* AudioVideoBridging.framework in Frameworks */,
				B719B22C29ECBA24003358C2 /* SwiftyTesseract in Frameworks */,
				B70FD6BA29EBB44D0099A0D1 /* AudioKit in Frameworks */,
				B75709C42A8DE58F003E5894 /* XcodeProj in Frameworks */,
				B768CE9E29EB3F8500B8A9E4 /* AudioToolbox.framework in Frameworks */,
				B74A169429F1FA54006A0605 /* SourceKittenFramework in Frameworks */,
				B7D2FD3229F18202003EBCA9 /* SwiftSoup in Frameworks */,
				B7CA77A229F6A84500A9DBE6 /* Starscream in Frameworks */,
			);
			runOnlyForDeploymentPostprocessing = 0;
		};
/* End PBXFrameworksBuildPhase section */

/* Begin PBXGroup section */
		B7139CD329E147910049ADE1 = {
			isa = PBXGroup;
			children = (
				B7E13A102A50B57D00C2B7C0 /* OpenAI */,
				B7C446312A2A34E400B03FF5 /* configure.swift */,
				B7139CDE29E147910049ADE1 /* Swifty-GPT */,
				B7C3889329F224FE0074659D /* SwiftyGPTTests */,
				B7139CDD29E147910049ADE1 /* Products */,
				B768CE9929EB3F8500B8A9E4 /* Frameworks */,
			);
			sourceTree = "<group>";
		};
		B7139CDD29E147910049ADE1 /* Products */ = {
			isa = PBXGroup;
			children = (
				B7139CDC29E147910049ADE1 /* LogicSageCommandLine */,
			);
			name = Products;
			sourceTree = "<group>";
		};
		B7139CDE29E147910049ADE1 /* Swifty-GPT */ = {
			isa = PBXGroup;
			children = (
				B7EDA0282A7637D100E47D7D /* scripts */,
				B719B22829ECB8AF003358C2 /* AEyes.swift */,
				B7717D2529EFA56D005141AB /* AssisAI.swift */,
				B729B13D29F992D300BA6752 /* Audio */,
				B729B13B29F975F600BA6752 /* Command */,
				B74E620E29F03EB90065DF88 /* Config.swift */,
				B737F41C29F897DE00E57577 /* Eggland.swift */,
				B7A4404A29E7499000E7C065 /* exampleOutput */,
				B7D6517029EC847E00ED8BAE /* ggml.c */,
				B7D6517129EC847E00ED8BAE /* ggml.h */,
				71FD62B029EF739900C6EC34 /* GPT-Info.plist */,
				B70B44D729EAD91900C45773 /* GPT.swift */,
				B7BACF6129E25F4B006B065B /* Info.plist */,
				B7139CDF29E147910049ADE1 /* main.swift */,
				B7D6517B29EC88C000ED8BAE /* MOdel */,
				B7D1609D29F30CF300244188 /* movies */,
				B74486DD29E79D7C002D1D5A /* Prompt.swift */,
				B78AC0F229EE1A9400BC7227 /* PromptLibrary.swift */,
				B7FB0BCF29FC17F200421573 /* Reminders.swift */,
				B70CF18129F0980800993AAF /* SageWare.swift */,
				B737F41E29F8997300E57577 /* Screencapture */,
				B737F40429F8153B00E57577 /* Spotify.swift */,
				B774605B29FBF12F00E7C46B /* StarTrekSimuilator.swift */,
				B774605929FBE2FA00E7C46B /* Stocks.swift */,
				B74B21D72A1D1D1100B3282E /* SwiftStageStatusBar */,
				B7E576C629EBE74200CB6A10 /* Swifty-GPT-Bridging-Header.h */,
				B7139CE729E1EDBA0049ADE1 /* Swifty-GPT.entitlements */,
				B729B13F29F99DA800BA6752 /* Therapy.swift */,
				B74B21D62A1D1CF700B3282E /* trivia */,
				B729B14329F9B42800BA6752 /* Utilities */,
				B7D6517329EC847E00ED8BAE /* whisper.h */,
				B7D6517829EC85F200ED8BAE /* whisper.MYFILE.cpp */,
				B7CB60B129F184F3006BFF8D /* WrapSoup.swift */,
			);
			path = "Swifty-GPT";
			sourceTree = "<group>";
		};
		B729B13B29F975F600BA6752 /* Command */ = {
			isa = PBXGroup;
			children = (
				B71EB8762A213F5400D87C6F /* WorkspaceCommands.swift */,
				B70CF18329F0985E00993AAF /* ApplescriptCommand.swift */,
				B775BF7829EB78B0007FA7AE /* Command.swift */,
				B74746A729F40FCD00075010 /* CommandTable.swift */,
				B7EE1FC129F4E351007A7B6B /* Debate.swift */,
				B762E69E29FAB8AE00AC5150 /* DebatePrompts.swift */,
				B7717D2829EFA624005141AB /* Googler.swift */,
				B7EF2A2C2A0C5A6E0048CFFC /* ImageAssetCommands.swift */,
				B75AFC4329EA8140003BA454 /* Input.swift */,
				B7CB60B329F1884F006BFF8D /* Linker.swift */,
				B748C2F829F5F329000F5F14 /* LocalPeerConsole.swift */,
				B71C62F12A00A47F004296E4 /* Multiprinter.swift */,
				B71C62EF2A0063A4004296E4 /* Reset.swift */,
				B7B40F8529E4AC5300D2DDFC /* XcodeCommand.swift */,
				B78F3AB12A9462ED0044B4A6 /* XcodeCommand+XcodeBuild.swift */,
				B78F3AB32A9463C30044B4A6 /* XcodeCommand+Xcrun.swift */,
				B7E15E6D29E6F8920056A325 /* Xcodegen.swift */,
				B71EB8742A20F8D000D87C6F /* LogicWebsocketClient.swift */,
				B7BE953F2A8ED0BA0065A58B /* XcodeProjHandler.swift */,
				B7BE95412A8ED0DB0065A58B /* Project.swift */,
			);
			path = Command;
			sourceTree = "<group>";
		};
		B729B13D29F992D300BA6752 /* Audio */ = {
			isa = PBXGroup;
			children = (
				B768CE9729EB3EAF00B8A9E4 /* AudioProcessor.swift */,
				B7538D1F29F41FA000243E9B /* AVVoice.swift */,
				B7E576C329EBE6B300CB6A10 /* LibWhisper.swift */,
				B791552C29EDBB0300DE34FC /* Speak.swift */,
				B70FD6B629EBB3290099A0D1 /* SWWrapper.swift */,
			);
			path = Audio;
			sourceTree = "<group>";
		};
		B729B14329F9B42800BA6752 /* Utilities */ = {
			isa = PBXGroup;
			children = (
				B768CE9529EB157700B8A9E4 /* AsciiAnimator.swift */,
				B70B44DC29EAFBFE00C45773 /* AsciiText.swift */,
				B70B44D529EAD85B00C45773 /* Files.swift */,
				B70CF17B29F07ACD00993AAF /* Loding.swift */,
				71FD62B129EF75AC00C6EC34 /* plistHelper.swift */,
				B70CF17F29F08C7C00993AAF /* Regex.swift */,
				B75AFC4129EA7EF3003BA454 /* SpinnerThread.swift */,
				B74A169529F1FA63006A0605 /* SrcCat.swift */,
				B74E620C29EFB61C0065DF88 /* StringSLug.swift */,
				B76BF95D29E4AF5400F6420E /* SwiftyGPTUtilities.swift */,
				B70B44DA29EAF9B500C45773 /* Terminal.swift */,
				B70B44D329EAD61900C45773 /* Text.swift */,
			);
			path = Utilities;
			sourceTree = "<group>";
		};
		B737F41E29F8997300E57577 /* Screencapture */ = {
			isa = PBXGroup;
			children = (
				B737F41A29F8961200E57577 /* ScreenCaptureKitWrapper.swift */,
				B71BE6C72A1DB4E500DAEC34 /* PixelScan.swift */,
			);
			path = Screencapture;
			sourceTree = "<group>";
		};
		B74B21D62A1D1CF700B3282E /* trivia */ = {
			isa = PBXGroup;
			children = (
				B7D1609729F2B48C00244188 /* Trivia.swift */,
				B7D1609A29F2B4CC00244188 /* objective-c-quiz.md */,
				B7D1609929F2B4CC00244188 /* swift-quiz.md */,
			);
			name = trivia;
			sourceTree = "<group>";
		};
		B74B21D72A1D1D1100B3282E /* SwiftStageStatusBar */ = {
			isa = PBXGroup;
			children = (
				B7F50A6B29F3C21200A8485C /* SwiftSageStatusBar */,
				B7F50A6C29F3C21200A8485C /* SwiftSageStatusBar.swiftmodule */,
				B7F50A6629F3BCBD00A8485C /* SwiftSageStatusBarXFace.swift */,
			);
			name = SwiftStageStatusBar;
			sourceTree = "<group>";
		};
		B768CE9929EB3F8500B8A9E4 /* Frameworks */ = {
			isa = PBXGroup;
			children = (
				B737F41429F8955100E57577 /* ScreenCaptureKit.framework */,
				B748C2F029F5EA62000F5F14 /* MultipeerConnectivity.framework */,
				B75FC59D29F5D58000A75EAF /* libcerevoice_eng.dylib */,
				B75FC59B29F5D52000A75EAF /* libcerevoice_aud.a */,
				B75FC59929F5D51000A75EAF /* libcerevoice_eng.a */,
				B768CE9B29EB3F8500B8A9E4 /* AudioToolbox.framework */,
				B768CE9A29EB3F8500B8A9E4 /* AudioUnit.framework */,
				B768CE9C29EB3F8500B8A9E4 /* AudioVideoBridging.framework */,
			);
			name = Frameworks;
			sourceTree = "<group>";
		};
		B7A4404A29E7499000E7C065 /* exampleOutput */ = {
			isa = PBXGroup;
			children = (
				B72CDF7129E72E3E0041D704 /* dots_boxes_prompt.txt */,
				B740F56529E7B891007ADED8 /* CommonErrors.txt */,
				B70B44D929EAF0E400C45773 /* physicsSceneOutput.txt */,
				B7A4404B29E749CB00E7C065 /* createAppWithLibary_output.txt */,
				B7A4404929E7438A00E7C065 /* example_mandlebrot_output.txt */,
				B76BF95C29E4AD2800F6420E /* example_output.txt */,
				B75AFC4029EA7207003BA454 /* lsystem_output */,
				B7D1609129F2497200244188 /* Gitstar */,
			);
			path = exampleOutput;
			sourceTree = "<group>";
		};
		B7C3889329F224FE0074659D /* SwiftyGPTTests */ = {
			isa = PBXGroup;
			children = (
			);
			path = SwiftyGPTTests;
			sourceTree = "<group>";
		};
		B7D1609D29F30CF300244188 /* movies */ = {
			isa = PBXGroup;
			children = (
				B7D160A629F30D4900244188 /* Movies.swift */,
				B7D160A029F30D0A00244188 /* IMG_5563.PNG */,
				B7D160A129F30D0A00244188 /* IMG_5564.png */,
				B7D1609E29F30D0A00244188 /* IMG_5565.png */,
				B7D1609F29F30D0A00244188 /* IMG_5566.png */,
			);
			name = movies;
			sourceTree = "<group>";
		};
		B7D6517B29EC88C000ED8BAE /* MOdel */ = {
			isa = PBXGroup;
			children = (
			);
			name = MOdel;
			sourceTree = "<group>";
		};
		B7E13A102A50B57D00C2B7C0 /* OpenAI */ = {
			isa = PBXGroup;
			children = (
				B7E13A112A50B57D00C2B7C0 /* OpenAI.swift */,
				B7E13A122A50B57D00C2B7C0 /* LICENSE */,
				B7E13A132A50B57D00C2B7C0 /* Public */,
				B7E13A342A50B57D00C2B7C0 /* Private */,
			);
			name = OpenAI;
			path = LogicSage/OpenAI;
			sourceTree = "<group>";
		};
		B7E13A132A50B57D00C2B7C0 /* Public */ = {
			isa = PBXGroup;
			children = (
				B7E13A142A50B57D00C2B7C0 /* Models */,
				B7E13A2C2A50B57D00C2B7C0 /* Utilities */,
				B7E13A2E2A50B57D00C2B7C0 /* Errors */,
				B7E13A302A50B57D00C2B7C0 /* Protocols */,
			);
			path = Public;
			sourceTree = "<group>";
		};
		B7E13A142A50B57D00C2B7C0 /* Models */ = {
			isa = PBXGroup;
			children = (
				B7E13A152A50B57D00C2B7C0 /* ModerationsQuery.swift */,
				B7E13A162A50B57D00C2B7C0 /* ChatQuery.swift */,
				B7E13A172A50B57D00C2B7C0 /* AudioTranscriptionResult.swift */,
				B7E13A182A50B57D00C2B7C0 /* ChatStreamResult.swift */,
				B7E13A192A50B57D00C2B7C0 /* EditsQuery.swift */,
				B7E13A1A2A50B57D00C2B7C0 /* CompletionsResult.swift */,
				B7E13A1B2A50B57D00C2B7C0 /* AudioTranscriptionQuery.swift */,
				B7E13A1C2A50B57D00C2B7C0 /* EditsResult.swift */,
				B7E13A1D2A50B57D00C2B7C0 /* Models */,
				B7E13A222A50B57D00C2B7C0 /* CompletionsQuery.swift */,
				B7E13A232A50B57D00C2B7C0 /* EmbeddingsResult.swift */,
				B7E13A242A50B57D00C2B7C0 /* AudioTranslationResult.swift */,
				B7E13A252A50B57D00C2B7C0 /* StreamableQuery.swift */,
				B7E13A262A50B57D00C2B7C0 /* ChatResult.swift */,
				B7E13A272A50B57D00C2B7C0 /* ImagesQuery.swift */,
				B7E13A282A50B57D00C2B7C0 /* ImagesResult.swift */,
				B7E13A292A50B57D00C2B7C0 /* EmbeddingsQuery.swift */,
				B7E13A2A2A50B57D00C2B7C0 /* AudioTranslationQuery.swift */,
				B7E13A2B2A50B57D00C2B7C0 /* ModerationsResult.swift */,
			);
			path = Models;
			sourceTree = "<group>";
		};
		B7E13A1D2A50B57D00C2B7C0 /* Models */ = {
			isa = PBXGroup;
			children = (
				B7E13A1E2A50B57D00C2B7C0 /* ModelsResult.swift */,
				B7E13A1F2A50B57D00C2B7C0 /* ModelQuery.swift */,
				B7E13A202A50B57D00C2B7C0 /* Models.swift */,
				B7E13A212A50B57D00C2B7C0 /* ModelResult.swift */,
			);
			path = Models;
			sourceTree = "<group>";
		};
		B7E13A2C2A50B57D00C2B7C0 /* Utilities */ = {
			isa = PBXGroup;
			children = (
				B7E13A2D2A50B57D00C2B7C0 /* Utilities.swift */,
			);
			path = Utilities;
			sourceTree = "<group>";
		};
		B7E13A2E2A50B57D00C2B7C0 /* Errors */ = {
			isa = PBXGroup;
			children = (
				B7E13A2F2A50B57D00C2B7C0 /* APIError.swift */,
			);
			path = Errors;
			sourceTree = "<group>";
		};
		B7E13A302A50B57D00C2B7C0 /* Protocols */ = {
			isa = PBXGroup;
			children = (
				B7E13A312A50B57D00C2B7C0 /* OpenAIProtocol.swift */,
				B7E13A322A50B57D00C2B7C0 /* OpenAIProtocol+Async.swift */,
				B7E13A332A50B57D00C2B7C0 /* OpenAIProtocol+Combine.swift */,
			);
			path = Protocols;
			sourceTree = "<group>";
		};
		B7E13A342A50B57D00C2B7C0 /* Private */ = {
			isa = PBXGroup;
			children = (
				B7E13A352A50B57D00C2B7C0 /* MultipartFormDataRequest.swift */,
				B7E13A362A50B57D00C2B7C0 /* MultipartFormDataBodyBuilder.swift */,
				B7E13A372A50B57D00C2B7C0 /* StreamingSession.swift */,
				B7E13A382A50B57D00C2B7C0 /* MultipartFormDataEntry.swift */,
				B7E13A392A50B57D00C2B7C0 /* URLSessionProtocol.swift */,
				B7E13A3A2A50B57D00C2B7C0 /* MultipartFormDataBodyEncodable.swift */,
				B7E13A3B2A50B57D00C2B7C0 /* URLRequestBuildable.swift */,
				B7E13A3C2A50B57D00C2B7C0 /* JSONRequest.swift */,
				B7E13A3D2A50B57D00C2B7C0 /* URLSessionDataTaskProtocol.swift */,
			);
			path = Private;
			sourceTree = "<group>";
		};
		B7EDA0282A7637D100E47D7D /* scripts */ = {
			isa = PBXGroup;
			children = (
				B7BACF6029E25D03006B065B /* add_file_to_project.rb */,
				B713384D29ED80F000020CC9 /* app_screenshot.applescript */,
			);
			name = scripts;
			sourceTree = "<group>";
		};
/* End PBXGroup section */

/* Begin PBXNativeTarget section */
		B7139CDB29E147910049ADE1 /* LogicSageCommandLine */ = {
			isa = PBXNativeTarget;
			buildConfigurationList = B7139CE329E147910049ADE1 /* Build configuration list for PBXNativeTarget "LogicSageCommandLine" */;
			buildPhases = (
				B7139CD829E147910049ADE1 /* Sources */,
				B7139CD929E147910049ADE1 /* Frameworks */,
				B7139CDA29E147910049ADE1 /* CopyFiles */,
			);
			buildRules = (
			);
			dependencies = (
				B7225D7929F3A8AD001FCE33 /* PBXTargetDependency */,
				B7C3889C29F225740074659D /* PBXTargetDependency */,
			);
			name = LogicSageCommandLine;
			packageProductDependencies = (
				B70FD6B929EBB44D0099A0D1 /* AudioKit */,
				B719B22B29ECBA24003358C2 /* SwiftyTesseract */,
				B7D2FD3129F18202003EBCA9 /* SwiftSoup */,
				B74A169329F1FA54006A0605 /* SourceKittenFramework */,
				B78C6C2629F3129300AA568A /* PNG */,
				B7CA77A129F6A84500A9DBE6 /* Starscream */,
				B71EB8792A21510D00D87C6F /* ZIPFoundation */,
				B75709C32A8DE58F003E5894 /* XcodeProj */,
			);
			productName = "Swifty-GPT";
			productReference = B7139CDC29E147910049ADE1 /* LogicSageCommandLine */;
			productType = "com.apple.product-type.tool";
		};
/* End PBXNativeTarget section */

/* Begin PBXProject section */
		B7139CD429E147910049ADE1 /* Project object */ = {
			isa = PBXProject;
			attributes = {
				BuildIndependentTargetsInParallel = 1;
				LastSwiftUpdateCheck = 1430;
				LastUpgradeCheck = 1430;
				TargetAttributes = {
					B7139CDB29E147910049ADE1 = {
						CreatedOnToolsVersion = 14.3;
						LastSwiftMigration = 1430;
					};
				};
			};
			buildConfigurationList = B7139CD729E147910049ADE1 /* Build configuration list for PBXProject "LogicSageCommandLine" */;
			compatibilityVersion = "Xcode 14.0";
			developmentRegion = en;
			hasScannedForEncodings = 0;
			knownRegions = (
				en,
				Base,
			);
			mainGroup = B7139CD329E147910049ADE1;
			packageReferences = (
				B70FD6B829EBB44D0099A0D1 /* XCRemoteSwiftPackageReference "AudioKit" */,
				B719B22A29ECBA24003358C2 /* XCRemoteSwiftPackageReference "SwiftyTesseract" */,
				B7D2FD3029F18202003EBCA9 /* XCRemoteSwiftPackageReference "SwiftSoup" */,
				B74A169229F1FA54006A0605 /* XCRemoteSwiftPackageReference "SourceKitten" */,
				B78C6C2529F3129300AA568A /* XCRemoteSwiftPackageReference "swift-png" */,
				B7CA77A029F6A84500A9DBE6 /* XCRemoteSwiftPackageReference "Starscream" */,
				B71EB8782A21510D00D87C6F /* XCRemoteSwiftPackageReference "ZIPFoundation" */,
				B75709C22A8DE58F003E5894 /* XCRemoteSwiftPackageReference "XcodeProj" */,
			);
			productRefGroup = B7139CDD29E147910049ADE1 /* Products */;
			projectDirPath = "";
			projectRoot = "";
			targets = (
				B7139CDB29E147910049ADE1 /* LogicSageCommandLine */,
			);
		};
/* End PBXProject section */

/* Begin PBXSourcesBuildPhase section */
		B7139CD829E147910049ADE1 /* Sources */ = {
			isa = PBXSourcesBuildPhase;
			buildActionMask = 2147483647;
			files = (
				B7E13A4B2A50B57D00C2B7C0 /* CompletionsQuery.swift in Sources */,
				B7E13A532A50B57D00C2B7C0 /* AudioTranslationQuery.swift in Sources */,
				B70FD6B729EBB3290099A0D1 /* SWWrapper.swift in Sources */,
				B7E13A402A50B57D00C2B7C0 /* ChatQuery.swift in Sources */,
				B70B44DD29EAFBFE00C45773 /* AsciiText.swift in Sources */,
				B75AFC4229EA7EF3003BA454 /* SpinnerThread.swift in Sources */,
				B748C2F929F5F329000F5F14 /* LocalPeerConsole.swift in Sources */,
				B713384E29ED80F000020CC9 /* app_screenshot.applescript in Sources */,
				B7E13A562A50B57D00C2B7C0 /* APIError.swift in Sources */,
				B7E13A4D2A50B57D00C2B7C0 /* AudioTranslationResult.swift in Sources */,
				B70B44D429EAD61900C45773 /* Text.swift in Sources */,
				B70CF18429F0985E00993AAF /* ApplescriptCommand.swift in Sources */,
				B7E13A5C2A50B57D00C2B7C0 /* StreamingSession.swift in Sources */,
				B7E576C429EBE6B300CB6A10 /* LibWhisper.swift in Sources */,
				B71BE6C82A1DB4E500DAEC34 /* PixelScan.swift in Sources */,
				B774605C29FBF12F00E7C46B /* StarTrekSimuilator.swift in Sources */,
				B7E13A3F2A50B57D00C2B7C0 /* ModerationsQuery.swift in Sources */,
				B7E13A502A50B57D00C2B7C0 /* ImagesQuery.swift in Sources */,
				B729B14029F99DA800BA6752 /* Therapy.swift in Sources */,
				B74E620D29EFB61C0065DF88 /* StringSLug.swift in Sources */,
				B7E13A622A50B57D00C2B7C0 /* URLSessionDataTaskProtocol.swift in Sources */,
				B7E13A462A50B57D00C2B7C0 /* EditsResult.swift in Sources */,
				B7E13A512A50B57D00C2B7C0 /* ImagesResult.swift in Sources */,
				B76BF95E29E4AF5400F6420E /* SwiftyGPTUtilities.swift in Sources */,
				B7EE1FC229F4E351007A7B6B /* Debate.swift in Sources */,
				71FD62B229EF75AC00C6EC34 /* plistHelper.swift in Sources */,
				B7E13A4C2A50B57D00C2B7C0 /* EmbeddingsResult.swift in Sources */,
				B7717D2729EFA56D005141AB /* AssisAI.swift in Sources */,
				B71EB8752A20F8D000D87C6F /* LogicWebsocketClient.swift in Sources */,
				B7E13A582A50B57D00C2B7C0 /* OpenAIProtocol+Async.swift in Sources */,
				B74746A829F40FCD00075010 /* CommandTable.swift in Sources */,
				B7E13A5F2A50B57D00C2B7C0 /* MultipartFormDataBodyEncodable.swift in Sources */,
				B7E13A482A50B57D00C2B7C0 /* ModelQuery.swift in Sources */,
				B7E13A3E2A50B57D00C2B7C0 /* OpenAI.swift in Sources */,
				B7E13A5A2A50B57D00C2B7C0 /* MultipartFormDataRequest.swift in Sources */,
				B71C62F02A0063A4004296E4 /* Reset.swift in Sources */,
				B7D6517929EC85F200ED8BAE /* whisper.MYFILE.cpp in Sources */,
				B7139CE029E147910049ADE1 /* main.swift in Sources */,
				B7EF2A2D2A0C5A6E0048CFFC /* ImageAssetCommands.swift in Sources */,
				B791552D29EDBB0300DE34FC /* Speak.swift in Sources */,
				B7E15E6E29E6F8920056A325 /* Xcodegen.swift in Sources */,
				B7D160A729F30D4900244188 /* Movies.swift in Sources */,
				B7E13A572A50B57D00C2B7C0 /* OpenAIProtocol.swift in Sources */,
				B7717D2929EFA625005141AB /* Googler.swift in Sources */,
				B7E13A4F2A50B57D00C2B7C0 /* ChatResult.swift in Sources */,
				B7E13A602A50B57D00C2B7C0 /* URLRequestBuildable.swift in Sources */,
				B7E13A552A50B57D00C2B7C0 /* Utilities.swift in Sources */,
				B7D1609829F2B48C00244188 /* Trivia.swift in Sources */,
				B7CB60B429F1884F006BFF8D /* Linker.swift in Sources */,
				B7E13A472A50B57D00C2B7C0 /* ModelsResult.swift in Sources */,
				B775BF7929EB7A81007FA7AE /* Command.swift in Sources */,
				B7E13A492A50B57D00C2B7C0 /* Models.swift in Sources */,
				B7D6517529EC847E00ED8BAE /* ggml.c in Sources */,
				B7E13A542A50B57D00C2B7C0 /* ModerationsResult.swift in Sources */,
				B737F40529F8153B00E57577 /* Spotify.swift in Sources */,
				B7BE95402A8ED0BA0065A58B /* XcodeProjHandler.swift in Sources */,
				B74E620F29F03EB90065DF88 /* Config.swift in Sources */,
				B7B40F8629E4AC5300D2DDFC /* XcodeCommand.swift in Sources */,
				B7FB0BD029FC17F200421573 /* Reminders.swift in Sources */,
				B768CE9829EB3EB300B8A9E4 /* AudioProcessor.swift in Sources */,
				B7E13A412A50B57D00C2B7C0 /* AudioTranscriptionResult.swift in Sources */,
				B7E13A5D2A50B57D00C2B7C0 /* MultipartFormDataEntry.swift in Sources */,
				B78F3AB42A9463C30044B4A6 /* XcodeCommand+Xcrun.swift in Sources */,
				B719B22929ECB8AF003358C2 /* AEyes.swift in Sources */,
				B7BE95422A8ED0DB0065A58B /* Project.swift in Sources */,
				B737F41D29F897DE00E57577 /* Eggland.swift in Sources */,
				B78AC0F329EE1A9400BC7227 /* PromptLibrary.swift in Sources */,
				B7E13A612A50B57D00C2B7C0 /* JSONRequest.swift in Sources */,
				B7538D2029F41FA000243E9B /* AVVoice.swift in Sources */,
				B7E13A4E2A50B57D00C2B7C0 /* StreamableQuery.swift in Sources */,
				B7E13A4A2A50B57D00C2B7C0 /* ModelResult.swift in Sources */,
				B7E13A442A50B57D00C2B7C0 /* CompletionsResult.swift in Sources */,
				B70B44D629EAD85B00C45773 /* Files.swift in Sources */,
				B7F50A6729F3BCBD00A8485C /* SwiftSageStatusBarXFace.swift in Sources */,
				B70CF18229F0980800993AAF /* SageWare.swift in Sources */,
				B7E13A5E2A50B57D00C2B7C0 /* URLSessionProtocol.swift in Sources */,
				B7E13A522A50B57D00C2B7C0 /* EmbeddingsQuery.swift in Sources */,
				B762E69F29FAB8AE00AC5150 /* DebatePrompts.swift in Sources */,
				B7E13A452A50B57D00C2B7C0 /* AudioTranscriptionQuery.swift in Sources */,
				B75AFC4429EA8140003BA454 /* Input.swift in Sources */,
				B70CF18029F08C7C00993AAF /* Regex.swift in Sources */,
				B70B44DB29EAF9B500C45773 /* Terminal.swift in Sources */,
				B70B44D829EAD91900C45773 /* GPT.swift in Sources */,
				B7CB60B229F184F3006BFF8D /* WrapSoup.swift in Sources */,
				B7E13A5B2A50B57D00C2B7C0 /* MultipartFormDataBodyBuilder.swift in Sources */,
				B7E13A432A50B57D00C2B7C0 /* EditsQuery.swift in Sources */,
				B7E13A422A50B57D00C2B7C0 /* ChatStreamResult.swift in Sources */,
				B71EB8772A213F5400D87C6F /* WorkspaceCommands.swift in Sources */,
				B768CE9629EB163800B8A9E4 /* AsciiAnimator.swift in Sources */,
				B78F3AB22A9462ED0044B4A6 /* XcodeCommand+XcodeBuild.swift in Sources */,
				B774605A29FBE2FA00E7C46B /* Stocks.swift in Sources */,
				B74486DE29E79D7D002D1D5A /* Prompt.swift in Sources */,
				B737F41B29F8961200E57577 /* ScreenCaptureKitWrapper.swift in Sources */,
				B71C62F22A00A47F004296E4 /* Multiprinter.swift in Sources */,
				B7E13A592A50B57D00C2B7C0 /* OpenAIProtocol+Combine.swift in Sources */,
				B70CF17C29F07ACD00993AAF /* Loding.swift in Sources */,
				B74A169629F1FA63006A0605 /* SrcCat.swift in Sources */,
			);
			runOnlyForDeploymentPostprocessing = 0;
		};
/* End PBXSourcesBuildPhase section */

/* Begin PBXTargetDependency section */
		B7225D7929F3A8AD001FCE33 /* PBXTargetDependency */ = {
			isa = PBXTargetDependency;
			productRef = B7225D7829F3A8AD001FCE33 /* StatusBar */;
		};
		B7C3889C29F225740074659D /* PBXTargetDependency */ = {
			isa = PBXTargetDependency;
			productRef = B7C3889B29F225740074659D /* SourceKittenFramework */;
		};
/* End PBXTargetDependency section */

/* Begin XCBuildConfiguration section */
		B7139CE129E147910049ADE1 /* Debug */ = {
			isa = XCBuildConfiguration;
			buildSettings = {
				ALWAYS_SEARCH_USER_PATHS = NO;
				CLANG_ANALYZER_NONNULL = YES;
				CLANG_ANALYZER_NUMBER_OBJECT_CONVERSION = YES_AGGRESSIVE;
				CLANG_CXX_LANGUAGE_STANDARD = "gnu++20";
				CLANG_ENABLE_MODULES = YES;
				CLANG_ENABLE_OBJC_ARC = YES;
				CLANG_ENABLE_OBJC_WEAK = YES;
				CLANG_WARN_BLOCK_CAPTURE_AUTORELEASING = YES;
				CLANG_WARN_BOOL_CONVERSION = YES;
				CLANG_WARN_COMMA = YES;
				CLANG_WARN_CONSTANT_CONVERSION = YES;
				CLANG_WARN_DEPRECATED_OBJC_IMPLEMENTATIONS = YES;
				CLANG_WARN_DIRECT_OBJC_ISA_USAGE = YES_ERROR;
				CLANG_WARN_DOCUMENTATION_COMMENTS = YES;
				CLANG_WARN_EMPTY_BODY = YES;
				CLANG_WARN_ENUM_CONVERSION = YES;
				CLANG_WARN_INFINITE_RECURSION = YES;
				CLANG_WARN_INT_CONVERSION = YES;
				CLANG_WARN_NON_LITERAL_NULL_CONVERSION = YES;
				CLANG_WARN_OBJC_IMPLICIT_RETAIN_SELF = YES;
				CLANG_WARN_OBJC_LITERAL_CONVERSION = YES;
				CLANG_WARN_OBJC_ROOT_CLASS = YES_ERROR;
				CLANG_WARN_QUOTED_INCLUDE_IN_FRAMEWORK_HEADER = YES;
				CLANG_WARN_RANGE_LOOP_ANALYSIS = YES;
				CLANG_WARN_STRICT_PROTOTYPES = YES;
				CLANG_WARN_SUSPICIOUS_MOVE = YES;
				CLANG_WARN_UNGUARDED_AVAILABILITY = YES_AGGRESSIVE;
				CLANG_WARN_UNREACHABLE_CODE = YES;
				CLANG_WARN__DUPLICATE_METHOD_MATCH = YES;
				COPY_PHASE_STRIP = NO;
				DEBUG_INFORMATION_FORMAT = dwarf;
				ENABLE_STRICT_OBJC_MSGSEND = YES;
				ENABLE_TESTABILITY = YES;
				GCC_C_LANGUAGE_STANDARD = gnu11;
				GCC_DYNAMIC_NO_PIC = NO;
				GCC_NO_COMMON_BLOCKS = YES;
				GCC_OPTIMIZATION_LEVEL = 0;
				GCC_PREPROCESSOR_DEFINITIONS = (
					"DEBUG=1",
					"$(inherited)",
				);
				GCC_WARN_64_TO_32_BIT_CONVERSION = YES;
				GCC_WARN_ABOUT_RETURN_TYPE = YES_ERROR;
				GCC_WARN_UNDECLARED_SELECTOR = YES;
				GCC_WARN_UNINITIALIZED_AUTOS = YES_AGGRESSIVE;
				GCC_WARN_UNUSED_FUNCTION = YES;
				GCC_WARN_UNUSED_VARIABLE = YES;
				INFOPLIST_FILE = "Swifty-GPT/Info.plist";
				INFOPLIST_KEY_NSMicrophoneUsageDescription = "Uses your microphone to capture your voice commands";
				MACOSX_DEPLOYMENT_TARGET = 13.2;
				MTL_ENABLE_DEBUG_INFO = INCLUDE_SOURCE;
				MTL_FAST_MATH = YES;
				ONLY_ACTIVE_ARCH = YES;
				SDKROOT = macosx;
				SWIFT_ACTIVE_COMPILATION_CONDITIONS = DEBUG;
				SWIFT_OPTIMIZATION_LEVEL = "-Onone";
			};
			name = Debug;
		};
		B7139CE229E147910049ADE1 /* Release */ = {
			isa = XCBuildConfiguration;
			buildSettings = {
				ALWAYS_SEARCH_USER_PATHS = NO;
				CLANG_ANALYZER_NONNULL = YES;
				CLANG_ANALYZER_NUMBER_OBJECT_CONVERSION = YES_AGGRESSIVE;
				CLANG_CXX_LANGUAGE_STANDARD = "gnu++20";
				CLANG_ENABLE_MODULES = YES;
				CLANG_ENABLE_OBJC_ARC = YES;
				CLANG_ENABLE_OBJC_WEAK = YES;
				CLANG_WARN_BLOCK_CAPTURE_AUTORELEASING = YES;
				CLANG_WARN_BOOL_CONVERSION = YES;
				CLANG_WARN_COMMA = YES;
				CLANG_WARN_CONSTANT_CONVERSION = YES;
				CLANG_WARN_DEPRECATED_OBJC_IMPLEMENTATIONS = YES;
				CLANG_WARN_DIRECT_OBJC_ISA_USAGE = YES_ERROR;
				CLANG_WARN_DOCUMENTATION_COMMENTS = YES;
				CLANG_WARN_EMPTY_BODY = YES;
				CLANG_WARN_ENUM_CONVERSION = YES;
				CLANG_WARN_INFINITE_RECURSION = YES;
				CLANG_WARN_INT_CONVERSION = YES;
				CLANG_WARN_NON_LITERAL_NULL_CONVERSION = YES;
				CLANG_WARN_OBJC_IMPLICIT_RETAIN_SELF = YES;
				CLANG_WARN_OBJC_LITERAL_CONVERSION = YES;
				CLANG_WARN_OBJC_ROOT_CLASS = YES_ERROR;
				CLANG_WARN_QUOTED_INCLUDE_IN_FRAMEWORK_HEADER = YES;
				CLANG_WARN_RANGE_LOOP_ANALYSIS = YES;
				CLANG_WARN_STRICT_PROTOTYPES = YES;
				CLANG_WARN_SUSPICIOUS_MOVE = YES;
				CLANG_WARN_UNGUARDED_AVAILABILITY = YES_AGGRESSIVE;
				CLANG_WARN_UNREACHABLE_CODE = YES;
				CLANG_WARN__DUPLICATE_METHOD_MATCH = YES;
				COPY_PHASE_STRIP = NO;
				DEBUG_INFORMATION_FORMAT = "dwarf-with-dsym";
				ENABLE_NS_ASSERTIONS = NO;
				ENABLE_STRICT_OBJC_MSGSEND = YES;
				GCC_C_LANGUAGE_STANDARD = gnu11;
				GCC_NO_COMMON_BLOCKS = YES;
				GCC_WARN_64_TO_32_BIT_CONVERSION = YES;
				GCC_WARN_ABOUT_RETURN_TYPE = YES_ERROR;
				GCC_WARN_UNDECLARED_SELECTOR = YES;
				GCC_WARN_UNINITIALIZED_AUTOS = YES_AGGRESSIVE;
				GCC_WARN_UNUSED_FUNCTION = YES;
				GCC_WARN_UNUSED_VARIABLE = YES;
				INFOPLIST_FILE = "Swifty-GPT/Info.plist";
				INFOPLIST_KEY_NSMicrophoneUsageDescription = "Uses your microphone to capture your voice commands";
				MACOSX_DEPLOYMENT_TARGET = 13.2;
				MTL_ENABLE_DEBUG_INFO = NO;
				MTL_FAST_MATH = YES;
				SDKROOT = macosx;
				SWIFT_COMPILATION_MODE = wholemodule;
				SWIFT_OPTIMIZATION_LEVEL = "-O";
			};
			name = Release;
		};
		B7139CE429E147910049ADE1 /* Debug */ = {
			isa = XCBuildConfiguration;
			buildSettings = {
				CLANG_ENABLE_MODULES = YES;
				CODE_SIGN_ENTITLEMENTS = "Swifty-GPT/Swifty-GPT.entitlements";
				CODE_SIGN_IDENTITY = "-";
				"CODE_SIGN_IDENTITY[sdk=macosx*]" = "-";
				CODE_SIGN_STYLE = Manual;
				CURRENT_PROJECT_VERSION = 1;
				DEVELOPMENT_TEAM = "";
				ENABLE_APP_SANDBOX = NO;
				ENABLE_HARDENED_RUNTIME = YES;
				ENABLE_USER_SCRIPT_SANDBOXING = YES;
				ENABLE_USER_SELECTED_FILES = readwrite;
				INFOPLIST_FILE = "$(SRCROOT)/Swifty-GPT/Info.plist";
				INFOPLIST_KEY_CFBundleDisplayName = SwiftSage;
				INFOPLIST_KEY_LSApplicationCategoryType = "public.app-category.productivity";
				INFOPLIST_KEY_NSAppleEventsUsageDescription = "Uses apple events to control your computer";
				INFOPLIST_KEY_NSCameraUsageDescription = "Uses your screen to capture your window content.";
				INFOPLIST_KEY_NSLocalNetworkUsageDescription = "Uses your local network to communicate with Swift Sage";
				INFOPLIST_KEY_NSSpeechRecognitionUsageDescription = "Uses Speech recognition so you can talk to the robots";
				LD_RUNPATH_SEARCH_PATHS = "";
				LIBRARY_SEARCH_PATHS = "$(inherited)/**";
				MARKETING_VERSION = 1.0;
				MODULE_NAME = "Swifty-GPT";
				OTHER_LDFLAGS = "";
				PRODUCT_BUNDLE_IDENTIFIER = com.chrisswiftygpt.swiftsage;
				PRODUCT_NAME = "$(TARGET_NAME)";
				PROVISIONING_PROFILE_SPECIFIER = "";
				SWIFT_INCLUDE_PATHS = "$(inherited)/**";
				SWIFT_OBJC_BRIDGING_HEADER = "Swifty-GPT/Swifty-GPT-Bridging-Header.h";
				SWIFT_OPTIMIZATION_LEVEL = "-Onone";
				SWIFT_VERSION = 5.0;
			};
			name = Debug;
		};
		B7139CE529E147910049ADE1 /* Release */ = {
			isa = XCBuildConfiguration;
			buildSettings = {
				CLANG_ENABLE_MODULES = YES;
				CODE_SIGN_ENTITLEMENTS = "Swifty-GPT/Swifty-GPT.entitlements";
				CODE_SIGN_IDENTITY = "-";
				"CODE_SIGN_IDENTITY[sdk=macosx*]" = "-";
				CODE_SIGN_STYLE = Manual;
				CURRENT_PROJECT_VERSION = 1;
				DEVELOPMENT_TEAM = "";
				ENABLE_APP_SANDBOX = NO;
				ENABLE_HARDENED_RUNTIME = YES;
				ENABLE_USER_SCRIPT_SANDBOXING = YES;
				ENABLE_USER_SELECTED_FILES = readwrite;
				INFOPLIST_FILE = "$(SRCROOT)/Swifty-GPT/Info.plist";
				INFOPLIST_KEY_CFBundleDisplayName = SwiftSage;
				INFOPLIST_KEY_LSApplicationCategoryType = "public.app-category.productivity";
				INFOPLIST_KEY_NSAppleEventsUsageDescription = "Uses apple events to control your computer";
				INFOPLIST_KEY_NSCameraUsageDescription = "Uses your screen to capture your window content.";
				INFOPLIST_KEY_NSLocalNetworkUsageDescription = "Uses your local network to communicate with Swift Sage";
				INFOPLIST_KEY_NSSpeechRecognitionUsageDescription = "Uses Speech recognition so you can talk to the robots";
				LD_RUNPATH_SEARCH_PATHS = "";
				LIBRARY_SEARCH_PATHS = "$(inherited)/**";
				MARKETING_VERSION = 1.0;
				MODULE_NAME = "Swifty-GPT";
				OTHER_LDFLAGS = "";
				PRODUCT_BUNDLE_IDENTIFIER = com.chrisswiftygpt.swiftsage;
				PRODUCT_NAME = "$(TARGET_NAME)";
				PROVISIONING_PROFILE_SPECIFIER = "";
				SWIFT_INCLUDE_PATHS = "$(inherited)/**";
				SWIFT_OBJC_BRIDGING_HEADER = "Swifty-GPT/Swifty-GPT-Bridging-Header.h";
				SWIFT_VERSION = 5.0;
			};
			name = Release;
		};
/* End XCBuildConfiguration section */

/* Begin XCConfigurationList section */
		B7139CD729E147910049ADE1 /* Build configuration list for PBXProject "LogicSageCommandLine" */ = {
			isa = XCConfigurationList;
			buildConfigurations = (
				B7139CE129E147910049ADE1 /* Debug */,
				B7139CE229E147910049ADE1 /* Release */,
			);
			defaultConfigurationIsVisible = 0;
			defaultConfigurationName = Release;
		};
		B7139CE329E147910049ADE1 /* Build configuration list for PBXNativeTarget "LogicSageCommandLine" */ = {
			isa = XCConfigurationList;
			buildConfigurations = (
				B7139CE429E147910049ADE1 /* Debug */,
				B7139CE529E147910049ADE1 /* Release */,
			);
			defaultConfigurationIsVisible = 0;
			defaultConfigurationName = Release;
		};
/* End XCConfigurationList section */

/* Begin XCRemoteSwiftPackageReference section */
		B70FD6B829EBB44D0099A0D1 /* XCRemoteSwiftPackageReference "AudioKit" */ = {
			isa = XCRemoteSwiftPackageReference;
			repositoryURL = "https://github.com/AudioKit/AudioKit.git";
			requirement = {
				branch = main;
				kind = branch;
			};
		};
		B719B22A29ECBA24003358C2 /* XCRemoteSwiftPackageReference "SwiftyTesseract" */ = {
			isa = XCRemoteSwiftPackageReference;
			repositoryURL = "https://github.com/SwiftyTesseract/SwiftyTesseract.git";
			requirement = {
				branch = develop;
				kind = branch;
			};
		};
		B71EB8782A21510D00D87C6F /* XCRemoteSwiftPackageReference "ZIPFoundation" */ = {
			isa = XCRemoteSwiftPackageReference;
			repositoryURL = "https://github.com/weichsel/ZIPFoundation.git";
			requirement = {
				kind = upToNextMajorVersion;
				minimumVersion = 0.9.16;
			};
		};
		B74A169229F1FA54006A0605 /* XCRemoteSwiftPackageReference "SourceKitten" */ = {
			isa = XCRemoteSwiftPackageReference;
			repositoryURL = "https://github.com/jpsim/SourceKitten.git";
			requirement = {
				branch = main;
				kind = branch;
			};
		};
		B75709C22A8DE58F003E5894 /* XCRemoteSwiftPackageReference "XcodeProj" */ = {
			isa = XCRemoteSwiftPackageReference;
			repositoryURL = "https://github.com/tuist/XcodeProj.git";
			requirement = {
				kind = upToNextMajorVersion;
				minimumVersion = 8.13.0;
			};
		};
		B78C6C2529F3129300AA568A /* XCRemoteSwiftPackageReference "swift-png" */ = {
			isa = XCRemoteSwiftPackageReference;
			repositoryURL = "https://github.com/kelvin13/swift-png";
			requirement = {
				branch = master;
				kind = branch;
			};
		};
		B7CA77A029F6A84500A9DBE6 /* XCRemoteSwiftPackageReference "Starscream" */ = {
			isa = XCRemoteSwiftPackageReference;
			repositoryURL = "https://github.com/daltoniam/Starscream.git";
			requirement = {
				branch = master;
				kind = branch;
			};
		};
		B7D2FD3029F18202003EBCA9 /* XCRemoteSwiftPackageReference "SwiftSoup" */ = {
			isa = XCRemoteSwiftPackageReference;
			repositoryURL = "https://github.com/scinfu/SwiftSoup.git";
			requirement = {
				branch = master;
				kind = branch;
			};
		};
/* End XCRemoteSwiftPackageReference section */

/* Begin XCSwiftPackageProductDependency section */
		B70FD6B929EBB44D0099A0D1 /* AudioKit */ = {
			isa = XCSwiftPackageProductDependency;
			package = B70FD6B829EBB44D0099A0D1 /* XCRemoteSwiftPackageReference "AudioKit" */;
			productName = AudioKit;
		};
		B719B22B29ECBA24003358C2 /* SwiftyTesseract */ = {
			isa = XCSwiftPackageProductDependency;
			package = B719B22A29ECBA24003358C2 /* XCRemoteSwiftPackageReference "SwiftyTesseract" */;
			productName = SwiftyTesseract;
		};
		B71EB8792A21510D00D87C6F /* ZIPFoundation */ = {
			isa = XCSwiftPackageProductDependency;
			package = B71EB8782A21510D00D87C6F /* XCRemoteSwiftPackageReference "ZIPFoundation" */;
			productName = ZIPFoundation;
		};
		B7225D7829F3A8AD001FCE33 /* StatusBar */ = {
			isa = XCSwiftPackageProductDependency;
			productName = StatusBar;
		};
		B74A169329F1FA54006A0605 /* SourceKittenFramework */ = {
			isa = XCSwiftPackageProductDependency;
			package = B74A169229F1FA54006A0605 /* XCRemoteSwiftPackageReference "SourceKitten" */;
			productName = SourceKittenFramework;
		};
		B75709C32A8DE58F003E5894 /* XcodeProj */ = {
			isa = XCSwiftPackageProductDependency;
			package = B75709C22A8DE58F003E5894 /* XCRemoteSwiftPackageReference "XcodeProj" */;
			productName = XcodeProj;
		};
		B78C6C2629F3129300AA568A /* PNG */ = {
			isa = XCSwiftPackageProductDependency;
			package = B78C6C2529F3129300AA568A /* XCRemoteSwiftPackageReference "swift-png" */;
			productName = PNG;
		};
		B7C3889B29F225740074659D /* SourceKittenFramework */ = {
			isa = XCSwiftPackageProductDependency;
			package = B74A169229F1FA54006A0605 /* XCRemoteSwiftPackageReference "SourceKitten" */;
			productName = SourceKittenFramework;
		};
		B7CA77A129F6A84500A9DBE6 /* Starscream */ = {
			isa = XCSwiftPackageProductDependency;
			package = B7CA77A029F6A84500A9DBE6 /* XCRemoteSwiftPackageReference "Starscream" */;
			productName = Starscream;
		};
		B7D2FD3129F18202003EBCA9 /* SwiftSoup */ = {
			isa = XCSwiftPackageProductDependency;
			package = B7D2FD3029F18202003EBCA9 /* XCRemoteSwiftPackageReference "SwiftSoup" */;
			productName = SwiftSoup;
		};
/* End XCSwiftPackageProductDependency section */
	};
	rootObject = B7139CD429E147910049ADE1 /* Project object */;
}
