// !$*UTF8*$!
{
	archiveVersion = 1;
	classes = {
	};
	objectVersion = 56;
	objects = {

/* Begin PBXBuildFile section */
		B70D33052A10230F00D7290E /* LocalConsoleExtensions.swift in Sources */ = {isa = PBXBuildFile; fileRef = B70D33042A10230F00D7290E /* LocalConsoleExtensions.swift */; };
		B70D330B2A10282A00D7290E /* ZIPFoundation in Frameworks */ = {isa = PBXBuildFile; productRef = B70D330A2A10282A00D7290E /* ZIPFoundation */; };
		B7191F1629F9F09A00078D8D /* SourceCodeRegexLexer.swift in Sources */ = {isa = PBXBuildFile; fileRef = B7191EF529F9F09A00078D8D /* SourceCodeRegexLexer.swift */; };
		B7191F1729F9F09A00078D8D /* String+Range.swift in Sources */ = {isa = PBXBuildFile; fileRef = B7191EF729F9F09A00078D8D /* String+Range.swift */; };
		B7191F1829F9F09A00078D8D /* NSTextView+UIKit.swift in Sources */ = {isa = PBXBuildFile; fileRef = B7191EF829F9F09A00078D8D /* NSTextView+UIKit.swift */; };
		B7191F1929F9F09A00078D8D /* Types.swift in Sources */ = {isa = PBXBuildFile; fileRef = B7191EF929F9F09A00078D8D /* Types.swift */; };
		B7191F1A29F9F09A00078D8D /* NSMutableAttributedString+Tokens.swift in Sources */ = {isa = PBXBuildFile; fileRef = B7191EFA29F9F09A00078D8D /* NSMutableAttributedString+Tokens.swift */; };
		B7191F1B29F9F09A00078D8D /* Python3Lexer.swift in Sources */ = {isa = PBXBuildFile; fileRef = B7191EFC29F9F09A00078D8D /* Python3Lexer.swift */; };
		B7191F1C29F9F09A00078D8D /* OCamlLexer.swift in Sources */ = {isa = PBXBuildFile; fileRef = B7191EFD29F9F09A00078D8D /* OCamlLexer.swift */; };
		B7191F1D29F9F09A00078D8D /* SwiftLexer.swift in Sources */ = {isa = PBXBuildFile; fileRef = B7191EFE29F9F09A00078D8D /* SwiftLexer.swift */; };
		B7191F1E29F9F09A00078D8D /* JavaLexer.swift in Sources */ = {isa = PBXBuildFile; fileRef = B7191EFF29F9F09A00078D8D /* JavaLexer.swift */; };
		B7191F1F29F9F09A00078D8D /* JavaScriptLexer.swift in Sources */ = {isa = PBXBuildFile; fileRef = B7191F0029F9F09A00078D8D /* JavaScriptLexer.swift */; };
		B7191F2029F9F09A00078D8D /* ASTVisualizer.swift in Sources */ = {isa = PBXBuildFile; fileRef = B7191F0129F9F09A00078D8D /* ASTVisualizer.swift */; };
		B7191F2129F9F09A00078D8D /* Lexer.swift in Sources */ = {isa = PBXBuildFile; fileRef = B7191F0329F9F09A00078D8D /* Lexer.swift */; };
		B7191F2229F9F09A00078D8D /* Paragraph.swift in Sources */ = {isa = PBXBuildFile; fileRef = B7191F0429F9F09A00078D8D /* Paragraph.swift */; };
		B7191F2329F9F09A00078D8D /* SyntaxColorTheme.swift in Sources */ = {isa = PBXBuildFile; fileRef = B7191F0529F9F09A00078D8D /* SyntaxColorTheme.swift */; };
		B7191F2429F9F09A00078D8D /* Token.swift in Sources */ = {isa = PBXBuildFile; fileRef = B7191F0629F9F09A00078D8D /* Token.swift */; };
		B7191F2529F9F09A00078D8D /* RegexLexer.swift in Sources */ = {isa = PBXBuildFile; fileRef = B7191F0729F9F09A00078D8D /* RegexLexer.swift */; };
		B7191F2629F9F09A00078D8D /* SyntaxTextView.swift in Sources */ = {isa = PBXBuildFile; fileRef = B7191F0929F9F09A00078D8D /* SyntaxTextView.swift */; };
		B7191F2729F9F09A00078D8D /* SyntaxTextView+TextViewDelegate.swift in Sources */ = {isa = PBXBuildFile; fileRef = B7191F0A29F9F09A00078D8D /* SyntaxTextView+TextViewDelegate.swift */; };
		B7191F2829F9F09A00078D8D /* InnerTextView.swift in Sources */ = {isa = PBXBuildFile; fileRef = B7191F0B29F9F09A00078D8D /* InnerTextView.swift */; };
		B7191F2929F9F09A00078D8D /* TextViewWrapperView.swift in Sources */ = {isa = PBXBuildFile; fileRef = B7191F0C29F9F09A00078D8D /* TextViewWrapperView.swift */; };
		B7191F2A29F9F09A00078D8D /* LineNumberLayoutManager.swift in Sources */ = {isa = PBXBuildFile; fileRef = B7191F0D29F9F09A00078D8D /* LineNumberLayoutManager.swift */; };
		B7191F2B29F9F09A00078D8D /* SyntaxTextViewLayoutManager.swift in Sources */ = {isa = PBXBuildFile; fileRef = B7191F0E29F9F09A00078D8D /* SyntaxTextViewLayoutManager.swift */; };
		B7191F2C29F9F09A00078D8D /* Paragraphs.swift in Sources */ = {isa = PBXBuildFile; fileRef = B7191F0F29F9F09A00078D8D /* Paragraphs.swift */; };
		B7191F2D29F9F09A00078D8D /* SourceCodeTheme.swift in Sources */ = {isa = PBXBuildFile; fileRef = B7191F1029F9F09A00078D8D /* SourceCodeTheme.swift */; };
		B7191F2E29F9F09A00078D8D /* SourceCodeToken.swift in Sources */ = {isa = PBXBuildFile; fileRef = B7191F1129F9F09A00078D8D /* SourceCodeToken.swift */; };
		B7191F2F29F9F09A00078D8D /* DefaultSourceCodeTheme.swift in Sources */ = {isa = PBXBuildFile; fileRef = B7191F1329F9F09A00078D8D /* DefaultSourceCodeTheme.swift */; };
		B7191F3029F9F09A00078D8D /* SourceCodeTextEditor.swift in Sources */ = {isa = PBXBuildFile; fileRef = B7191F1529F9F09A00078D8D /* SourceCodeTextEditor.swift */; };
		B71C62DF29FCAD3E004296E4 /* Screamer.swift in Sources */ = {isa = PBXBuildFile; fileRef = B71C62DE29FCAD3E004296E4 /* Screamer.swift */; };
		B71C62E129FDE0D7004296E4 /* Speak.swift in Sources */ = {isa = PBXBuildFile; fileRef = B71C62E029FDE0D7004296E4 /* Speak.swift */; };
		B71C62E329FE0FF2004296E4 /* Code.swift in Sources */ = {isa = PBXBuildFile; fileRef = B71C62E229FE0FF2004296E4 /* Code.swift */; };
		B71C62E529FEB794004296E4 /* SpeechRecog.swift in Sources */ = {isa = PBXBuildFile; fileRef = B71C62E429FEB794004296E4 /* SpeechRecog.swift */; };
		B71C62E829FEB7CF004296E4 /* Speech.framework in Frameworks */ = {isa = PBXBuildFile; fileRef = B71C62E629FEB7BB004296E4 /* Speech.framework */; };
		B71C62EC2A00312A004296E4 /* BGHandler.swift in Sources */ = {isa = PBXBuildFile; fileRef = B71C62EB2A00312A004296E4 /* BGHandler.swift */; };
		B71C62EE2A00333C004296E4 /* SwiftSageiOSAppDelegate.swift in Sources */ = {isa = PBXBuildFile; fileRef = B71C62ED2A00333C004296E4 /* SwiftSageiOSAppDelegate.swift */; };
		B71C62F52A018B5B004296E4 /* GPTCommand.swift in Sources */ = {isa = PBXBuildFile; fileRef = B71C62F42A018B5B004296E4 /* GPTCommand.swift */; };
		B71C62F82A018C6D004296E4 /* Reset.swift in Sources */ = {isa = PBXBuildFile; fileRef = B71C62F72A018C6D004296E4 /* Reset.swift */; };
		B71C62FA2A018D0E004296E4 /* GPT.swift in Sources */ = {isa = PBXBuildFile; fileRef = B71C62F92A018D0E004296E4 /* GPT.swift */; };
		B71C62FC2A0190AA004296E4 /* Googler.swift in Sources */ = {isa = PBXBuildFile; fileRef = B71C62FB2A0190AA004296E4 /* Googler.swift */; };
		B71C62FE2A019144004296E4 /* LocalCommand.swift in Sources */ = {isa = PBXBuildFile; fileRef = B71C62FD2A019144004296E4 /* LocalCommand.swift */; };
		B71C63002A01924B004296E4 /* CommandTable.swift in Sources */ = {isa = PBXBuildFile; fileRef = B71C62FF2A01924B004296E4 /* CommandTable.swift */; };
		B729B14229F9B25600BA6752 /* UIColorExt.swift in Sources */ = {isa = PBXBuildFile; fileRef = B729B14129F9B25600BA6752 /* UIColorExt.swift */; };
		B737F40B29F837CE00E57577 /* SettingsVIew.swift in Sources */ = {isa = PBXBuildFile; fileRef = B737F40A29F837CE00E57577 /* SettingsVIew.swift */; };
		B737F40D29F8395B00E57577 /* SettingsViewModel.swift in Sources */ = {isa = PBXBuildFile; fileRef = B737F40C29F8395B00E57577 /* SettingsViewModel.swift */; };
		B746DFCE29F5E789002804EB /* SwiftSageiOSApp.swift in Sources */ = {isa = PBXBuildFile; fileRef = B746DFCD29F5E789002804EB /* SwiftSageiOSApp.swift */; };
		B746DFD029F5E789002804EB /* ContentView.swift in Sources */ = {isa = PBXBuildFile; fileRef = B746DFCF29F5E789002804EB /* ContentView.swift */; };
		B746DFD229F5E78A002804EB /* Assets.xcassets in Resources */ = {isa = PBXBuildFile; fileRef = B746DFD129F5E78A002804EB /* Assets.xcassets */; };
		B746DFD629F5E78A002804EB /* Preview Assets.xcassets in Resources */ = {isa = PBXBuildFile; fileRef = B746DFD529F5E78A002804EB /* Preview Assets.xcassets */; };
		B74A2CC229F7F6990051DB52 /* Transport.swift in Sources */ = {isa = PBXBuildFile; fileRef = B74A2CA529F7F6990051DB52 /* Transport.swift */; };
		B74A2CC329F7F6990051DB52 /* FoundationTransport.swift in Sources */ = {isa = PBXBuildFile; fileRef = B74A2CA629F7F6990051DB52 /* FoundationTransport.swift */; };
		B74A2CC429F7F6990051DB52 /* TCPTransport.swift in Sources */ = {isa = PBXBuildFile; fileRef = B74A2CA729F7F6990051DB52 /* TCPTransport.swift */; };
		B74A2CC529F7F6990051DB52 /* Security.swift in Sources */ = {isa = PBXBuildFile; fileRef = B74A2CA929F7F6990051DB52 /* Security.swift */; };
		B74A2CC629F7F6990051DB52 /* FoundationSecurity.swift in Sources */ = {isa = PBXBuildFile; fileRef = B74A2CAA29F7F6990051DB52 /* FoundationSecurity.swift */; };
		B74A2CC729F7F6990051DB52 /* Data+Extensions.swift in Sources */ = {isa = PBXBuildFile; fileRef = B74A2CAC29F7F6990051DB52 /* Data+Extensions.swift */; };
		B74A2CC829F7F6990051DB52 /* Server.swift in Sources */ = {isa = PBXBuildFile; fileRef = B74A2CAE29F7F6990051DB52 /* Server.swift */; };
		B74A2CC929F7F6990051DB52 /* WebSocketServer.swift in Sources */ = {isa = PBXBuildFile; fileRef = B74A2CAF29F7F6990051DB52 /* WebSocketServer.swift */; };
		B74A2CCA29F7F6990051DB52 /* FoundationHTTPHandler.swift in Sources */ = {isa = PBXBuildFile; fileRef = B74A2CB229F7F6990051DB52 /* FoundationHTTPHandler.swift */; };
		B74A2CCB29F7F6990051DB52 /* HTTPHandler.swift in Sources */ = {isa = PBXBuildFile; fileRef = B74A2CB329F7F6990051DB52 /* HTTPHandler.swift */; };
		B74A2CCC29F7F6990051DB52 /* FrameCollector.swift in Sources */ = {isa = PBXBuildFile; fileRef = B74A2CB429F7F6990051DB52 /* FrameCollector.swift */; };
		B74A2CCD29F7F6990051DB52 /* StringHTTPHandler.swift in Sources */ = {isa = PBXBuildFile; fileRef = B74A2CB529F7F6990051DB52 /* StringHTTPHandler.swift */; };
		B74A2CCE29F7F6990051DB52 /* FoundationHTTPServerHandler.swift in Sources */ = {isa = PBXBuildFile; fileRef = B74A2CB629F7F6990051DB52 /* FoundationHTTPServerHandler.swift */; };
		B74A2CCF29F7F6990051DB52 /* Framer.swift in Sources */ = {isa = PBXBuildFile; fileRef = B74A2CB729F7F6990051DB52 /* Framer.swift */; };
		B74A2CD029F7F6990051DB52 /* Compression.swift in Sources */ = {isa = PBXBuildFile; fileRef = B74A2CB929F7F6990051DB52 /* Compression.swift */; };
		B74A2CD129F7F6990051DB52 /* WSCompression.swift in Sources */ = {isa = PBXBuildFile; fileRef = B74A2CBA29F7F6990051DB52 /* WSCompression.swift */; };
		B74A2CD229F7F6990051DB52 /* WebSocket.swift in Sources */ = {isa = PBXBuildFile; fileRef = B74A2CBC29F7F6990051DB52 /* WebSocket.swift */; };
		B74A2CD329F7F6990051DB52 /* Engine.swift in Sources */ = {isa = PBXBuildFile; fileRef = B74A2CBE29F7F6990051DB52 /* Engine.swift */; };
		B74A2CD429F7F6990051DB52 /* NativeEngine.swift in Sources */ = {isa = PBXBuildFile; fileRef = B74A2CBF29F7F6990051DB52 /* NativeEngine.swift */; };
		B74A2CD529F7F6990051DB52 /* WSEngine.swift in Sources */ = {isa = PBXBuildFile; fileRef = B74A2CC029F7F6990051DB52 /* WSEngine.swift */; };
		B75B329329FA11870049EB55 /* AddView.swift in Sources */ = {isa = PBXBuildFile; fileRef = B75B329229FA11870049EB55 /* AddView.swift */; };
		B767E9C129F6DAED003EC13F /* ResizeController.swift in Sources */ = {isa = PBXBuildFile; fileRef = B767E9BB29F6DAED003EC13F /* ResizeController.swift */; };
		B767E9C229F6DAED003EC13F /* LCManager.swift in Sources */ = {isa = PBXBuildFile; fileRef = B767E9BC29F6DAED003EC13F /* LCManager.swift */; };
		B767E9C329F6DAED003EC13F /* GestureEndpointPredictor.swift in Sources */ = {isa = PBXBuildFile; fileRef = B767E9BD29F6DAED003EC13F /* GestureEndpointPredictor.swift */; };
		B767E9C429F6DAED003EC13F /* SystemReport.swift in Sources */ = {isa = PBXBuildFile; fileRef = B767E9BE29F6DAED003EC13F /* SystemReport.swift */; };
		B767E9C629F6DAED003EC13F /* BorderManager.swift in Sources */ = {isa = PBXBuildFile; fileRef = B767E9C029F6DAED003EC13F /* BorderManager.swift */; };
		B78DA95F2A02AF01002343AB /* InstructionsPopup.swift in Sources */ = {isa = PBXBuildFile; fileRef = B78DA95E2A02AF01002343AB /* InstructionsPopup.swift */; };
		B78DA9652A02AF3A002343AB /* AsciiAnimator.swift in Sources */ = {isa = PBXBuildFile; fileRef = B78DA9612A02AF3A002343AB /* AsciiAnimator.swift */; };
		B78DA9662A02AF3A002343AB /* SpinnerThread.swift in Sources */ = {isa = PBXBuildFile; fileRef = B78DA9622A02AF3A002343AB /* SpinnerThread.swift */; };
		B78DA9672A02AF3A002343AB /* Loading.swift in Sources */ = {isa = PBXBuildFile; fileRef = B78DA9632A02AF3A002343AB /* Loading.swift */; };
		B78DA9682A02AF3A002343AB /* AsciiText.swift in Sources */ = {isa = PBXBuildFile; fileRef = B78DA9642A02AF3A002343AB /* AsciiText.swift */; };
		B78DA96C2A0312F1002343AB /* HelpPopup.swift in Sources */ = {isa = PBXBuildFile; fileRef = B78DA96B2A0312F1002343AB /* HelpPopup.swift */; };
		B78DA9742A04A083002343AB /* KeychainManager.swift in Sources */ = {isa = PBXBuildFile; fileRef = B78DA9732A04A083002343AB /* KeychainManager.swift */; };
		B78DA9762A04A0A5002343AB /* RepositoryTreeView.swift in Sources */ = {isa = PBXBuildFile; fileRef = B78DA9752A04A0A5002343AB /* RepositoryTreeView.swift */; };
		B78DA97E2A0707DB002343AB /* WindowManager.swift in Sources */ = {isa = PBXBuildFile; fileRef = B78DA97D2A0707DB002343AB /* WindowManager.swift */; };
		B78DA9802A070EC9002343AB /* WindowView.swift in Sources */ = {isa = PBXBuildFile; fileRef = B78DA97F2A070EC9002343AB /* WindowView.swift */; };
		B78DA9842A0785E2002343AB /* RepoDownloader.swift in Sources */ = {isa = PBXBuildFile; fileRef = B78DA9832A0785E2002343AB /* RepoDownloader.swift */; };
		B78DA9862A07FEC1002343AB /* CommitDownloader.swift in Sources */ = {isa = PBXBuildFile; fileRef = B78DA9852A07FEC1002343AB /* CommitDownloader.swift */; };
		B78DA9882A07FEF3002343AB /* Settings+Github.swift in Sources */ = {isa = PBXBuildFile; fileRef = B78DA9872A07FEF3002343AB /* Settings+Github.swift */; };
		B78DA98A2A080037002343AB /* WindowList.swift in Sources */ = {isa = PBXBuildFile; fileRef = B78DA9892A080037002343AB /* WindowList.swift */; };
		B7AED3712A0AC0420013E8D9 /* SageMultiViewModel.swift in Sources */ = {isa = PBXBuildFile; fileRef = B7AED3702A0AC0420013E8D9 /* SageMultiViewModel.swift */; };
		B7C11F2B2A01C62500701721 /* PTTWrapper.swift in Sources */ = {isa = PBXBuildFile; fileRef = B7C11F2A2A01C62500701721 /* PTTWrapper.swift */; };
		B7EF2A2B2A0C2D620048CFFC /* View+Keyboard.swift in Sources */ = {isa = PBXBuildFile; fileRef = B7EF2A2A2A0C2D620048CFFC /* View+Keyboard.swift */; };
		B7EFB8682A0F57A700D6E2A6 /* SageMultiView.swift in Sources */ = {isa = PBXBuildFile; fileRef = B7EFB8662A0F57A700D6E2A6 /* SageMultiView.swift */; };
		B7EFB8692A0F57A700D6E2A6 /* TopBar.swift in Sources */ = {isa = PBXBuildFile; fileRef = B7EFB8672A0F57A700D6E2A6 /* TopBar.swift */; };
		B7F3A11629F74C9E0006C837 /* NetServiceBrowserWrapper.swift in Sources */ = {isa = PBXBuildFile; fileRef = B7F3A11529F74C9E0006C837 /* NetServiceBrowserWrapper.swift */; };
		B7F3A11929F75EAB0006C837 /* CommandButton.swift in Sources */ = {isa = PBXBuildFile; fileRef = B7F3A11829F75EAB0006C837 /* CommandButton.swift */; };
/* End PBXBuildFile section */

/* Begin PBXFileReference section */
		B70D33042A10230F00D7290E /* LocalConsoleExtensions.swift */ = {isa = PBXFileReference; fileEncoding = 4; lastKnownFileType = sourcecode.swift; path = LocalConsoleExtensions.swift; sourceTree = "<group>"; };
		B7191EF529F9F09A00078D8D /* SourceCodeRegexLexer.swift */ = {isa = PBXFileReference; fileEncoding = 4; lastKnownFileType = sourcecode.swift; path = SourceCodeRegexLexer.swift; sourceTree = "<group>"; };
		B7191EF729F9F09A00078D8D /* String+Range.swift */ = {isa = PBXFileReference; fileEncoding = 4; lastKnownFileType = sourcecode.swift; path = "String+Range.swift"; sourceTree = "<group>"; };
		B7191EF829F9F09A00078D8D /* NSTextView+UIKit.swift */ = {isa = PBXFileReference; fileEncoding = 4; lastKnownFileType = sourcecode.swift; path = "NSTextView+UIKit.swift"; sourceTree = "<group>"; };
		B7191EF929F9F09A00078D8D /* Types.swift */ = {isa = PBXFileReference; fileEncoding = 4; lastKnownFileType = sourcecode.swift; path = Types.swift; sourceTree = "<group>"; };
		B7191EFA29F9F09A00078D8D /* NSMutableAttributedString+Tokens.swift */ = {isa = PBXFileReference; fileEncoding = 4; lastKnownFileType = sourcecode.swift; path = "NSMutableAttributedString+Tokens.swift"; sourceTree = "<group>"; };
		B7191EFC29F9F09A00078D8D /* Python3Lexer.swift */ = {isa = PBXFileReference; fileEncoding = 4; lastKnownFileType = sourcecode.swift; path = Python3Lexer.swift; sourceTree = "<group>"; };
		B7191EFD29F9F09A00078D8D /* OCamlLexer.swift */ = {isa = PBXFileReference; fileEncoding = 4; lastKnownFileType = sourcecode.swift; path = OCamlLexer.swift; sourceTree = "<group>"; };
		B7191EFE29F9F09A00078D8D /* SwiftLexer.swift */ = {isa = PBXFileReference; fileEncoding = 4; lastKnownFileType = sourcecode.swift; path = SwiftLexer.swift; sourceTree = "<group>"; };
		B7191EFF29F9F09A00078D8D /* JavaLexer.swift */ = {isa = PBXFileReference; fileEncoding = 4; lastKnownFileType = sourcecode.swift; path = JavaLexer.swift; sourceTree = "<group>"; };
		B7191F0029F9F09A00078D8D /* JavaScriptLexer.swift */ = {isa = PBXFileReference; fileEncoding = 4; lastKnownFileType = sourcecode.swift; path = JavaScriptLexer.swift; sourceTree = "<group>"; };
		B7191F0129F9F09A00078D8D /* ASTVisualizer.swift */ = {isa = PBXFileReference; fileEncoding = 4; lastKnownFileType = sourcecode.swift; path = ASTVisualizer.swift; sourceTree = "<group>"; };
		B7191F0329F9F09A00078D8D /* Lexer.swift */ = {isa = PBXFileReference; fileEncoding = 4; lastKnownFileType = sourcecode.swift; path = Lexer.swift; sourceTree = "<group>"; };
		B7191F0429F9F09A00078D8D /* Paragraph.swift */ = {isa = PBXFileReference; fileEncoding = 4; lastKnownFileType = sourcecode.swift; path = Paragraph.swift; sourceTree = "<group>"; };
		B7191F0529F9F09A00078D8D /* SyntaxColorTheme.swift */ = {isa = PBXFileReference; fileEncoding = 4; lastKnownFileType = sourcecode.swift; path = SyntaxColorTheme.swift; sourceTree = "<group>"; };
		B7191F0629F9F09A00078D8D /* Token.swift */ = {isa = PBXFileReference; fileEncoding = 4; lastKnownFileType = sourcecode.swift; path = Token.swift; sourceTree = "<group>"; };
		B7191F0729F9F09A00078D8D /* RegexLexer.swift */ = {isa = PBXFileReference; fileEncoding = 4; lastKnownFileType = sourcecode.swift; path = RegexLexer.swift; sourceTree = "<group>"; };
		B7191F0929F9F09A00078D8D /* SyntaxTextView.swift */ = {isa = PBXFileReference; fileEncoding = 4; lastKnownFileType = sourcecode.swift; path = SyntaxTextView.swift; sourceTree = "<group>"; };
		B7191F0A29F9F09A00078D8D /* SyntaxTextView+TextViewDelegate.swift */ = {isa = PBXFileReference; fileEncoding = 4; lastKnownFileType = sourcecode.swift; path = "SyntaxTextView+TextViewDelegate.swift"; sourceTree = "<group>"; };
		B7191F0B29F9F09A00078D8D /* InnerTextView.swift */ = {isa = PBXFileReference; fileEncoding = 4; lastKnownFileType = sourcecode.swift; path = InnerTextView.swift; sourceTree = "<group>"; };
		B7191F0C29F9F09A00078D8D /* TextViewWrapperView.swift */ = {isa = PBXFileReference; fileEncoding = 4; lastKnownFileType = sourcecode.swift; path = TextViewWrapperView.swift; sourceTree = "<group>"; };
		B7191F0D29F9F09A00078D8D /* LineNumberLayoutManager.swift */ = {isa = PBXFileReference; fileEncoding = 4; lastKnownFileType = sourcecode.swift; path = LineNumberLayoutManager.swift; sourceTree = "<group>"; };
		B7191F0E29F9F09A00078D8D /* SyntaxTextViewLayoutManager.swift */ = {isa = PBXFileReference; fileEncoding = 4; lastKnownFileType = sourcecode.swift; path = SyntaxTextViewLayoutManager.swift; sourceTree = "<group>"; };
		B7191F0F29F9F09A00078D8D /* Paragraphs.swift */ = {isa = PBXFileReference; fileEncoding = 4; lastKnownFileType = sourcecode.swift; path = Paragraphs.swift; sourceTree = "<group>"; };
		B7191F1029F9F09A00078D8D /* SourceCodeTheme.swift */ = {isa = PBXFileReference; fileEncoding = 4; lastKnownFileType = sourcecode.swift; path = SourceCodeTheme.swift; sourceTree = "<group>"; };
		B7191F1129F9F09A00078D8D /* SourceCodeToken.swift */ = {isa = PBXFileReference; fileEncoding = 4; lastKnownFileType = sourcecode.swift; path = SourceCodeToken.swift; sourceTree = "<group>"; };
		B7191F1329F9F09A00078D8D /* DefaultSourceCodeTheme.swift */ = {isa = PBXFileReference; fileEncoding = 4; lastKnownFileType = sourcecode.swift; path = DefaultSourceCodeTheme.swift; sourceTree = "<group>"; };
		B7191F1529F9F09A00078D8D /* SourceCodeTextEditor.swift */ = {isa = PBXFileReference; fileEncoding = 4; lastKnownFileType = sourcecode.swift; path = SourceCodeTextEditor.swift; sourceTree = "<group>"; };
		B71C62DE29FCAD3E004296E4 /* Screamer.swift */ = {isa = PBXFileReference; lastKnownFileType = sourcecode.swift; path = Screamer.swift; sourceTree = "<group>"; };
		B71C62E029FDE0D7004296E4 /* Speak.swift */ = {isa = PBXFileReference; lastKnownFileType = sourcecode.swift; path = Speak.swift; sourceTree = "<group>"; };
		B71C62E229FE0FF2004296E4 /* Code.swift */ = {isa = PBXFileReference; lastKnownFileType = sourcecode.swift; path = Code.swift; sourceTree = "<group>"; };
		B71C62E429FEB794004296E4 /* SpeechRecog.swift */ = {isa = PBXFileReference; lastKnownFileType = sourcecode.swift; path = SpeechRecog.swift; sourceTree = "<group>"; };
		B71C62E629FEB7BB004296E4 /* Speech.framework */ = {isa = PBXFileReference; lastKnownFileType = wrapper.framework; name = Speech.framework; path = Platforms/iPhoneOS.platform/Developer/SDKs/iPhoneOS16.4.sdk/System/Library/Frameworks/Speech.framework; sourceTree = DEVELOPER_DIR; };
		B71C62EB2A00312A004296E4 /* BGHandler.swift */ = {isa = PBXFileReference; lastKnownFileType = sourcecode.swift; path = BGHandler.swift; sourceTree = "<group>"; };
		B71C62ED2A00333C004296E4 /* SwiftSageiOSAppDelegate.swift */ = {isa = PBXFileReference; lastKnownFileType = sourcecode.swift; path = SwiftSageiOSAppDelegate.swift; sourceTree = "<group>"; };
		B71C62F42A018B5B004296E4 /* GPTCommand.swift */ = {isa = PBXFileReference; lastKnownFileType = sourcecode.swift; path = GPTCommand.swift; sourceTree = "<group>"; };
		B71C62F72A018C6D004296E4 /* Reset.swift */ = {isa = PBXFileReference; lastKnownFileType = sourcecode.swift; path = Reset.swift; sourceTree = "<group>"; };
		B71C62F92A018D0E004296E4 /* GPT.swift */ = {isa = PBXFileReference; lastKnownFileType = sourcecode.swift; name = GPT.swift; path = SwiftSageiOS/Command/GPT.swift; sourceTree = SOURCE_ROOT; };
		B71C62FB2A0190AA004296E4 /* Googler.swift */ = {isa = PBXFileReference; lastKnownFileType = sourcecode.swift; path = Googler.swift; sourceTree = "<group>"; };
		B71C62FD2A019144004296E4 /* LocalCommand.swift */ = {isa = PBXFileReference; lastKnownFileType = sourcecode.swift; path = LocalCommand.swift; sourceTree = "<group>"; };
		B71C62FF2A01924B004296E4 /* CommandTable.swift */ = {isa = PBXFileReference; lastKnownFileType = sourcecode.swift; path = CommandTable.swift; sourceTree = "<group>"; };
		B729B14129F9B25600BA6752 /* UIColorExt.swift */ = {isa = PBXFileReference; lastKnownFileType = sourcecode.swift; path = UIColorExt.swift; sourceTree = "<group>"; };
		B737F40A29F837CE00E57577 /* SettingsVIew.swift */ = {isa = PBXFileReference; lastKnownFileType = sourcecode.swift; path = SettingsVIew.swift; sourceTree = "<group>"; };
		B737F40C29F8395B00E57577 /* SettingsViewModel.swift */ = {isa = PBXFileReference; lastKnownFileType = sourcecode.swift; path = SettingsViewModel.swift; sourceTree = "<group>"; };
		B746DFCA29F5E789002804EB /* LogicSageDev.app */ = {isa = PBXFileReference; explicitFileType = wrapper.application; includeInIndex = 0; path = LogicSageDev.app; sourceTree = BUILT_PRODUCTS_DIR; };
		B746DFCD29F5E789002804EB /* SwiftSageiOSApp.swift */ = {isa = PBXFileReference; lastKnownFileType = sourcecode.swift; path = SwiftSageiOSApp.swift; sourceTree = "<group>"; };
		B746DFCF29F5E789002804EB /* ContentView.swift */ = {isa = PBXFileReference; lastKnownFileType = sourcecode.swift; path = ContentView.swift; sourceTree = "<group>"; };
		B746DFD129F5E78A002804EB /* Assets.xcassets */ = {isa = PBXFileReference; lastKnownFileType = folder.assetcatalog; path = Assets.xcassets; sourceTree = "<group>"; };
		B746DFD329F5E78A002804EB /* SwiftSageiOS.entitlements */ = {isa = PBXFileReference; lastKnownFileType = text.plist.entitlements; path = SwiftSageiOS.entitlements; sourceTree = "<group>"; };
		B746DFD529F5E78A002804EB /* Preview Assets.xcassets */ = {isa = PBXFileReference; lastKnownFileType = folder.assetcatalog; path = "Preview Assets.xcassets"; sourceTree = "<group>"; };
		B748C2EE29F5EA4C000F5F14 /* MultipeerConnectivity.framework */ = {isa = PBXFileReference; lastKnownFileType = wrapper.framework; name = MultipeerConnectivity.framework; path = Platforms/iPhoneOS.platform/Developer/SDKs/iPhoneOS16.4.sdk/System/Library/Frameworks/MultipeerConnectivity.framework; sourceTree = DEVELOPER_DIR; };
		B748C2FA29F5FF4A000F5F14 /* Info.plist */ = {isa = PBXFileReference; lastKnownFileType = text.plist; path = Info.plist; sourceTree = "<group>"; };
		B74A2CA529F7F6990051DB52 /* Transport.swift */ = {isa = PBXFileReference; fileEncoding = 4; lastKnownFileType = sourcecode.swift; path = Transport.swift; sourceTree = "<group>"; };
		B74A2CA629F7F6990051DB52 /* FoundationTransport.swift */ = {isa = PBXFileReference; fileEncoding = 4; lastKnownFileType = sourcecode.swift; path = FoundationTransport.swift; sourceTree = "<group>"; };
		B74A2CA729F7F6990051DB52 /* TCPTransport.swift */ = {isa = PBXFileReference; fileEncoding = 4; lastKnownFileType = sourcecode.swift; path = TCPTransport.swift; sourceTree = "<group>"; };
		B74A2CA929F7F6990051DB52 /* Security.swift */ = {isa = PBXFileReference; fileEncoding = 4; lastKnownFileType = sourcecode.swift; path = Security.swift; sourceTree = "<group>"; };
		B74A2CAA29F7F6990051DB52 /* FoundationSecurity.swift */ = {isa = PBXFileReference; fileEncoding = 4; lastKnownFileType = sourcecode.swift; path = FoundationSecurity.swift; sourceTree = "<group>"; };
		B74A2CAC29F7F6990051DB52 /* Data+Extensions.swift */ = {isa = PBXFileReference; fileEncoding = 4; lastKnownFileType = sourcecode.swift; path = "Data+Extensions.swift"; sourceTree = "<group>"; };
		B74A2CAE29F7F6990051DB52 /* Server.swift */ = {isa = PBXFileReference; fileEncoding = 4; lastKnownFileType = sourcecode.swift; path = Server.swift; sourceTree = "<group>"; };
		B74A2CAF29F7F6990051DB52 /* WebSocketServer.swift */ = {isa = PBXFileReference; fileEncoding = 4; lastKnownFileType = sourcecode.swift; path = WebSocketServer.swift; sourceTree = "<group>"; };
		B74A2CB029F7F6990051DB52 /* Starscream.h */ = {isa = PBXFileReference; fileEncoding = 4; lastKnownFileType = sourcecode.c.h; path = Starscream.h; sourceTree = "<group>"; };
		B74A2CB229F7F6990051DB52 /* FoundationHTTPHandler.swift */ = {isa = PBXFileReference; fileEncoding = 4; lastKnownFileType = sourcecode.swift; path = FoundationHTTPHandler.swift; sourceTree = "<group>"; };
		B74A2CB329F7F6990051DB52 /* HTTPHandler.swift */ = {isa = PBXFileReference; fileEncoding = 4; lastKnownFileType = sourcecode.swift; path = HTTPHandler.swift; sourceTree = "<group>"; };
		B74A2CB429F7F6990051DB52 /* FrameCollector.swift */ = {isa = PBXFileReference; fileEncoding = 4; lastKnownFileType = sourcecode.swift; path = FrameCollector.swift; sourceTree = "<group>"; };
		B74A2CB529F7F6990051DB52 /* StringHTTPHandler.swift */ = {isa = PBXFileReference; fileEncoding = 4; lastKnownFileType = sourcecode.swift; path = StringHTTPHandler.swift; sourceTree = "<group>"; };
		B74A2CB629F7F6990051DB52 /* FoundationHTTPServerHandler.swift */ = {isa = PBXFileReference; fileEncoding = 4; lastKnownFileType = sourcecode.swift; path = FoundationHTTPServerHandler.swift; sourceTree = "<group>"; };
		B74A2CB729F7F6990051DB52 /* Framer.swift */ = {isa = PBXFileReference; fileEncoding = 4; lastKnownFileType = sourcecode.swift; path = Framer.swift; sourceTree = "<group>"; };
		B74A2CB929F7F6990051DB52 /* Compression.swift */ = {isa = PBXFileReference; fileEncoding = 4; lastKnownFileType = sourcecode.swift; path = Compression.swift; sourceTree = "<group>"; };
		B74A2CBA29F7F6990051DB52 /* WSCompression.swift */ = {isa = PBXFileReference; fileEncoding = 4; lastKnownFileType = sourcecode.swift; path = WSCompression.swift; sourceTree = "<group>"; };
		B74A2CBC29F7F6990051DB52 /* WebSocket.swift */ = {isa = PBXFileReference; fileEncoding = 4; lastKnownFileType = sourcecode.swift; path = WebSocket.swift; sourceTree = "<group>"; };
		B74A2CBE29F7F6990051DB52 /* Engine.swift */ = {isa = PBXFileReference; fileEncoding = 4; lastKnownFileType = sourcecode.swift; path = Engine.swift; sourceTree = "<group>"; };
		B74A2CBF29F7F6990051DB52 /* NativeEngine.swift */ = {isa = PBXFileReference; fileEncoding = 4; lastKnownFileType = sourcecode.swift; path = NativeEngine.swift; sourceTree = "<group>"; };
		B74A2CC029F7F6990051DB52 /* WSEngine.swift */ = {isa = PBXFileReference; fileEncoding = 4; lastKnownFileType = sourcecode.swift; path = WSEngine.swift; sourceTree = "<group>"; };
		B75B329229FA11870049EB55 /* AddView.swift */ = {isa = PBXFileReference; fileEncoding = 4; lastKnownFileType = sourcecode.swift; path = AddView.swift; sourceTree = "<group>"; };
		B767E9BB29F6DAED003EC13F /* ResizeController.swift */ = {isa = PBXFileReference; fileEncoding = 4; lastKnownFileType = sourcecode.swift; path = ResizeController.swift; sourceTree = "<group>"; };
		B767E9BC29F6DAED003EC13F /* LCManager.swift */ = {isa = PBXFileReference; fileEncoding = 4; lastKnownFileType = sourcecode.swift; path = LCManager.swift; sourceTree = "<group>"; };
		B767E9BD29F6DAED003EC13F /* GestureEndpointPredictor.swift */ = {isa = PBXFileReference; fileEncoding = 4; lastKnownFileType = sourcecode.swift; path = GestureEndpointPredictor.swift; sourceTree = "<group>"; };
		B767E9BE29F6DAED003EC13F /* SystemReport.swift */ = {isa = PBXFileReference; fileEncoding = 4; lastKnownFileType = sourcecode.swift; path = SystemReport.swift; sourceTree = "<group>"; };
		B767E9C029F6DAED003EC13F /* BorderManager.swift */ = {isa = PBXFileReference; fileEncoding = 4; lastKnownFileType = sourcecode.swift; path = BorderManager.swift; sourceTree = "<group>"; };
		B78DA95E2A02AF01002343AB /* InstructionsPopup.swift */ = {isa = PBXFileReference; fileEncoding = 4; lastKnownFileType = sourcecode.swift; path = InstructionsPopup.swift; sourceTree = "<group>"; };
		B78DA9612A02AF3A002343AB /* AsciiAnimator.swift */ = {isa = PBXFileReference; fileEncoding = 4; lastKnownFileType = sourcecode.swift; path = AsciiAnimator.swift; sourceTree = "<group>"; };
		B78DA9622A02AF3A002343AB /* SpinnerThread.swift */ = {isa = PBXFileReference; fileEncoding = 4; lastKnownFileType = sourcecode.swift; path = SpinnerThread.swift; sourceTree = "<group>"; };
		B78DA9632A02AF3A002343AB /* Loading.swift */ = {isa = PBXFileReference; fileEncoding = 4; lastKnownFileType = sourcecode.swift; path = Loading.swift; sourceTree = "<group>"; };
		B78DA9642A02AF3A002343AB /* AsciiText.swift */ = {isa = PBXFileReference; fileEncoding = 4; lastKnownFileType = sourcecode.swift; path = AsciiText.swift; sourceTree = "<group>"; };
		B78DA96B2A0312F1002343AB /* HelpPopup.swift */ = {isa = PBXFileReference; fileEncoding = 4; lastKnownFileType = sourcecode.swift; path = HelpPopup.swift; sourceTree = "<group>"; };
		B78DA9732A04A083002343AB /* KeychainManager.swift */ = {isa = PBXFileReference; fileEncoding = 4; lastKnownFileType = sourcecode.swift; path = KeychainManager.swift; sourceTree = "<group>"; };
		B78DA9752A04A0A5002343AB /* RepositoryTreeView.swift */ = {isa = PBXFileReference; lastKnownFileType = sourcecode.swift; path = RepositoryTreeView.swift; sourceTree = "<group>"; };
		B78DA97D2A0707DB002343AB /* WindowManager.swift */ = {isa = PBXFileReference; lastKnownFileType = sourcecode.swift; path = WindowManager.swift; sourceTree = "<group>"; };
		B78DA97F2A070EC9002343AB /* WindowView.swift */ = {isa = PBXFileReference; lastKnownFileType = sourcecode.swift; path = WindowView.swift; sourceTree = "<group>"; };
		B78DA9832A0785E2002343AB /* RepoDownloader.swift */ = {isa = PBXFileReference; lastKnownFileType = sourcecode.swift; path = RepoDownloader.swift; sourceTree = "<group>"; };
		B78DA9852A07FEC1002343AB /* CommitDownloader.swift */ = {isa = PBXFileReference; lastKnownFileType = sourcecode.swift; path = CommitDownloader.swift; sourceTree = "<group>"; };
		B78DA9872A07FEF3002343AB /* Settings+Github.swift */ = {isa = PBXFileReference; lastKnownFileType = sourcecode.swift; path = "Settings+Github.swift"; sourceTree = "<group>"; };
		B78DA9892A080037002343AB /* WindowList.swift */ = {isa = PBXFileReference; lastKnownFileType = sourcecode.swift; path = WindowList.swift; sourceTree = "<group>"; };
		B7AED3702A0AC0420013E8D9 /* SageMultiViewModel.swift */ = {isa = PBXFileReference; lastKnownFileType = sourcecode.swift; path = SageMultiViewModel.swift; sourceTree = "<group>"; };
		B7C11F2A2A01C62500701721 /* PTTWrapper.swift */ = {isa = PBXFileReference; lastKnownFileType = sourcecode.swift; path = PTTWrapper.swift; sourceTree = "<group>"; };
		B7EF2A2A2A0C2D620048CFFC /* View+Keyboard.swift */ = {isa = PBXFileReference; lastKnownFileType = sourcecode.swift; path = "View+Keyboard.swift"; sourceTree = "<group>"; };
		B7EFB8662A0F57A700D6E2A6 /* SageMultiView.swift */ = {isa = PBXFileReference; fileEncoding = 4; lastKnownFileType = sourcecode.swift; name = SageMultiView.swift; path = SwiftSageiOS/SageMultiView.swift; sourceTree = SOURCE_ROOT; };
		B7EFB8672A0F57A700D6E2A6 /* TopBar.swift */ = {isa = PBXFileReference; fileEncoding = 4; lastKnownFileType = sourcecode.swift; name = TopBar.swift; path = SwiftSageiOS/TopBar.swift; sourceTree = SOURCE_ROOT; };
		B7F3A11529F74C9E0006C837 /* NetServiceBrowserWrapper.swift */ = {isa = PBXFileReference; lastKnownFileType = sourcecode.swift; path = NetServiceBrowserWrapper.swift; sourceTree = "<group>"; };
		B7F3A11829F75EAB0006C837 /* CommandButton.swift */ = {isa = PBXFileReference; lastKnownFileType = sourcecode.swift; path = CommandButton.swift; sourceTree = "<group>"; };
/* End PBXFileReference section */

/* Begin PBXFrameworksBuildPhase section */
		B746DFC729F5E789002804EB /* Frameworks */ = {
			isa = PBXFrameworksBuildPhase;
			buildActionMask = 2147483647;
			files = (
				B71C62E829FEB7CF004296E4 /* Speech.framework in Frameworks */,
				B70D330B2A10282A00D7290E /* ZIPFoundation in Frameworks */,
			);
			runOnlyForDeploymentPostprocessing = 0;
		};
/* End PBXFrameworksBuildPhase section */

/* Begin PBXGroup section */
		B7191EF429F9F09A00078D8D /* Sourceful */ = {
			isa = PBXGroup;
			children = (
				B7191EF529F9F09A00078D8D /* SourceCodeRegexLexer.swift */,
				B7191EF629F9F09A00078D8D /* Util */,
				B7191EFB29F9F09A00078D8D /* Languages */,
				B7191F0129F9F09A00078D8D /* ASTVisualizer.swift */,
				B7191F0229F9F09A00078D8D /* Model */,
				B7191F0829F9F09A00078D8D /* View */,
				B7191F1029F9F09A00078D8D /* SourceCodeTheme.swift */,
				B7191F1129F9F09A00078D8D /* SourceCodeToken.swift */,
				B7191F1229F9F09A00078D8D /* Themes */,
				B7191F1429F9F09A00078D8D /* SwiftUI */,
			);
			path = Sourceful;
			sourceTree = "<group>";
		};
		B7191EF629F9F09A00078D8D /* Util */ = {
			isa = PBXGroup;
			children = (
				B7191EF729F9F09A00078D8D /* String+Range.swift */,
				B7191EF829F9F09A00078D8D /* NSTextView+UIKit.swift */,
				B7191EF929F9F09A00078D8D /* Types.swift */,
				B7191EFA29F9F09A00078D8D /* NSMutableAttributedString+Tokens.swift */,
			);
			path = Util;
			sourceTree = "<group>";
		};
		B7191EFB29F9F09A00078D8D /* Languages */ = {
			isa = PBXGroup;
			children = (
				B7191EFC29F9F09A00078D8D /* Python3Lexer.swift */,
				B7191EFD29F9F09A00078D8D /* OCamlLexer.swift */,
				B7191EFE29F9F09A00078D8D /* SwiftLexer.swift */,
				B7191EFF29F9F09A00078D8D /* JavaLexer.swift */,
				B7191F0029F9F09A00078D8D /* JavaScriptLexer.swift */,
			);
			path = Languages;
			sourceTree = "<group>";
		};
		B7191F0229F9F09A00078D8D /* Model */ = {
			isa = PBXGroup;
			children = (
				B7191F0329F9F09A00078D8D /* Lexer.swift */,
				B7191F0429F9F09A00078D8D /* Paragraph.swift */,
				B7191F0529F9F09A00078D8D /* SyntaxColorTheme.swift */,
				B7191F0629F9F09A00078D8D /* Token.swift */,
				B7191F0729F9F09A00078D8D /* RegexLexer.swift */,
			);
			path = Model;
			sourceTree = "<group>";
		};
		B7191F0829F9F09A00078D8D /* View */ = {
			isa = PBXGroup;
			children = (
				B7191F0929F9F09A00078D8D /* SyntaxTextView.swift */,
				B7191F0A29F9F09A00078D8D /* SyntaxTextView+TextViewDelegate.swift */,
				B7191F0B29F9F09A00078D8D /* InnerTextView.swift */,
				B7191F0C29F9F09A00078D8D /* TextViewWrapperView.swift */,
				B7191F0D29F9F09A00078D8D /* LineNumberLayoutManager.swift */,
				B7191F0E29F9F09A00078D8D /* SyntaxTextViewLayoutManager.swift */,
				B7191F0F29F9F09A00078D8D /* Paragraphs.swift */,
			);
			path = View;
			sourceTree = "<group>";
		};
		B7191F1229F9F09A00078D8D /* Themes */ = {
			isa = PBXGroup;
			children = (
				B7191F1329F9F09A00078D8D /* DefaultSourceCodeTheme.swift */,
			);
			path = Themes;
			sourceTree = "<group>";
		};
		B7191F1429F9F09A00078D8D /* SwiftUI */ = {
			isa = PBXGroup;
			children = (
				B7191F1529F9F09A00078D8D /* SourceCodeTextEditor.swift */,
			);
			path = SwiftUI;
			sourceTree = "<group>";
		};
		B71C62F32A018B4A004296E4 /* Command */ = {
			isa = PBXGroup;
			children = (
				B71C62F92A018D0E004296E4 /* GPT.swift */,
				B71C62F42A018B5B004296E4 /* GPTCommand.swift */,
				B71C62FB2A0190AA004296E4 /* Googler.swift */,
				B71C62FD2A019144004296E4 /* LocalCommand.swift */,
				B71C62FF2A01924B004296E4 /* CommandTable.swift */,
			);
			path = Command;
			sourceTree = "<group>";
		};
		B71C62F62A018C4F004296E4 /* Config */ = {
			isa = PBXGroup;
			children = (
				B71C62F72A018C6D004296E4 /* Reset.swift */,
			);
			path = Config;
			sourceTree = "<group>";
		};
		B72645312A0E814D00AE3668 /* ViewViewModel */ = {
			isa = PBXGroup;
			children = (
				B7EFB8662A0F57A700D6E2A6 /* SageMultiView.swift */,
				B7EFB8672A0F57A700D6E2A6 /* TopBar.swift */,
				B75B329229FA11870049EB55 /* AddView.swift */,
				B7F3A11829F75EAB0006C837 /* CommandButton.swift */,
				B746DFCF29F5E789002804EB /* ContentView.swift */,
				B78DA96B2A0312F1002343AB /* HelpPopup.swift */,
				B78DA95E2A02AF01002343AB /* InstructionsPopup.swift */,
				B78EAF5D2A108516003095A2 /* Lists */,
				B7AED3702A0AC0420013E8D9 /* SageMultiViewModel.swift */,
				B78DA97B2A06F3E4002343AB /* Settings */,
				B78DA97F2A070EC9002343AB /* WindowView.swift */,
			);
			path = ViewViewModel;
			sourceTree = "<group>";
		};
		B746DFC129F5E789002804EB = {
			isa = PBXGroup;
			children = (
				B746DFCC29F5E789002804EB /* SwiftSageiOS */,
				B767E9BA29F6DAED003EC13F /* LocalConsole */,
				B74A2CA329F7F6990051DB52 /* Starscream */,
				B7191EF429F9F09A00078D8D /* Sourceful */,
				B746DFCB29F5E789002804EB /* Products */,
				B748C2ED29F5EA4C000F5F14 /* Frameworks */,
			);
			sourceTree = "<group>";
		};
		B746DFCB29F5E789002804EB /* Products */ = {
			isa = PBXGroup;
			children = (
				B746DFCA29F5E789002804EB /* LogicSageDev.app */,
			);
			name = Products;
			sourceTree = "<group>";
		};
		B746DFCC29F5E789002804EB /* SwiftSageiOS */ = {
			isa = PBXGroup;
			children = (
				B746DFD129F5E78A002804EB /* Assets.xcassets */,
				B71C62EB2A00312A004296E4 /* BGHandler.swift */,
				B71C62E229FE0FF2004296E4 /* Code.swift */,
				B71C62F32A018B4A004296E4 /* Command */,
				B78DA9852A07FEC1002343AB /* CommitDownloader.swift */,
				B71C62F62A018C4F004296E4 /* Config */,
				B748C2FA29F5FF4A000F5F14 /* Info.plist */,
				B78DA9602A02AF3A002343AB /* Loading */,
				B7F3A11529F74C9E0006C837 /* NetServiceBrowserWrapper.swift */,
				B746DFD429F5E78A002804EB /* Preview Content */,
				B7C11F2A2A01C62500701721 /* PTTWrapper.swift */,
				B71C62DE29FCAD3E004296E4 /* Screamer.swift */,
				B71C62E029FDE0D7004296E4 /* Speak.swift */,
				B71C62E429FEB794004296E4 /* SpeechRecog.swift */,
				B746DFD329F5E78A002804EB /* SwiftSageiOS.entitlements */,
				B746DFCD29F5E789002804EB /* SwiftSageiOSApp.swift */,
				B71C62ED2A00333C004296E4 /* SwiftSageiOSAppDelegate.swift */,
				B78DA97C2A06F401002343AB /* Utilities */,
				B72645312A0E814D00AE3668 /* ViewViewModel */,
				B78DA97D2A0707DB002343AB /* WindowManager.swift */,
			);
			path = SwiftSageiOS;
			sourceTree = "<group>";
		};
		B746DFD429F5E78A002804EB /* Preview Content */ = {
			isa = PBXGroup;
			children = (
				B746DFD529F5E78A002804EB /* Preview Assets.xcassets */,
			);
			path = "Preview Content";
			sourceTree = "<group>";
		};
		B748C2ED29F5EA4C000F5F14 /* Frameworks */ = {
			isa = PBXGroup;
			children = (
				B71C62E629FEB7BB004296E4 /* Speech.framework */,
				B748C2EE29F5EA4C000F5F14 /* MultipeerConnectivity.framework */,
			);
			name = Frameworks;
			sourceTree = "<group>";
		};
		B74A2CA329F7F6990051DB52 /* Starscream */ = {
			isa = PBXGroup;
			children = (
				B74A2CA429F7F6990051DB52 /* Transport */,
				B74A2CA829F7F6990051DB52 /* Security */,
				B74A2CAB29F7F6990051DB52 /* DataBytes */,
				B74A2CAD29F7F6990051DB52 /* Server */,
				B74A2CB029F7F6990051DB52 /* Starscream.h */,
				B74A2CB129F7F6990051DB52 /* Framer */,
				B74A2CB829F7F6990051DB52 /* Compression */,
				B74A2CBB29F7F6990051DB52 /* Starscream */,
				B74A2CBD29F7F6990051DB52 /* Engine */,
			);
			path = Starscream;
			sourceTree = "<group>";
		};
		B74A2CA429F7F6990051DB52 /* Transport */ = {
			isa = PBXGroup;
			children = (
				B74A2CA529F7F6990051DB52 /* Transport.swift */,
				B74A2CA629F7F6990051DB52 /* FoundationTransport.swift */,
				B74A2CA729F7F6990051DB52 /* TCPTransport.swift */,
			);
			path = Transport;
			sourceTree = "<group>";
		};
		B74A2CA829F7F6990051DB52 /* Security */ = {
			isa = PBXGroup;
			children = (
				B74A2CA929F7F6990051DB52 /* Security.swift */,
				B74A2CAA29F7F6990051DB52 /* FoundationSecurity.swift */,
			);
			path = Security;
			sourceTree = "<group>";
		};
		B74A2CAB29F7F6990051DB52 /* DataBytes */ = {
			isa = PBXGroup;
			children = (
				B74A2CAC29F7F6990051DB52 /* Data+Extensions.swift */,
			);
			path = DataBytes;
			sourceTree = "<group>";
		};
		B74A2CAD29F7F6990051DB52 /* Server */ = {
			isa = PBXGroup;
			children = (
				B74A2CAE29F7F6990051DB52 /* Server.swift */,
				B74A2CAF29F7F6990051DB52 /* WebSocketServer.swift */,
			);
			path = Server;
			sourceTree = "<group>";
		};
		B74A2CB129F7F6990051DB52 /* Framer */ = {
			isa = PBXGroup;
			children = (
				B74A2CB229F7F6990051DB52 /* FoundationHTTPHandler.swift */,
				B74A2CB329F7F6990051DB52 /* HTTPHandler.swift */,
				B74A2CB429F7F6990051DB52 /* FrameCollector.swift */,
				B74A2CB529F7F6990051DB52 /* StringHTTPHandler.swift */,
				B74A2CB629F7F6990051DB52 /* FoundationHTTPServerHandler.swift */,
				B74A2CB729F7F6990051DB52 /* Framer.swift */,
			);
			path = Framer;
			sourceTree = "<group>";
		};
		B74A2CB829F7F6990051DB52 /* Compression */ = {
			isa = PBXGroup;
			children = (
				B74A2CB929F7F6990051DB52 /* Compression.swift */,
				B74A2CBA29F7F6990051DB52 /* WSCompression.swift */,
			);
			path = Compression;
			sourceTree = "<group>";
		};
		B74A2CBB29F7F6990051DB52 /* Starscream */ = {
			isa = PBXGroup;
			children = (
				B74A2CBC29F7F6990051DB52 /* WebSocket.swift */,
			);
			path = Starscream;
			sourceTree = "<group>";
		};
		B74A2CBD29F7F6990051DB52 /* Engine */ = {
			isa = PBXGroup;
			children = (
				B74A2CBE29F7F6990051DB52 /* Engine.swift */,
				B74A2CBF29F7F6990051DB52 /* NativeEngine.swift */,
				B74A2CC029F7F6990051DB52 /* WSEngine.swift */,
			);
			path = Engine;
			sourceTree = "<group>";
		};
		B767E9BA29F6DAED003EC13F /* LocalConsole */ = {
			isa = PBXGroup;
			children = (
				B70D33042A10230F00D7290E /* LocalConsoleExtensions.swift */,
				B767E9BB29F6DAED003EC13F /* ResizeController.swift */,
				B767E9BC29F6DAED003EC13F /* LCManager.swift */,
				B767E9BD29F6DAED003EC13F /* GestureEndpointPredictor.swift */,
				B767E9BE29F6DAED003EC13F /* SystemReport.swift */,
				B767E9C029F6DAED003EC13F /* BorderManager.swift */,
			);
			path = LocalConsole;
			sourceTree = "<group>";
		};
		B78DA9602A02AF3A002343AB /* Loading */ = {
			isa = PBXGroup;
			children = (
				B78DA9612A02AF3A002343AB /* AsciiAnimator.swift */,
				B78DA9622A02AF3A002343AB /* SpinnerThread.swift */,
				B78DA9632A02AF3A002343AB /* Loading.swift */,
				B78DA9642A02AF3A002343AB /* AsciiText.swift */,
			);
			path = Loading;
			sourceTree = "<group>";
		};
		B78DA97B2A06F3E4002343AB /* Settings */ = {
			isa = PBXGroup;
			children = (
				B737F40A29F837CE00E57577 /* SettingsVIew.swift */,
				B737F40C29F8395B00E57577 /* SettingsViewModel.swift */,
				B78DA9872A07FEF3002343AB /* Settings+Github.swift */,
				B78DA9832A0785E2002343AB /* RepoDownloader.swift */,
			);
			path = Settings;
			sourceTree = "<group>";
		};
		B78DA97C2A06F401002343AB /* Utilities */ = {
			isa = PBXGroup;
			children = (
				B7EF2A2A2A0C2D620048CFFC /* View+Keyboard.swift */,
				B729B14129F9B25600BA6752 /* UIColorExt.swift */,
				B78DA9732A04A083002343AB /* KeychainManager.swift */,
			);
			path = Utilities;
			sourceTree = "<group>";
		};
		B78EAF5D2A108516003095A2 /* Lists */ = {
			isa = PBXGroup;
			children = (
				B78DA9752A04A0A5002343AB /* RepositoryTreeView.swift */,
				B78DA9892A080037002343AB /* WindowList.swift */,
			);
			name = Lists;
			sourceTree = "<group>";
		};
/* End PBXGroup section */

/* Begin PBXNativeTarget section */
		B746DFC929F5E789002804EB /* SwiftSageiOS */ = {
			isa = PBXNativeTarget;
			buildConfigurationList = B746DFD929F5E78A002804EB /* Build configuration list for PBXNativeTarget "SwiftSageiOS" */;
			buildPhases = (
				B746DFC629F5E789002804EB /* Sources */,
				B746DFC729F5E789002804EB /* Frameworks */,
				B746DFC829F5E789002804EB /* Resources */,
			);
			buildRules = (
			);
			dependencies = (
			);
			name = SwiftSageiOS;
			packageProductDependencies = (
				B70D330A2A10282A00D7290E /* ZIPFoundation */,
			);
			productName = SwiftSageiOS;
			productReference = B746DFCA29F5E789002804EB /* LogicSageDev.app */;
			productType = "com.apple.product-type.application";
		};
/* End PBXNativeTarget section */

/* Begin PBXProject section */
		B746DFC229F5E789002804EB /* Project object */ = {
			isa = PBXProject;
			attributes = {
				BuildIndependentTargetsInParallel = 1;
				LastSwiftUpdateCheck = 1430;
				LastUpgradeCheck = 1430;
				TargetAttributes = {
					B746DFC929F5E789002804EB = {
						CreatedOnToolsVersion = 14.3;
					};
				};
			};
			buildConfigurationList = B746DFC529F5E789002804EB /* Build configuration list for PBXProject "SwiftSageiOS" */;
			compatibilityVersion = "Xcode 14.0";
			developmentRegion = en;
			hasScannedForEncodings = 0;
			knownRegions = (
				en,
				Base,
			);
			mainGroup = B746DFC129F5E789002804EB;
			packageReferences = (
				B70D33092A10282A00D7290E /* XCRemoteSwiftPackageReference "ZIPFoundation" */,
			);
			productRefGroup = B746DFCB29F5E789002804EB /* Products */;
			projectDirPath = "";
			projectRoot = "";
			targets = (
				B746DFC929F5E789002804EB /* SwiftSageiOS */,
			);
		};
/* End PBXProject section */

/* Begin PBXResourcesBuildPhase section */
		B746DFC829F5E789002804EB /* Resources */ = {
			isa = PBXResourcesBuildPhase;
			buildActionMask = 2147483647;
			files = (
				B746DFD629F5E78A002804EB /* Preview Assets.xcassets in Resources */,
				B746DFD229F5E78A002804EB /* Assets.xcassets in Resources */,
			);
			runOnlyForDeploymentPostprocessing = 0;
		};
/* End PBXResourcesBuildPhase section */

/* Begin PBXSourcesBuildPhase section */
		B746DFC629F5E789002804EB /* Sources */ = {
			isa = PBXSourcesBuildPhase;
			buildActionMask = 2147483647;
			files = (
				B74A2CC229F7F6990051DB52 /* Transport.swift in Sources */,
				B78DA9842A0785E2002343AB /* RepoDownloader.swift in Sources */,
				B71C62E129FDE0D7004296E4 /* Speak.swift in Sources */,
				B7191F1929F9F09A00078D8D /* Types.swift in Sources */,
				B74A2CC429F7F6990051DB52 /* TCPTransport.swift in Sources */,
				B71C62EC2A00312A004296E4 /* BGHandler.swift in Sources */,
				B71C62F52A018B5B004296E4 /* GPTCommand.swift in Sources */,
				B7191F2F29F9F09A00078D8D /* DefaultSourceCodeTheme.swift in Sources */,
				B71C62F82A018C6D004296E4 /* Reset.swift in Sources */,
				B7191F1C29F9F09A00078D8D /* OCamlLexer.swift in Sources */,
				B7EFB8692A0F57A700D6E2A6 /* TopBar.swift in Sources */,
				B74A2CC629F7F6990051DB52 /* FoundationSecurity.swift in Sources */,
				B7191F3029F9F09A00078D8D /* SourceCodeTextEditor.swift in Sources */,
				B7191F2429F9F09A00078D8D /* Token.swift in Sources */,
				B70D33052A10230F00D7290E /* LocalConsoleExtensions.swift in Sources */,
				B78DA9682A02AF3A002343AB /* AsciiText.swift in Sources */,
				B71C62EE2A00333C004296E4 /* SwiftSageiOSAppDelegate.swift in Sources */,
				B767E9C329F6DAED003EC13F /* GestureEndpointPredictor.swift in Sources */,
				B74A2CD129F7F6990051DB52 /* WSCompression.swift in Sources */,
				B71C62E529FEB794004296E4 /* SpeechRecog.swift in Sources */,
				B7191F2629F9F09A00078D8D /* SyntaxTextView.swift in Sources */,
				B7191F1A29F9F09A00078D8D /* NSMutableAttributedString+Tokens.swift in Sources */,
				B7191F1D29F9F09A00078D8D /* SwiftLexer.swift in Sources */,
				B78DA9742A04A083002343AB /* KeychainManager.swift in Sources */,
				B78DA9662A02AF3A002343AB /* SpinnerThread.swift in Sources */,
				B74A2CC329F7F6990051DB52 /* FoundationTransport.swift in Sources */,
				B74A2CCD29F7F6990051DB52 /* StringHTTPHandler.swift in Sources */,
				B7191F2B29F9F09A00078D8D /* SyntaxTextViewLayoutManager.swift in Sources */,
				B74A2CC829F7F6990051DB52 /* Server.swift in Sources */,
				B74A2CC729F7F6990051DB52 /* Data+Extensions.swift in Sources */,
				B75B329329FA11870049EB55 /* AddView.swift in Sources */,
				B78DA9802A070EC9002343AB /* WindowView.swift in Sources */,
				B7191F2029F9F09A00078D8D /* ASTVisualizer.swift in Sources */,
				B78DA9862A07FEC1002343AB /* CommitDownloader.swift in Sources */,
				B7EFB8682A0F57A700D6E2A6 /* SageMultiView.swift in Sources */,
				B74A2CD229F7F6990051DB52 /* WebSocket.swift in Sources */,
				B74A2CCB29F7F6990051DB52 /* HTTPHandler.swift in Sources */,
				B78DA9652A02AF3A002343AB /* AsciiAnimator.swift in Sources */,
				B7191F2329F9F09A00078D8D /* SyntaxColorTheme.swift in Sources */,
				B7F3A11929F75EAB0006C837 /* CommandButton.swift in Sources */,
				B71C62FC2A0190AA004296E4 /* Googler.swift in Sources */,
				B767E9C129F6DAED003EC13F /* ResizeController.swift in Sources */,
				B71C63002A01924B004296E4 /* CommandTable.swift in Sources */,
				B7191F1629F9F09A00078D8D /* SourceCodeRegexLexer.swift in Sources */,
				B7191F2829F9F09A00078D8D /* InnerTextView.swift in Sources */,
				B7191F2929F9F09A00078D8D /* TextViewWrapperView.swift in Sources */,
				B78DA96C2A0312F1002343AB /* HelpPopup.swift in Sources */,
				B7191F2C29F9F09A00078D8D /* Paragraphs.swift in Sources */,
				B737F40B29F837CE00E57577 /* SettingsVIew.swift in Sources */,
				B71C62E329FE0FF2004296E4 /* Code.swift in Sources */,
				B7191F2A29F9F09A00078D8D /* LineNumberLayoutManager.swift in Sources */,
				B746DFD029F5E789002804EB /* ContentView.swift in Sources */,
				B78DA9672A02AF3A002343AB /* Loading.swift in Sources */,
				B74A2CCC29F7F6990051DB52 /* FrameCollector.swift in Sources */,
				B78DA98A2A080037002343AB /* WindowList.swift in Sources */,
				B767E9C629F6DAED003EC13F /* BorderManager.swift in Sources */,
				B767E9C229F6DAED003EC13F /* LCManager.swift in Sources */,
				B74A2CC529F7F6990051DB52 /* Security.swift in Sources */,
				B7191F2129F9F09A00078D8D /* Lexer.swift in Sources */,
				B7191F2D29F9F09A00078D8D /* SourceCodeTheme.swift in Sources */,
				B746DFCE29F5E789002804EB /* SwiftSageiOSApp.swift in Sources */,
				B78DA9882A07FEF3002343AB /* Settings+Github.swift in Sources */,
				B7EF2A2B2A0C2D620048CFFC /* View+Keyboard.swift in Sources */,
				B74A2CD029F7F6990051DB52 /* Compression.swift in Sources */,
				B78DA9762A04A0A5002343AB /* RepositoryTreeView.swift in Sources */,
				B7C11F2B2A01C62500701721 /* PTTWrapper.swift in Sources */,
				B7AED3712A0AC0420013E8D9 /* SageMultiViewModel.swift in Sources */,
				B71C62FA2A018D0E004296E4 /* GPT.swift in Sources */,
				B7191F2229F9F09A00078D8D /* Paragraph.swift in Sources */,
				B7191F2729F9F09A00078D8D /* SyntaxTextView+TextViewDelegate.swift in Sources */,
				B7191F1F29F9F09A00078D8D /* JavaScriptLexer.swift in Sources */,
				B7191F1E29F9F09A00078D8D /* JavaLexer.swift in Sources */,
				B7191F2529F9F09A00078D8D /* RegexLexer.swift in Sources */,
				B767E9C429F6DAED003EC13F /* SystemReport.swift in Sources */,
				B74A2CCA29F7F6990051DB52 /* FoundationHTTPHandler.swift in Sources */,
				B71C62DF29FCAD3E004296E4 /* Screamer.swift in Sources */,
				B729B14229F9B25600BA6752 /* UIColorExt.swift in Sources */,
				B7191F1729F9F09A00078D8D /* String+Range.swift in Sources */,
				B7191F1829F9F09A00078D8D /* NSTextView+UIKit.swift in Sources */,
				B74A2CD529F7F6990051DB52 /* WSEngine.swift in Sources */,
				B7191F1B29F9F09A00078D8D /* Python3Lexer.swift in Sources */,
				B7191F2E29F9F09A00078D8D /* SourceCodeToken.swift in Sources */,
				B78DA95F2A02AF01002343AB /* InstructionsPopup.swift in Sources */,
				B74A2CD429F7F6990051DB52 /* NativeEngine.swift in Sources */,
				B74A2CD329F7F6990051DB52 /* Engine.swift in Sources */,
				B71C62FE2A019144004296E4 /* LocalCommand.swift in Sources */,
				B74A2CC929F7F6990051DB52 /* WebSocketServer.swift in Sources */,
				B7F3A11629F74C9E0006C837 /* NetServiceBrowserWrapper.swift in Sources */,
				B74A2CCF29F7F6990051DB52 /* Framer.swift in Sources */,
				B74A2CCE29F7F6990051DB52 /* FoundationHTTPServerHandler.swift in Sources */,
				B737F40D29F8395B00E57577 /* SettingsViewModel.swift in Sources */,
				B78DA97E2A0707DB002343AB /* WindowManager.swift in Sources */,
			);
			runOnlyForDeploymentPostprocessing = 0;
		};
/* End PBXSourcesBuildPhase section */

/* Begin XCBuildConfiguration section */
		B746DFD729F5E78A002804EB /* Debug */ = {
			isa = XCBuildConfiguration;
			buildSettings = {
				ALWAYS_SEARCH_USER_PATHS = NO;
				CLANG_ANALYZER_NONNULL = YES;
				CLANG_ANALYZER_NUMBER_OBJECT_CONVERSION = YES_AGGRESSIVE;
				CLANG_CXX_LANGUAGE_STANDARD = "gnu++20";
				CLANG_ENABLE_MODULES = YES;
				CLANG_ENABLE_OBJC_ARC = YES;
				CLANG_ENABLE_OBJC_WEAK = YES;
				CLANG_WARN_BLOCK_CAPTURE_AUTORELEASING = YES;
				CLANG_WARN_BOOL_CONVERSION = YES;
				CLANG_WARN_COMMA = YES;
				CLANG_WARN_CONSTANT_CONVERSION = YES;
				CLANG_WARN_DEPRECATED_OBJC_IMPLEMENTATIONS = YES;
				CLANG_WARN_DIRECT_OBJC_ISA_USAGE = YES_ERROR;
				CLANG_WARN_DOCUMENTATION_COMMENTS = YES;
				CLANG_WARN_EMPTY_BODY = YES;
				CLANG_WARN_ENUM_CONVERSION = YES;
				CLANG_WARN_INFINITE_RECURSION = YES;
				CLANG_WARN_INT_CONVERSION = YES;
				CLANG_WARN_NON_LITERAL_NULL_CONVERSION = YES;
				CLANG_WARN_OBJC_IMPLICIT_RETAIN_SELF = YES;
				CLANG_WARN_OBJC_LITERAL_CONVERSION = YES;
				CLANG_WARN_OBJC_ROOT_CLASS = YES_ERROR;
				CLANG_WARN_QUOTED_INCLUDE_IN_FRAMEWORK_HEADER = YES;
				CLANG_WARN_RANGE_LOOP_ANALYSIS = YES;
				CLANG_WARN_STRICT_PROTOTYPES = YES;
				CLANG_WARN_SUSPICIOUS_MOVE = YES;
				CLANG_WARN_UNGUARDED_AVAILABILITY = YES_AGGRESSIVE;
				CLANG_WARN_UNREACHABLE_CODE = YES;
				CLANG_WARN__DUPLICATE_METHOD_MATCH = YES;
				COPY_PHASE_STRIP = NO;
				DEBUG_INFORMATION_FORMAT = dwarf;
				ENABLE_STRICT_OBJC_MSGSEND = YES;
				ENABLE_TESTABILITY = YES;
				GCC_C_LANGUAGE_STANDARD = gnu11;
				GCC_DYNAMIC_NO_PIC = NO;
				GCC_NO_COMMON_BLOCKS = YES;
				GCC_OPTIMIZATION_LEVEL = 0;
				GCC_PREPROCESSOR_DEFINITIONS = (
					"DEBUG=1",
					"$(inherited)",
				);
				GCC_WARN_64_TO_32_BIT_CONVERSION = YES;
				GCC_WARN_ABOUT_RETURN_TYPE = YES_ERROR;
				GCC_WARN_UNDECLARED_SELECTOR = YES;
				GCC_WARN_UNINITIALIZED_AUTOS = YES_AGGRESSIVE;
				GCC_WARN_UNUSED_FUNCTION = YES;
				GCC_WARN_UNUSED_VARIABLE = YES;
				MTL_ENABLE_DEBUG_INFO = INCLUDE_SOURCE;
				MTL_FAST_MATH = YES;
				ONLY_ACTIVE_ARCH = YES;
				SWIFT_ACTIVE_COMPILATION_CONDITIONS = DEBUG;
				SWIFT_OPTIMIZATION_LEVEL = "-Onone";
			};
			name = Debug;
		};
		B746DFD829F5E78A002804EB /* Release */ = {
			isa = XCBuildConfiguration;
			buildSettings = {
				ALWAYS_SEARCH_USER_PATHS = NO;
				CLANG_ANALYZER_NONNULL = YES;
				CLANG_ANALYZER_NUMBER_OBJECT_CONVERSION = YES_AGGRESSIVE;
				CLANG_CXX_LANGUAGE_STANDARD = "gnu++20";
				CLANG_ENABLE_MODULES = YES;
				CLANG_ENABLE_OBJC_ARC = YES;
				CLANG_ENABLE_OBJC_WEAK = YES;
				CLANG_WARN_BLOCK_CAPTURE_AUTORELEASING = YES;
				CLANG_WARN_BOOL_CONVERSION = YES;
				CLANG_WARN_COMMA = YES;
				CLANG_WARN_CONSTANT_CONVERSION = YES;
				CLANG_WARN_DEPRECATED_OBJC_IMPLEMENTATIONS = YES;
				CLANG_WARN_DIRECT_OBJC_ISA_USAGE = YES_ERROR;
				CLANG_WARN_DOCUMENTATION_COMMENTS = YES;
				CLANG_WARN_EMPTY_BODY = YES;
				CLANG_WARN_ENUM_CONVERSION = YES;
				CLANG_WARN_INFINITE_RECURSION = YES;
				CLANG_WARN_INT_CONVERSION = YES;
				CLANG_WARN_NON_LITERAL_NULL_CONVERSION = YES;
				CLANG_WARN_OBJC_IMPLICIT_RETAIN_SELF = YES;
				CLANG_WARN_OBJC_LITERAL_CONVERSION = YES;
				CLANG_WARN_OBJC_ROOT_CLASS = YES_ERROR;
				CLANG_WARN_QUOTED_INCLUDE_IN_FRAMEWORK_HEADER = YES;
				CLANG_WARN_RANGE_LOOP_ANALYSIS = YES;
				CLANG_WARN_STRICT_PROTOTYPES = YES;
				CLANG_WARN_SUSPICIOUS_MOVE = YES;
				CLANG_WARN_UNGUARDED_AVAILABILITY = YES_AGGRESSIVE;
				CLANG_WARN_UNREACHABLE_CODE = YES;
				CLANG_WARN__DUPLICATE_METHOD_MATCH = YES;
				COPY_PHASE_STRIP = NO;
				DEBUG_INFORMATION_FORMAT = "dwarf-with-dsym";
				ENABLE_NS_ASSERTIONS = NO;
				ENABLE_STRICT_OBJC_MSGSEND = YES;
				GCC_C_LANGUAGE_STANDARD = gnu11;
				GCC_NO_COMMON_BLOCKS = YES;
				GCC_WARN_64_TO_32_BIT_CONVERSION = YES;
				GCC_WARN_ABOUT_RETURN_TYPE = YES_ERROR;
				GCC_WARN_UNDECLARED_SELECTOR = YES;
				GCC_WARN_UNINITIALIZED_AUTOS = YES_AGGRESSIVE;
				GCC_WARN_UNUSED_FUNCTION = YES;
				GCC_WARN_UNUSED_VARIABLE = YES;
				MTL_ENABLE_DEBUG_INFO = NO;
				MTL_FAST_MATH = YES;
				SWIFT_COMPILATION_MODE = wholemodule;
				SWIFT_OPTIMIZATION_LEVEL = "-O";
			};
			name = Release;
		};
		B746DFDA29F5E78A002804EB /* Debug */ = {
			isa = XCBuildConfiguration;
			buildSettings = {
				ASSETCATALOG_COMPILER_APPICON_NAME = AppIconDev;
				ASSETCATALOG_COMPILER_GLOBAL_ACCENT_COLOR_NAME = AccentColor;
				CODE_SIGN_ENTITLEMENTS = SwiftSageiOS/SwiftSageiOS.entitlements;
				"CODE_SIGN_IDENTITY[sdk=macosx*]" = "Mac Developer";
				CODE_SIGN_STYLE = Manual;
				CURRENT_PROJECT_VERSION = 1;
				DEVELOPMENT_ASSET_PATHS = "\"SwiftSageiOS/Preview Content\"";
				DEVELOPMENT_TEAM = "";
				"DEVELOPMENT_TEAM[sdk=iphoneos*]" = 72WEN2C47N;
				"DEVELOPMENT_TEAM[sdk=macosx*]" = 72WEN2C47N;
				ENABLE_HARDENED_RUNTIME = YES;
				"ENABLE_HARDENED_RUNTIME[sdk=macosx*]" = YES;
				ENABLE_PREVIEWS = YES;
				GENERATE_INFOPLIST_FILE = YES;
				INFOPLIST_FILE = SwiftSageiOS/Info.plist;
				INFOPLIST_KEY_CFBundleDisplayName = LogicSageDev;
				INFOPLIST_KEY_LSApplicationCategoryType = "public.app-category.entertainment";
				INFOPLIST_KEY_NSAppleEventsUsageDescription = "To communicate with your computer.";
				INFOPLIST_KEY_NSLocalNetworkUsageDescription = "To receive and send messages to SwiftSage";
				INFOPLIST_KEY_NSMicrophoneUsageDescription = "SwiftSage uses your mic to capture commands";
				INFOPLIST_KEY_NSSpeechRecognitionUsageDescription = "SwiftSage uses your mic and speech recognition to capture commands";
				"INFOPLIST_KEY_UIApplicationSceneManifest_Generation[sdk=iphoneos*]" = YES;
				"INFOPLIST_KEY_UIApplicationSceneManifest_Generation[sdk=iphonesimulator*]" = YES;
				"INFOPLIST_KEY_UIApplicationSupportsIndirectInputEvents[sdk=iphoneos*]" = YES;
				"INFOPLIST_KEY_UIApplicationSupportsIndirectInputEvents[sdk=iphonesimulator*]" = YES;
				"INFOPLIST_KEY_UILaunchScreen_Generation[sdk=iphoneos*]" = YES;
				"INFOPLIST_KEY_UILaunchScreen_Generation[sdk=iphonesimulator*]" = YES;
				"INFOPLIST_KEY_UIStatusBarStyle[sdk=iphoneos*]" = UIStatusBarStyleDefault;
				"INFOPLIST_KEY_UIStatusBarStyle[sdk=iphonesimulator*]" = UIStatusBarStyleDefault;
				INFOPLIST_KEY_UISupportedInterfaceOrientations = "UIInterfaceOrientationLandscapeLeft UIInterfaceOrientationLandscapeRight UIInterfaceOrientationPortrait";
				INFOPLIST_KEY_UISupportedInterfaceOrientations_iPad = "UIInterfaceOrientationLandscapeLeft UIInterfaceOrientationLandscapeRight UIInterfaceOrientationPortrait UIInterfaceOrientationPortraitUpsideDown";
				IPHONEOS_DEPLOYMENT_TARGET = 16.0;
				LD_RUNPATH_SEARCH_PATHS = "@executable_path/Frameworks";
				"LD_RUNPATH_SEARCH_PATHS[sdk=macosx*]" = "@executable_path/../Frameworks";
				MACOSX_DEPLOYMENT_TARGET = 13.0;
				MARKETING_VERSION = 1.1.4;
				PRODUCT_BUNDLE_IDENTIFIER = com.chrisdillard.SwiftSageDev;
				PRODUCT_NAME = LogicSageDev;
				PROVISIONING_PROFILE_SPECIFIER = "";
				"PROVISIONING_PROFILE_SPECIFIER[sdk=iphoneos*]" = LogicSageDev;
				"PROVISIONING_PROFILE_SPECIFIER[sdk=macosx*]" = MacDevelopment;
				SDKROOT = auto;
				SUPPORTED_PLATFORMS = "iphoneos iphonesimulator macosx";
				SWIFT_EMIT_LOC_STRINGS = YES;
				SWIFT_VERSION = 5.0;
				TARGETED_DEVICE_FAMILY = "1,2";
			};
			name = Debug;
		};
		B746DFDB29F5E78A002804EB /* Release */ = {
			isa = XCBuildConfiguration;
			buildSettings = {
				ASSETCATALOG_COMPILER_APPICON_NAME = AppIcon;
				ASSETCATALOG_COMPILER_GLOBAL_ACCENT_COLOR_NAME = AccentColor;
				CODE_SIGN_ENTITLEMENTS = SwiftSageiOS/SwiftSageiOS.entitlements;
				CODE_SIGN_STYLE = Automatic;
				CURRENT_PROJECT_VERSION = 1;
				DEVELOPMENT_ASSET_PATHS = "\"SwiftSageiOS/Preview Content\"";
				DEVELOPMENT_TEAM = 72WEN2C47N;
				ENABLE_HARDENED_RUNTIME = YES;
				"ENABLE_HARDENED_RUNTIME[sdk=macosx*]" = YES;
				ENABLE_PREVIEWS = YES;
				GENERATE_INFOPLIST_FILE = YES;
				INFOPLIST_FILE = SwiftSageiOS/Info.plist;
				INFOPLIST_KEY_CFBundleDisplayName = LogicSage;
				INFOPLIST_KEY_LSApplicationCategoryType = "public.app-category.entertainment";
				INFOPLIST_KEY_NSAppleEventsUsageDescription = "To communicate with your computer.";
				INFOPLIST_KEY_NSLocalNetworkUsageDescription = "To receive and send messages to SwiftSage";
				INFOPLIST_KEY_NSMicrophoneUsageDescription = "SwiftSage uses your mic to capture commands";
				INFOPLIST_KEY_NSSpeechRecognitionUsageDescription = "SwiftSage uses your mic and speech recognition to capture commands";
				"INFOPLIST_KEY_UIApplicationSceneManifest_Generation[sdk=iphoneos*]" = YES;
				"INFOPLIST_KEY_UIApplicationSceneManifest_Generation[sdk=iphonesimulator*]" = YES;
				"INFOPLIST_KEY_UIApplicationSupportsIndirectInputEvents[sdk=iphoneos*]" = YES;
				"INFOPLIST_KEY_UIApplicationSupportsIndirectInputEvents[sdk=iphonesimulator*]" = YES;
				"INFOPLIST_KEY_UILaunchScreen_Generation[sdk=iphoneos*]" = YES;
				"INFOPLIST_KEY_UILaunchScreen_Generation[sdk=iphonesimulator*]" = YES;
				"INFOPLIST_KEY_UIStatusBarStyle[sdk=iphoneos*]" = UIStatusBarStyleDefault;
				"INFOPLIST_KEY_UIStatusBarStyle[sdk=iphonesimulator*]" = UIStatusBarStyleDefault;
				INFOPLIST_KEY_UISupportedInterfaceOrientations = "UIInterfaceOrientationLandscapeLeft UIInterfaceOrientationLandscapeRight UIInterfaceOrientationPortrait";
				INFOPLIST_KEY_UISupportedInterfaceOrientations_iPad = "UIInterfaceOrientationLandscapeLeft UIInterfaceOrientationLandscapeRight UIInterfaceOrientationPortrait UIInterfaceOrientationPortraitUpsideDown";
				IPHONEOS_DEPLOYMENT_TARGET = 16.0;
				LD_RUNPATH_SEARCH_PATHS = "@executable_path/Frameworks";
				"LD_RUNPATH_SEARCH_PATHS[sdk=macosx*]" = "@executable_path/../Frameworks";
				MACOSX_DEPLOYMENT_TARGET = 13.0;
				MARKETING_VERSION = 1.1.4;
				PRODUCT_BUNDLE_IDENTIFIER = com.chrisdillard.SwiftSage;
				PRODUCT_NAME = LogicSage;
				SDKROOT = auto;
				SUPPORTED_PLATFORMS = "iphoneos iphonesimulator macosx";
				SWIFT_EMIT_LOC_STRINGS = YES;
				SWIFT_VERSION = 5.0;
				TARGETED_DEVICE_FAMILY = "1,2";
			};
			name = Release;
		};
/* End XCBuildConfiguration section */

/* Begin XCConfigurationList section */
		B746DFC529F5E789002804EB /* Build configuration list for PBXProject "SwiftSageiOS" */ = {
			isa = XCConfigurationList;
			buildConfigurations = (
				B746DFD729F5E78A002804EB /* Debug */,
				B746DFD829F5E78A002804EB /* Release */,
			);
			defaultConfigurationIsVisible = 0;
			defaultConfigurationName = Release;
		};
		B746DFD929F5E78A002804EB /* Build configuration list for PBXNativeTarget "SwiftSageiOS" */ = {
			isa = XCConfigurationList;
			buildConfigurations = (
				B746DFDA29F5E78A002804EB /* Debug */,
				B746DFDB29F5E78A002804EB /* Release */,
			);
			defaultConfigurationIsVisible = 0;
			defaultConfigurationName = Release;
		};
/* End XCConfigurationList section */

/* Begin XCRemoteSwiftPackageReference section */
		B70D33092A10282A00D7290E /* XCRemoteSwiftPackageReference "ZIPFoundation" */ = {
			isa = XCRemoteSwiftPackageReference;
			repositoryURL = "https://github.com/weichsel/ZIPFoundation.git";
			requirement = {
				kind = upToNextMinorVersion;
				minimumVersion = 0.9.16;
			};
		};
/* End XCRemoteSwiftPackageReference section */

/* Begin XCSwiftPackageProductDependency section */
		B70D330A2A10282A00D7290E /* ZIPFoundation */ = {
			isa = XCSwiftPackageProductDependency;
			package = B70D33092A10282A00D7290E /* XCRemoteSwiftPackageReference "ZIPFoundation" */;
			productName = ZIPFoundation;
		};
/* End XCSwiftPackageProductDependency section */
	};
	rootObject = B746DFC229F5E789002804EB /* Project object */;
}
